PODS:
  - Crashlytics (3.8.2):
    - Fabric (~> 1.6.3)
  - DevMateKit (1.7.1)
  - Fabric (1.6.7)
  - MASPreferences (1.3)

DEPENDENCIES:
  - Crashlytics
  - DevMateKit (~> 1.7)
  - Fabric
  - MASPreferences

SPEC CHECKSUMS:
  Crashlytics: 27acca95a01b042a8294291dd6dff27f8f6af6d7
  DevMateKit: 3ba77083f5faa40266e0d2d70776de2a82c71dd0
  Fabric: caf7580c725e64db144f610ac65cd60956911dc7
  MASPreferences: c08b8622dd17b47da87669e741efd7c92e970e8c

PODFILE CHECKSUM: 94d5ac03cccb2fbbec37784a616cbbf24ede4fb0

COCOAPODS: 1.4.0
