PODS:
  - Crashlytics (3.8.2):
    - Fabric (~> 1.6.3)
  - DevMateKit (1.7.1)
  - Fabric (1.6.7)

DEPENDENCIES:
  - Crashlytics
  - DevMateKit (~> 1.7)
  - Fabric

SPEC CHECKSUMS:
  Crashlytics: 27acca95a01b042a8294291dd6dff27f8f6af6d7
  DevMateKit: 3ba77083f5faa40266e0d2d70776de2a82c71dd0
  Fabric: caf7580c725e64db144f610ac65cd60956911dc7

PODFILE CHECKSUM: 9132095c9e31ea355f1eb35d39d3d0625feea894

COCOAPODS: 1.4.0.beta.1
