// !$*UTF8*$!
{
	archiveVersion = 1;
	classes = {
	};
	objectVersion = 46;
	objects = {

/* Begin PBXBuildFile section */
		1D06C9D716979F0F0022F6D2 /* PIXAppDelegate+CoreDataUtils.m in Sources */ = {isa = PBXBuildFile; fileRef = 1D06C9D616979F0F0022F6D2 /* PIXAppDelegate+CoreDataUtils.m */; };
		1D27E286169BC068003977CF /* Album.m in Sources */ = {isa = PBXBuildFile; fileRef = 1D27E285169BC068003977CF /* Album.m */; };
		1D27E294169BCAC6003977CF /* PIXBorderedImageView.m in Sources */ = {isa = PBXBuildFile; fileRef = 1D27E28A169BCAC6003977CF /* PIXBorderedImageView.m */; };
		1D27E295169BCAC6003977CF /* PIXAlbumViewController.m in Sources */ = {isa = PBXBuildFile; fileRef = 1D27E28C169BCAC6003977CF /* PIXAlbumViewController.m */; };
		1D27E296169BCAC6003977CF /* PIXAlbumViewController.xib in Resources */ = {isa = PBXBuildFile; fileRef = 1D27E28D169BCAC6003977CF /* PIXAlbumViewController.xib */; };
		1D27E297169BCAC6003977CF /* PIXAlbumCollectionViewItem.m in Sources */ = {isa = PBXBuildFile; fileRef = 1D27E28F169BCAC6003977CF /* PIXAlbumCollectionViewItem.m */; };
		1D27E298169BCAC6003977CF /* PIXAlbumCollectionViewItem.xib in Resources */ = {isa = PBXBuildFile; fileRef = 1D27E290169BCAC6003977CF /* PIXAlbumCollectionViewItem.xib */; };
		1D27E299169BCAC6003977CF /* IconViewPrototype.xib in Resources */ = {isa = PBXBuildFile; fileRef = 1D27E291169BCAC6003977CF /* IconViewPrototype.xib */; };
		1D27E29A169BCAC6003977CF /* PIXAlbumCollectionView.m in Sources */ = {isa = PBXBuildFile; fileRef = 1D27E293169BCAC6003977CF /* PIXAlbumCollectionView.m */; };
		1D27E29F169BCEAE003977CF /* PIXAlbumWindowController.m in Sources */ = {isa = PBXBuildFile; fileRef = 1D27E29D169BCEAE003977CF /* PIXAlbumWindowController.m */; };
		1D27E2A0169BCEAE003977CF /* PIXAlbumWindowController.xib in Resources */ = {isa = PBXBuildFile; fileRef = 1D27E29E169BCEAE003977CF /* PIXAlbumWindowController.xib */; };
		1D27E2AA169BE26F003977CF /* dark_bg.png in Resources */ = {isa = PBXBuildFile; fileRef = 1D27E2A2169BE26F003977CF /* dark_bg.png */; };
		1D27E2AB169BE26F003977CF /* dark_bg@2X.png in Resources */ = {isa = PBXBuildFile; fileRef = 1D27E2A3169BE26F003977CF /* dark_bg@2X.png */; };
		1D27E2AC169BE26F003977CF /* nophoto.png in Resources */ = {isa = PBXBuildFile; fileRef = 1D27E2A4169BE26F003977CF /* nophoto.png */; };
		1D27E2AD169BE26F003977CF /* nophoto@2x.png in Resources */ = {isa = PBXBuildFile; fileRef = 1D27E2A5169BE26F003977CF /* nophoto@2x.png */; };
		1D27E2AE169BE26F003977CF /* temp-portrait.jpg in Resources */ = {isa = PBXBuildFile; fileRef = 1D27E2A6169BE26F003977CF /* temp-portrait.jpg */; };
		1D27E2AF169BE26F003977CF /* temp-portrait@2x.jpg in Resources */ = {isa = PBXBuildFile; fileRef = 1D27E2A7169BE26F003977CF /* temp-portrait@2x.jpg */; };
		1D27E2B0169BE26F003977CF /* temp.jpg in Resources */ = {isa = PBXBuildFile; fileRef = 1D27E2A8169BE26F003977CF /* temp.jpg */; };
		1D27E2B1169BE26F003977CF /* temp@2x.jpg in Resources */ = {isa = PBXBuildFile; fileRef = 1D27E2A9169BE26F003977CF /* temp@2x.jpg */; };
		1D27E2B8169D01E8003977CF /* PIXImageBrowserView.m in Sources */ = {isa = PBXBuildFile; fileRef = 1D27E2B7169D01E8003977CF /* PIXImageBrowserView.m */; };
		1D4E97A1169FDB2B0006C013 /* BCCollectionView.m in Sources */ = {isa = PBXBuildFile; fileRef = 1D4E978E169FDB2B0006C013 /* BCCollectionView.m */; settings = {COMPILER_FLAGS = "-fno-objc-arc"; }; };
		1D4E97A2169FDB2B0006C013 /* BCCollectionView+Dragging.m in Sources */ = {isa = PBXBuildFile; fileRef = 1D4E9790169FDB2B0006C013 /* BCCollectionView+Dragging.m */; settings = {COMPILER_FLAGS = "-fno-objc-arc"; }; };
		1D4E97A3169FDB2B0006C013 /* BCCollectionView+Keyboard.m in Sources */ = {isa = PBXBuildFile; fileRef = 1D4E9792169FDB2B0006C013 /* BCCollectionView+Keyboard.m */; settings = {COMPILER_FLAGS = "-fno-objc-arc"; }; };
		1D4E97A4169FDB2B0006C013 /* BCCollectionView+Mouse.m in Sources */ = {isa = PBXBuildFile; fileRef = 1D4E9794169FDB2B0006C013 /* BCCollectionView+Mouse.m */; settings = {COMPILER_FLAGS = "-fno-objc-arc"; }; };
		1D4E97A5169FDB2B0006C013 /* BCCollectionView+Zoom.m in Sources */ = {isa = PBXBuildFile; fileRef = 1D4E9796169FDB2B0006C013 /* BCCollectionView+Zoom.m */; settings = {COMPILER_FLAGS = "-fno-objc-arc"; }; };
		1D4E97A6169FDB2B0006C013 /* BCCollectionViewGroup.m in Sources */ = {isa = PBXBuildFile; fileRef = 1D4E9799169FDB2B0006C013 /* BCCollectionViewGroup.m */; settings = {COMPILER_FLAGS = "-fno-objc-arc"; }; };
		1D4E97A7169FDB2B0006C013 /* BCCollectionViewLayoutItem.m in Sources */ = {isa = PBXBuildFile; fileRef = 1D4E979B169FDB2B0006C013 /* BCCollectionViewLayoutItem.m */; settings = {COMPILER_FLAGS = "-fno-objc-arc"; }; };
		1D4E97A8169FDB2B0006C013 /* BCCollectionViewLayoutManager.m in Sources */ = {isa = PBXBuildFile; fileRef = 1D4E979D169FDB2B0006C013 /* BCCollectionViewLayoutManager.m */; settings = {COMPILER_FLAGS = "-fno-objc-arc"; }; };
		1D4E97A9169FDB2B0006C013 /* BCCollectionViewLayoutOperation.m in Sources */ = {isa = PBXBuildFile; fileRef = 1D4E979F169FDB2B0006C013 /* BCCollectionViewLayoutOperation.m */; settings = {COMPILER_FLAGS = "-fno-objc-arc"; }; };
		1D4E97AD169FDBFB0006C013 /* PIXBCCollectionViewController.m in Sources */ = {isa = PBXBuildFile; fileRef = 1D4E97AB169FDBFB0006C013 /* PIXBCCollectionViewController.m */; };
		1D4E97AE169FDBFB0006C013 /* PIXBCCollectionViewController.xib in Resources */ = {isa = PBXBuildFile; fileRef = 1D4E97AC169FDBFB0006C013 /* PIXBCCollectionViewController.xib */; };
		1D4E97B2169FDC7A0006C013 /* PIXBCAlbumWindowController.m in Sources */ = {isa = PBXBuildFile; fileRef = 1D4E97B0169FDC7A0006C013 /* PIXBCAlbumWindowController.m */; };
		1D4E97B3169FDC7A0006C013 /* PIXBCAlbumWindowController.xib in Resources */ = {isa = PBXBuildFile; fileRef = 1D4E97B1169FDC7A0006C013 /* PIXBCAlbumWindowController.xib */; };
		1D4E97B8169FE0D80006C013 /* CellViewController.m in Sources */ = {isa = PBXBuildFile; fileRef = 1D4E97B6169FE0D80006C013 /* CellViewController.m */; };
		1D4E97B9169FE0D80006C013 /* CellViewController.xib in Resources */ = {isa = PBXBuildFile; fileRef = 1D4E97B7169FE0D80006C013 /* CellViewController.xib */; };
		1D5223DA16979852007C7BBE /* Cocoa.framework in Frameworks */ = {isa = PBXBuildFile; fileRef = 1D5223D916979852007C7BBE /* Cocoa.framework */; };
		1D5223E416979852007C7BBE /* InfoPlist.strings in Resources */ = {isa = PBXBuildFile; fileRef = 1D5223E216979852007C7BBE /* InfoPlist.strings */; };
		1D5223E616979852007C7BBE /* main.m in Sources */ = {isa = PBXBuildFile; fileRef = 1D5223E516979852007C7BBE /* main.m */; };
		1D5223EA16979852007C7BBE /* Credits.rtf in Resources */ = {isa = PBXBuildFile; fileRef = 1D5223E816979852007C7BBE /* Credits.rtf */; };
		1D5223ED16979852007C7BBE /* PIXAppDelegate.m in Sources */ = {isa = PBXBuildFile; fileRef = 1D5223EC16979852007C7BBE /* PIXAppDelegate.m */; };
		1D5223F016979852007C7BBE /* MainMenu.xib in Resources */ = {isa = PBXBuildFile; fileRef = 1D5223EE16979852007C7BBE /* MainMenu.xib */; };
		1D5223F316979852007C7BBE /* UnboundCoreDataUtility.xcdatamodeld in Sources */ = {isa = PBXBuildFile; fileRef = 1D5223F116979852007C7BBE /* UnboundCoreDataUtility.xcdatamodeld */; };
		1DCB22431698E98F00E12B56 /* SpotlightFetchController.m in Sources */ = {isa = PBXBuildFile; fileRef = 1DCB22401698E98F00E12B56 /* SpotlightFetchController.m */; };
		1DCB224E1698F7B500E12B56 /* GetPathsOperation.m in Sources */ = {isa = PBXBuildFile; fileRef = 1DCB22491698F7B500E12B56 /* GetPathsOperation.m */; };
		1DCB224F1698F7B500E12B56 /* LoadOperation.m in Sources */ = {isa = PBXBuildFile; fileRef = 1DCB224B1698F7B500E12B56 /* LoadOperation.m */; };
		1DCB22501698F7B500E12B56 /* PhotoLoadOperation.m in Sources */ = {isa = PBXBuildFile; fileRef = 1DCB224D1698F7B500E12B56 /* PhotoLoadOperation.m */; };
		1DCB22531699084C00E12B56 /* Photo.m in Sources */ = {isa = PBXBuildFile; fileRef = 1DCB22521699084C00E12B56 /* Photo.m */; };
		1DCB2262169A6A9B00E12B56 /* PIXFileFetchController.m in Sources */ = {isa = PBXBuildFile; fileRef = 1DCB2261169A6A9B00E12B56 /* PIXFileFetchController.m */; };
		1DCB2267169A6B1200E12B56 /* PIXLoadingWindowController.m in Sources */ = {isa = PBXBuildFile; fileRef = 1DCB2265169A6B1200E12B56 /* PIXLoadingWindowController.m */; };
		1DCB2268169A6B1200E12B56 /* PIXLoadingWindow.xib in Resources */ = {isa = PBXBuildFile; fileRef = 1DCB2266169A6B1200E12B56 /* PIXLoadingWindow.xib */; };
		1DCB2279169A803F00E12B56 /* PIXPhotoStreamWindowController.m in Sources */ = {isa = PBXBuildFile; fileRef = 1DCB2276169A803F00E12B56 /* PIXPhotoStreamWindowController.m */; };
		1DCB227A169A803F00E12B56 /* PIXPhotoStreamWindowController.xib in Resources */ = {isa = PBXBuildFile; fileRef = 1DCB2277169A803F00E12B56 /* PIXPhotoStreamWindowController.xib */; };
		1DCB227C169A831E00E12B56 /* Quartz.framework in Frameworks */ = {isa = PBXBuildFile; fileRef = 1DCB227B169A831E00E12B56 /* Quartz.framework */; };
/* End PBXBuildFile section */

/* Begin PBXFileReference section */
		1D06C9D516979F0F0022F6D2 /* PIXAppDelegate+CoreDataUtils.h */ = {isa = PBXFileReference; fileEncoding = 4; lastKnownFileType = sourcecode.c.h; path = "PIXAppDelegate+CoreDataUtils.h"; sourceTree = "<group>"; };
		1D06C9D616979F0F0022F6D2 /* PIXAppDelegate+CoreDataUtils.m */ = {isa = PBXFileReference; fileEncoding = 4; lastKnownFileType = sourcecode.c.objc; path = "PIXAppDelegate+CoreDataUtils.m"; sourceTree = "<group>"; };
		1D27E284169BC068003977CF /* Album.h */ = {isa = PBXFileReference; fileEncoding = 4; lastKnownFileType = sourcecode.c.h; path = Album.h; sourceTree = "<group>"; };
		1D27E285169BC068003977CF /* Album.m */ = {isa = PBXFileReference; fileEncoding = 4; lastKnownFileType = sourcecode.c.objc; path = Album.m; sourceTree = "<group>"; };
		1D27E289169BCAC6003977CF /* PIXBorderedImageView.h */ = {isa = PBXFileReference; fileEncoding = 4; lastKnownFileType = sourcecode.c.h; path = PIXBorderedImageView.h; sourceTree = "<group>"; };
		1D27E28A169BCAC6003977CF /* PIXBorderedImageView.m */ = {isa = PBXFileReference; fileEncoding = 4; lastKnownFileType = sourcecode.c.objc; path = PIXBorderedImageView.m; sourceTree = "<group>"; };
		1D27E28B169BCAC6003977CF /* PIXAlbumViewController.h */ = {isa = PBXFileReference; fileEncoding = 4; lastKnownFileType = sourcecode.c.h; path = PIXAlbumViewController.h; sourceTree = "<group>"; };
		1D27E28C169BCAC6003977CF /* PIXAlbumViewController.m */ = {isa = PBXFileReference; fileEncoding = 4; lastKnownFileType = sourcecode.c.objc; path = PIXAlbumViewController.m; sourceTree = "<group>"; };
		1D27E28D169BCAC6003977CF /* PIXAlbumViewController.xib */ = {isa = PBXFileReference; fileEncoding = 4; lastKnownFileType = file.xib; path = PIXAlbumViewController.xib; sourceTree = "<group>"; };
		1D27E28E169BCAC6003977CF /* PIXAlbumCollectionViewItem.h */ = {isa = PBXFileReference; fileEncoding = 4; lastKnownFileType = sourcecode.c.h; path = PIXAlbumCollectionViewItem.h; sourceTree = "<group>"; };
		1D27E28F169BCAC6003977CF /* PIXAlbumCollectionViewItem.m */ = {isa = PBXFileReference; fileEncoding = 4; lastKnownFileType = sourcecode.c.objc; path = PIXAlbumCollectionViewItem.m; sourceTree = "<group>"; };
		1D27E290169BCAC6003977CF /* PIXAlbumCollectionViewItem.xib */ = {isa = PBXFileReference; fileEncoding = 4; lastKnownFileType = file.xib; path = PIXAlbumCollectionViewItem.xib; sourceTree = "<group>"; };
		1D27E291169BCAC6003977CF /* IconViewPrototype.xib */ = {isa = PBXFileReference; fileEncoding = 4; lastKnownFileType = file.xib; path = IconViewPrototype.xib; sourceTree = "<group>"; };
		1D27E292169BCAC6003977CF /* PIXAlbumCollectionView.h */ = {isa = PBXFileReference; fileEncoding = 4; lastKnownFileType = sourcecode.c.h; path = PIXAlbumCollectionView.h; sourceTree = "<group>"; };
		1D27E293169BCAC6003977CF /* PIXAlbumCollectionView.m */ = {isa = PBXFileReference; fileEncoding = 4; lastKnownFileType = sourcecode.c.objc; path = PIXAlbumCollectionView.m; sourceTree = "<group>"; };
		1D27E29C169BCEAE003977CF /* PIXAlbumWindowController.h */ = {isa = PBXFileReference; fileEncoding = 4; lastKnownFileType = sourcecode.c.h; path = PIXAlbumWindowController.h; sourceTree = "<group>"; };
		1D27E29D169BCEAE003977CF /* PIXAlbumWindowController.m */ = {isa = PBXFileReference; fileEncoding = 4; lastKnownFileType = sourcecode.c.objc; path = PIXAlbumWindowController.m; sourceTree = "<group>"; };
		1D27E29E169BCEAE003977CF /* PIXAlbumWindowController.xib */ = {isa = PBXFileReference; fileEncoding = 4; lastKnownFileType = file.xib; path = PIXAlbumWindowController.xib; sourceTree = "<group>"; };
		1D27E2A2169BE26F003977CF /* dark_bg.png */ = {isa = PBXFileReference; lastKnownFileType = image.png; path = dark_bg.png; sourceTree = "<group>"; };
		1D27E2A3169BE26F003977CF /* dark_bg@2X.png */ = {isa = PBXFileReference; lastKnownFileType = image.png; path = "dark_bg@2X.png"; sourceTree = "<group>"; };
		1D27E2A4169BE26F003977CF /* nophoto.png */ = {isa = PBXFileReference; lastKnownFileType = image.png; path = nophoto.png; sourceTree = "<group>"; };
		1D27E2A5169BE26F003977CF /* nophoto@2x.png */ = {isa = PBXFileReference; lastKnownFileType = image.png; path = "nophoto@2x.png"; sourceTree = "<group>"; };
		1D27E2A6169BE26F003977CF /* temp-portrait.jpg */ = {isa = PBXFileReference; lastKnownFileType = image.jpeg; path = "temp-portrait.jpg"; sourceTree = "<group>"; };
		1D27E2A7169BE26F003977CF /* temp-portrait@2x.jpg */ = {isa = PBXFileReference; lastKnownFileType = image.jpeg; path = "temp-portrait@2x.jpg"; sourceTree = "<group>"; };
		1D27E2A8169BE26F003977CF /* temp.jpg */ = {isa = PBXFileReference; lastKnownFileType = image.jpeg; path = temp.jpg; sourceTree = "<group>"; };
		1D27E2A9169BE26F003977CF /* temp@2x.jpg */ = {isa = PBXFileReference; lastKnownFileType = image.jpeg; path = "temp@2x.jpg"; sourceTree = "<group>"; };
		1D27E2B6169D01E8003977CF /* PIXImageBrowserView.h */ = {isa = PBXFileReference; fileEncoding = 4; lastKnownFileType = sourcecode.c.h; path = PIXImageBrowserView.h; sourceTree = "<group>"; };
		1D27E2B7169D01E8003977CF /* PIXImageBrowserView.m */ = {isa = PBXFileReference; fileEncoding = 4; lastKnownFileType = sourcecode.c.objc; path = PIXImageBrowserView.m; sourceTree = "<group>"; };
		1D4E978D169FDB2B0006C013 /* BCCollectionView.h */ = {isa = PBXFileReference; fileEncoding = 4; lastKnownFileType = sourcecode.c.h; path = BCCollectionView.h; sourceTree = "<group>"; };
		1D4E978E169FDB2B0006C013 /* BCCollectionView.m */ = {isa = PBXFileReference; fileEncoding = 4; lastKnownFileType = sourcecode.c.objc; path = BCCollectionView.m; sourceTree = "<group>"; };
		1D4E978F169FDB2B0006C013 /* BCCollectionView+Dragging.h */ = {isa = PBXFileReference; fileEncoding = 4; lastKnownFileType = sourcecode.c.h; path = "BCCollectionView+Dragging.h"; sourceTree = "<group>"; };
		1D4E9790169FDB2B0006C013 /* BCCollectionView+Dragging.m */ = {isa = PBXFileReference; fileEncoding = 4; lastKnownFileType = sourcecode.c.objc; path = "BCCollectionView+Dragging.m"; sourceTree = "<group>"; };
		1D4E9791169FDB2B0006C013 /* BCCollectionView+Keyboard.h */ = {isa = PBXFileReference; fileEncoding = 4; lastKnownFileType = sourcecode.c.h; path = "BCCollectionView+Keyboard.h"; sourceTree = "<group>"; };
		1D4E9792169FDB2B0006C013 /* BCCollectionView+Keyboard.m */ = {isa = PBXFileReference; fileEncoding = 4; lastKnownFileType = sourcecode.c.objc; path = "BCCollectionView+Keyboard.m"; sourceTree = "<group>"; };
		1D4E9793169FDB2B0006C013 /* BCCollectionView+Mouse.h */ = {isa = PBXFileReference; fileEncoding = 4; lastKnownFileType = sourcecode.c.h; path = "BCCollectionView+Mouse.h"; sourceTree = "<group>"; };
		1D4E9794169FDB2B0006C013 /* BCCollectionView+Mouse.m */ = {isa = PBXFileReference; fileEncoding = 4; lastKnownFileType = sourcecode.c.objc; path = "BCCollectionView+Mouse.m"; sourceTree = "<group>"; };
		1D4E9795169FDB2B0006C013 /* BCCollectionView+Zoom.h */ = {isa = PBXFileReference; fileEncoding = 4; lastKnownFileType = sourcecode.c.h; path = "BCCollectionView+Zoom.h"; sourceTree = "<group>"; };
		1D4E9796169FDB2B0006C013 /* BCCollectionView+Zoom.m */ = {isa = PBXFileReference; fileEncoding = 4; lastKnownFileType = sourcecode.c.objc; path = "BCCollectionView+Zoom.m"; sourceTree = "<group>"; };
		1D4E9797169FDB2B0006C013 /* BCCollectionViewDelegate.h */ = {isa = PBXFileReference; fileEncoding = 4; lastKnownFileType = sourcecode.c.h; path = BCCollectionViewDelegate.h; sourceTree = "<group>"; };
		1D4E9798169FDB2B0006C013 /* BCCollectionViewGroup.h */ = {isa = PBXFileReference; fileEncoding = 4; lastKnownFileType = sourcecode.c.h; path = BCCollectionViewGroup.h; sourceTree = "<group>"; };
		1D4E9799169FDB2B0006C013 /* BCCollectionViewGroup.m */ = {isa = PBXFileReference; fileEncoding = 4; lastKnownFileType = sourcecode.c.objc; path = BCCollectionViewGroup.m; sourceTree = "<group>"; };
		1D4E979A169FDB2B0006C013 /* BCCollectionViewLayoutItem.h */ = {isa = PBXFileReference; fileEncoding = 4; lastKnownFileType = sourcecode.c.h; path = BCCollectionViewLayoutItem.h; sourceTree = "<group>"; };
		1D4E979B169FDB2B0006C013 /* BCCollectionViewLayoutItem.m */ = {isa = PBXFileReference; fileEncoding = 4; lastKnownFileType = sourcecode.c.objc; path = BCCollectionViewLayoutItem.m; sourceTree = "<group>"; };
		1D4E979C169FDB2B0006C013 /* BCCollectionViewLayoutManager.h */ = {isa = PBXFileReference; fileEncoding = 4; lastKnownFileType = sourcecode.c.h; path = BCCollectionViewLayoutManager.h; sourceTree = "<group>"; };
		1D4E979D169FDB2B0006C013 /* BCCollectionViewLayoutManager.m */ = {isa = PBXFileReference; fileEncoding = 4; lastKnownFileType = sourcecode.c.objc; path = BCCollectionViewLayoutManager.m; sourceTree = "<group>"; };
		1D4E979E169FDB2B0006C013 /* BCCollectionViewLayoutOperation.h */ = {isa = PBXFileReference; fileEncoding = 4; lastKnownFileType = sourcecode.c.h; path = BCCollectionViewLayoutOperation.h; sourceTree = "<group>"; };
		1D4E979F169FDB2B0006C013 /* BCCollectionViewLayoutOperation.m */ = {isa = PBXFileReference; fileEncoding = 4; lastKnownFileType = sourcecode.c.objc; path = BCCollectionViewLayoutOperation.m; sourceTree = "<group>"; };
		1D4E97A0169FDB2B0006C013 /* BCGeometryExtensions.h */ = {isa = PBXFileReference; fileEncoding = 4; lastKnownFileType = sourcecode.c.h; path = BCGeometryExtensions.h; sourceTree = "<group>"; };
		1D4E97AA169FDBFB0006C013 /* PIXBCCollectionViewController.h */ = {isa = PBXFileReference; fileEncoding = 4; lastKnownFileType = sourcecode.c.h; path = PIXBCCollectionViewController.h; sourceTree = "<group>"; };
		1D4E97AB169FDBFB0006C013 /* PIXBCCollectionViewController.m */ = {isa = PBXFileReference; fileEncoding = 4; lastKnownFileType = sourcecode.c.objc; path = PIXBCCollectionViewController.m; sourceTree = "<group>"; };
		1D4E97AC169FDBFB0006C013 /* PIXBCCollectionViewController.xib */ = {isa = PBXFileReference; fileEncoding = 4; lastKnownFileType = file.xib; path = PIXBCCollectionViewController.xib; sourceTree = "<group>"; };
		1D4E97AF169FDC790006C013 /* PIXBCAlbumWindowController.h */ = {isa = PBXFileReference; fileEncoding = 4; lastKnownFileType = sourcecode.c.h; path = PIXBCAlbumWindowController.h; sourceTree = "<group>"; };
		1D4E97B0169FDC7A0006C013 /* PIXBCAlbumWindowController.m */ = {isa = PBXFileReference; fileEncoding = 4; lastKnownFileType = sourcecode.c.objc; path = PIXBCAlbumWindowController.m; sourceTree = "<group>"; };
		1D4E97B1169FDC7A0006C013 /* PIXBCAlbumWindowController.xib */ = {isa = PBXFileReference; fileEncoding = 4; lastKnownFileType = file.xib; path = PIXBCAlbumWindowController.xib; sourceTree = "<group>"; };
		1D4E97B5169FE0D80006C013 /* CellViewController.h */ = {isa = PBXFileReference; fileEncoding = 4; lastKnownFileType = sourcecode.c.h; path = CellViewController.h; sourceTree = "<group>"; };
		1D4E97B6169FE0D80006C013 /* CellViewController.m */ = {isa = PBXFileReference; fileEncoding = 4; lastKnownFileType = sourcecode.c.objc; path = CellViewController.m; sourceTree = "<group>"; };
		1D4E97B7169FE0D80006C013 /* CellViewController.xib */ = {isa = PBXFileReference; fileEncoding = 4; lastKnownFileType = file.xib; path = CellViewController.xib; sourceTree = "<group>"; };
		1D5223D516979852007C7BBE /* UnboundCoreDataUtility.app */ = {isa = PBXFileReference; explicitFileType = wrapper.application; includeInIndex = 0; path = UnboundCoreDataUtility.app; sourceTree = BUILT_PRODUCTS_DIR; };
		1D5223D916979852007C7BBE /* Cocoa.framework */ = {isa = PBXFileReference; lastKnownFileType = wrapper.framework; name = Cocoa.framework; path = System/Library/Frameworks/Cocoa.framework; sourceTree = SDKROOT; };
		1D5223DC16979852007C7BBE /* AppKit.framework */ = {isa = PBXFileReference; lastKnownFileType = wrapper.framework; name = AppKit.framework; path = System/Library/Frameworks/AppKit.framework; sourceTree = SDKROOT; };
		1D5223DD16979852007C7BBE /* CoreData.framework */ = {isa = PBXFileReference; lastKnownFileType = wrapper.framework; name = CoreData.framework; path = System/Library/Frameworks/CoreData.framework; sourceTree = SDKROOT; };
		1D5223DE16979852007C7BBE /* Foundation.framework */ = {isa = PBXFileReference; lastKnownFileType = wrapper.framework; name = Foundation.framework; path = System/Library/Frameworks/Foundation.framework; sourceTree = SDKROOT; };
		1D5223E116979852007C7BBE /* UnboundCoreDataUtility-Info.plist */ = {isa = PBXFileReference; lastKnownFileType = text.plist.xml; path = "UnboundCoreDataUtility-Info.plist"; sourceTree = "<group>"; };
		1D5223E316979852007C7BBE /* en */ = {isa = PBXFileReference; lastKnownFileType = text.plist.strings; name = en; path = en.lproj/InfoPlist.strings; sourceTree = "<group>"; };
		1D5223E516979852007C7BBE /* main.m */ = {isa = PBXFileReference; lastKnownFileType = sourcecode.c.objc; path = main.m; sourceTree = "<group>"; };
		1D5223E716979852007C7BBE /* UnboundCoreDataUtility-Prefix.pch */ = {isa = PBXFileReference; lastKnownFileType = sourcecode.c.h; path = "UnboundCoreDataUtility-Prefix.pch"; sourceTree = "<group>"; };
		1D5223E916979852007C7BBE /* en */ = {isa = PBXFileReference; lastKnownFileType = text.rtf; name = en; path = en.lproj/Credits.rtf; sourceTree = "<group>"; };
		1D5223EB16979852007C7BBE /* PIXAppDelegate.h */ = {isa = PBXFileReference; lastKnownFileType = sourcecode.c.h; path = PIXAppDelegate.h; sourceTree = "<group>"; };
		1D5223EC16979852007C7BBE /* PIXAppDelegate.m */ = {isa = PBXFileReference; lastKnownFileType = sourcecode.c.objc; path = PIXAppDelegate.m; sourceTree = "<group>"; };
		1D5223EF16979852007C7BBE /* en */ = {isa = PBXFileReference; lastKnownFileType = file.xib; name = en; path = en.lproj/MainMenu.xib; sourceTree = "<group>"; };
		1D5223F216979852007C7BBE /* UnboundCoreDataUtility.xcdatamodel */ = {isa = PBXFileReference; lastKnownFileType = wrapper.xcdatamodel; path = UnboundCoreDataUtility.xcdatamodel; sourceTree = "<group>"; };
		1DCB223F1698E98F00E12B56 /* SpotlightFetchController.h */ = {isa = PBXFileReference; fileEncoding = 4; lastKnownFileType = sourcecode.c.h; path = SpotlightFetchController.h; sourceTree = "<group>"; };
		1DCB22401698E98F00E12B56 /* SpotlightFetchController.m */ = {isa = PBXFileReference; fileEncoding = 4; lastKnownFileType = sourcecode.c.objc; path = SpotlightFetchController.m; sourceTree = "<group>"; };
		1DCB22481698F7B500E12B56 /* GetPathsOperation.h */ = {isa = PBXFileReference; fileEncoding = 4; lastKnownFileType = sourcecode.c.h; path = GetPathsOperation.h; sourceTree = "<group>"; };
		1DCB22491698F7B500E12B56 /* GetPathsOperation.m */ = {isa = PBXFileReference; fileEncoding = 4; lastKnownFileType = sourcecode.c.objc; path = GetPathsOperation.m; sourceTree = "<group>"; };
		1DCB224A1698F7B500E12B56 /* LoadOperation.h */ = {isa = PBXFileReference; fileEncoding = 4; lastKnownFileType = sourcecode.c.h; path = LoadOperation.h; sourceTree = "<group>"; };
		1DCB224B1698F7B500E12B56 /* LoadOperation.m */ = {isa = PBXFileReference; fileEncoding = 4; lastKnownFileType = sourcecode.c.objc; path = LoadOperation.m; sourceTree = "<group>"; };
		1DCB224C1698F7B500E12B56 /* PhotoLoadOperation.h */ = {isa = PBXFileReference; fileEncoding = 4; lastKnownFileType = sourcecode.c.h; path = PhotoLoadOperation.h; sourceTree = "<group>"; };
		1DCB224D1698F7B500E12B56 /* PhotoLoadOperation.m */ = {isa = PBXFileReference; fileEncoding = 4; lastKnownFileType = sourcecode.c.objc; path = PhotoLoadOperation.m; sourceTree = "<group>"; };
		1DCB22511699084C00E12B56 /* Photo.h */ = {isa = PBXFileReference; fileEncoding = 4; lastKnownFileType = sourcecode.c.h; path = Photo.h; sourceTree = "<group>"; };
		1DCB22521699084C00E12B56 /* Photo.m */ = {isa = PBXFileReference; fileEncoding = 4; lastKnownFileType = sourcecode.c.objc; path = Photo.m; sourceTree = "<group>"; };
		1DCB2260169A6A9B00E12B56 /* PIXFileFetchController.h */ = {isa = PBXFileReference; fileEncoding = 4; lastKnownFileType = sourcecode.c.h; path = PIXFileFetchController.h; sourceTree = "<group>"; };
		1DCB2261169A6A9B00E12B56 /* PIXFileFetchController.m */ = {isa = PBXFileReference; fileEncoding = 4; lastKnownFileType = sourcecode.c.objc; path = PIXFileFetchController.m; sourceTree = "<group>"; };
		1DCB2264169A6B1200E12B56 /* PIXLoadingWindowController.h */ = {isa = PBXFileReference; fileEncoding = 4; lastKnownFileType = sourcecode.c.h; path = PIXLoadingWindowController.h; sourceTree = "<group>"; };
		1DCB2265169A6B1200E12B56 /* PIXLoadingWindowController.m */ = {isa = PBXFileReference; fileEncoding = 4; lastKnownFileType = sourcecode.c.objc; path = PIXLoadingWindowController.m; sourceTree = "<group>"; };
		1DCB2266169A6B1200E12B56 /* PIXLoadingWindow.xib */ = {isa = PBXFileReference; fileEncoding = 4; lastKnownFileType = file.xib; path = PIXLoadingWindow.xib; sourceTree = "<group>"; };
		1DCB2276169A803F00E12B56 /* PIXPhotoStreamWindowController.m */ = {isa = PBXFileReference; fileEncoding = 4; lastKnownFileType = sourcecode.c.objc; path = PIXPhotoStreamWindowController.m; sourceTree = "<group>"; };
		1DCB2277169A803F00E12B56 /* PIXPhotoStreamWindowController.xib */ = {isa = PBXFileReference; fileEncoding = 4; lastKnownFileType = file.xib; path = PIXPhotoStreamWindowController.xib; sourceTree = "<group>"; };
		1DCB2278169A803F00E12B56 /* PIXPhotoStreamWindowController.h */ = {isa = PBXFileReference; fileEncoding = 4; lastKnownFileType = sourcecode.c.h; path = PIXPhotoStreamWindowController.h; sourceTree = "<group>"; };
		1DCB227B169A831E00E12B56 /* Quartz.framework */ = {isa = PBXFileReference; lastKnownFileType = wrapper.framework; name = Quartz.framework; path = System/Library/Frameworks/Quartz.framework; sourceTree = SDKROOT; };
/* End PBXFileReference section */

/* Begin PBXFrameworksBuildPhase section */
		1D5223D216979852007C7BBE /* Frameworks */ = {
			isa = PBXFrameworksBuildPhase;
			buildActionMask = 2147483647;
			files = (
				1DCB227C169A831E00E12B56 /* Quartz.framework in Frameworks */,
				1D5223DA16979852007C7BBE /* Cocoa.framework in Frameworks */,
			);
			runOnlyForDeploymentPostprocessing = 0;
		};
/* End PBXFrameworksBuildPhase section */

/* Begin PBXGroup section */
		1D27E288169BCA64003977CF /* AlbumWindow */ = {
			isa = PBXGroup;
			children = (
				1D27E289169BCAC6003977CF /* PIXBorderedImageView.h */,
				1D27E28A169BCAC6003977CF /* PIXBorderedImageView.m */,
				1D27E28B169BCAC6003977CF /* PIXAlbumViewController.h */,
				1D27E28C169BCAC6003977CF /* PIXAlbumViewController.m */,
				1D27E28D169BCAC6003977CF /* PIXAlbumViewController.xib */,
				1D27E28E169BCAC6003977CF /* PIXAlbumCollectionViewItem.h */,
				1D27E28F169BCAC6003977CF /* PIXAlbumCollectionViewItem.m */,
				1D27E290169BCAC6003977CF /* PIXAlbumCollectionViewItem.xib */,
				1D27E291169BCAC6003977CF /* IconViewPrototype.xib */,
				1D27E292169BCAC6003977CF /* PIXAlbumCollectionView.h */,
				1D27E293169BCAC6003977CF /* PIXAlbumCollectionView.m */,
				1D27E29C169BCEAE003977CF /* PIXAlbumWindowController.h */,
				1D27E29D169BCEAE003977CF /* PIXAlbumWindowController.m */,
				1D27E29E169BCEAE003977CF /* PIXAlbumWindowController.xib */,
			);
			name = AlbumWindow;
			sourceTree = "<group>";
		};
		1D27E2A1169BE239003977CF /* images */ = {
			isa = PBXGroup;
			children = (
				1D27E2A2169BE26F003977CF /* dark_bg.png */,
				1D27E2A3169BE26F003977CF /* dark_bg@2X.png */,
				1D27E2A4169BE26F003977CF /* nophoto.png */,
				1D27E2A5169BE26F003977CF /* nophoto@2x.png */,
				1D27E2A6169BE26F003977CF /* temp-portrait.jpg */,
				1D27E2A7169BE26F003977CF /* temp-portrait@2x.jpg */,
				1D27E2A8169BE26F003977CF /* temp.jpg */,
				1D27E2A9169BE26F003977CF /* temp@2x.jpg */,
			);
			name = images;
			sourceTree = "<group>";
		};
		1D4E978B169FDB0D0006C013 /* BCCollectionView */ = {
			isa = PBXGroup;
			children = (
				1D4E97B5169FE0D80006C013 /* CellViewController.h */,
				1D4E97B6169FE0D80006C013 /* CellViewController.m */,
				1D4E97B7169FE0D80006C013 /* CellViewController.xib */,
				1D4E978D169FDB2B0006C013 /* BCCollectionView.h */,
				1D4E978E169FDB2B0006C013 /* BCCollectionView.m */,
				1D4E978F169FDB2B0006C013 /* BCCollectionView+Dragging.h */,
				1D4E9790169FDB2B0006C013 /* BCCollectionView+Dragging.m */,
				1D4E9791169FDB2B0006C013 /* BCCollectionView+Keyboard.h */,
				1D4E9792169FDB2B0006C013 /* BCCollectionView+Keyboard.m */,
				1D4E9793169FDB2B0006C013 /* BCCollectionView+Mouse.h */,
				1D4E9794169FDB2B0006C013 /* BCCollectionView+Mouse.m */,
				1D4E9795169FDB2B0006C013 /* BCCollectionView+Zoom.h */,
				1D4E9796169FDB2B0006C013 /* BCCollectionView+Zoom.m */,
				1D4E9797169FDB2B0006C013 /* BCCollectionViewDelegate.h */,
				1D4E9798169FDB2B0006C013 /* BCCollectionViewGroup.h */,
				1D4E9799169FDB2B0006C013 /* BCCollectionViewGroup.m */,
				1D4E979A169FDB2B0006C013 /* BCCollectionViewLayoutItem.h */,
				1D4E979B169FDB2B0006C013 /* BCCollectionViewLayoutItem.m */,
				1D4E979C169FDB2B0006C013 /* BCCollectionViewLayoutManager.h */,
				1D4E979D169FDB2B0006C013 /* BCCollectionViewLayoutManager.m */,
				1D4E979E169FDB2B0006C013 /* BCCollectionViewLayoutOperation.h */,
				1D4E979F169FDB2B0006C013 /* BCCollectionViewLayoutOperation.m */,
				1D4E97A0169FDB2B0006C013 /* BCGeometryExtensions.h */,
				1D4E97AA169FDBFB0006C013 /* PIXBCCollectionViewController.h */,
				1D4E97AB169FDBFB0006C013 /* PIXBCCollectionViewController.m */,
				1D4E97AC169FDBFB0006C013 /* PIXBCCollectionViewController.xib */,
				1D4E97AF169FDC790006C013 /* PIXBCAlbumWindowController.h */,
				1D4E97B0169FDC7A0006C013 /* PIXBCAlbumWindowController.m */,
				1D4E97B1169FDC7A0006C013 /* PIXBCAlbumWindowController.xib */,
			);
			name = BCCollectionView;
			sourceTree = "<group>";
		};
		1D5223CA16979852007C7BBE = {
			isa = PBXGroup;
			children = (
				1DCB227B169A831E00E12B56 /* Quartz.framework */,
				1D5223DF16979852007C7BBE /* UnboundCoreDataUtility */,
				1D5223D816979852007C7BBE /* Frameworks */,
				1D5223D616979852007C7BBE /* Products */,
			);
			sourceTree = "<group>";
		};
		1D5223D616979852007C7BBE /* Products */ = {
			isa = PBXGroup;
			children = (
				1D5223D516979852007C7BBE /* UnboundCoreDataUtility.app */,
			);
			name = Products;
			sourceTree = "<group>";
		};
		1D5223D816979852007C7BBE /* Frameworks */ = {
			isa = PBXGroup;
			children = (
				1D5223D916979852007C7BBE /* Cocoa.framework */,
				1D5223DB16979852007C7BBE /* Other Frameworks */,
			);
			name = Frameworks;
			sourceTree = "<group>";
		};
		1D5223DB16979852007C7BBE /* Other Frameworks */ = {
			isa = PBXGroup;
			children = (
				1D5223DC16979852007C7BBE /* AppKit.framework */,
				1D5223DD16979852007C7BBE /* CoreData.framework */,
				1D5223DE16979852007C7BBE /* Foundation.framework */,
			);
			name = "Other Frameworks";
			sourceTree = "<group>";
		};
		1D5223DF16979852007C7BBE /* UnboundCoreDataUtility */ = {
			isa = PBXGroup;
			children = (
				1D4E978B169FDB0D0006C013 /* BCCollectionView */,
				1D27E2A1169BE239003977CF /* images */,
				1D27E288169BCA64003977CF /* AlbumWindow */,
				1DCB2275169A802C00E12B56 /* BrowserWindow */,
				1DCB2263169A6AF900E12B56 /* FileLoadingWindow */,
				1DCB225F169A69A300E12B56 /* FileManager */,
				1DCB223A1698E97000E12B56 /* Spotlight */,
				1DCB22341698E8C100E12B56 /* OperationQueues */,
				1D5223EB16979852007C7BBE /* PIXAppDelegate.h */,
				1D5223EC16979852007C7BBE /* PIXAppDelegate.m */,
				1D5223EE16979852007C7BBE /* MainMenu.xib */,
				1D5223F116979852007C7BBE /* UnboundCoreDataUtility.xcdatamodeld */,
				1D27E284169BC068003977CF /* Album.h */,
				1D27E285169BC068003977CF /* Album.m */,
				1DCB22511699084C00E12B56 /* Photo.h */,
				1DCB22521699084C00E12B56 /* Photo.m */,
				1D5223E016979852007C7BBE /* Supporting Files */,
				1D06C9D516979F0F0022F6D2 /* PIXAppDelegate+CoreDataUtils.h */,
				1D06C9D616979F0F0022F6D2 /* PIXAppDelegate+CoreDataUtils.m */,
			);
			path = UnboundCoreDataUtility;
			sourceTree = "<group>";
		};
		1D5223E016979852007C7BBE /* Supporting Files */ = {
			isa = PBXGroup;
			children = (
				1D5223E116979852007C7BBE /* UnboundCoreDataUtility-Info.plist */,
				1D5223E216979852007C7BBE /* InfoPlist.strings */,
				1D5223E516979852007C7BBE /* main.m */,
				1D5223E716979852007C7BBE /* UnboundCoreDataUtility-Prefix.pch */,
				1D5223E816979852007C7BBE /* Credits.rtf */,
			);
			name = "Supporting Files";
			sourceTree = "<group>";
		};
		1DCB22341698E8C100E12B56 /* OperationQueues */ = {
			isa = PBXGroup;
			children = (
				1DCB22481698F7B500E12B56 /* GetPathsOperation.h */,
				1DCB22491698F7B500E12B56 /* GetPathsOperation.m */,
				1DCB224A1698F7B500E12B56 /* LoadOperation.h */,
				1DCB224B1698F7B500E12B56 /* LoadOperation.m */,
				1DCB224C1698F7B500E12B56 /* PhotoLoadOperation.h */,
				1DCB224D1698F7B500E12B56 /* PhotoLoadOperation.m */,
				1DCB2260169A6A9B00E12B56 /* PIXFileFetchController.h */,
				1DCB2261169A6A9B00E12B56 /* PIXFileFetchController.m */,
			);
			name = OperationQueues;
			sourceTree = "<group>";
		};
		1DCB223A1698E97000E12B56 /* Spotlight */ = {
			isa = PBXGroup;
			children = (
				1DCB223F1698E98F00E12B56 /* SpotlightFetchController.h */,
				1DCB22401698E98F00E12B56 /* SpotlightFetchController.m */,
			);
			name = Spotlight;
			sourceTree = "<group>";
		};
		1DCB225F169A69A300E12B56 /* FileManager */ = {
			isa = PBXGroup;
			children = (
			);
			name = FileManager;
			sourceTree = "<group>";
		};
		1DCB2263169A6AF900E12B56 /* FileLoadingWindow */ = {
			isa = PBXGroup;
			children = (
				1DCB2264169A6B1200E12B56 /* PIXLoadingWindowController.h */,
				1DCB2265169A6B1200E12B56 /* PIXLoadingWindowController.m */,
				1DCB2266169A6B1200E12B56 /* PIXLoadingWindow.xib */,
			);
			name = FileLoadingWindow;
			sourceTree = "<group>";
		};
		1DCB2275169A802C00E12B56 /* BrowserWindow */ = {
			isa = PBXGroup;
			children = (
				1D27E2B6169D01E8003977CF /* PIXImageBrowserView.h */,
				1D27E2B7169D01E8003977CF /* PIXImageBrowserView.m */,
				1DCB2276169A803F00E12B56 /* PIXPhotoStreamWindowController.m */,
				1DCB2277169A803F00E12B56 /* PIXPhotoStreamWindowController.xib */,
				1DCB2278169A803F00E12B56 /* PIXPhotoStreamWindowController.h */,
			);
			name = BrowserWindow;
			sourceTree = "<group>";
		};
/* End PBXGroup section */

/* Begin PBXNativeTarget section */
		1D5223D416979852007C7BBE /* UnboundCoreDataUtility */ = {
			isa = PBXNativeTarget;
			buildConfigurationList = 1D5223F616979852007C7BBE /* Build configuration list for PBXNativeTarget "UnboundCoreDataUtility" */;
			buildPhases = (
				1D5223D116979852007C7BBE /* Sources */,
				1D5223D216979852007C7BBE /* Frameworks */,
				1D5223D316979852007C7BBE /* Resources */,
			);
			buildRules = (
			);
			dependencies = (
			);
			name = UnboundCoreDataUtility;
			productName = UnboundCoreDataUtility;
			productReference = 1D5223D516979852007C7BBE /* UnboundCoreDataUtility.app */;
			productType = "com.apple.product-type.application";
		};
/* End PBXNativeTarget section */

/* Begin PBXProject section */
		1D5223CC16979852007C7BBE /* Project object */ = {
			isa = PBXProject;
			attributes = {
				CLASSPREFIX = PIX;
				LastUpgradeCheck = 0450;
				ORGANIZATIONNAME = "Pixite Apps LLC";
			};
			buildConfigurationList = 1D5223CF16979852007C7BBE /* Build configuration list for PBXProject "UnboundCoreDataUtility" */;
			compatibilityVersion = "Xcode 3.2";
			developmentRegion = English;
			hasScannedForEncodings = 0;
			knownRegions = (
				en,
			);
			mainGroup = 1D5223CA16979852007C7BBE;
			productRefGroup = 1D5223D616979852007C7BBE /* Products */;
			projectDirPath = "";
			projectRoot = "";
			targets = (
				1D5223D416979852007C7BBE /* UnboundCoreDataUtility */,
			);
		};
/* End PBXProject section */

/* Begin PBXResourcesBuildPhase section */
		1D5223D316979852007C7BBE /* Resources */ = {
			isa = PBXResourcesBuildPhase;
			buildActionMask = 2147483647;
			files = (
				1D5223E416979852007C7BBE /* InfoPlist.strings in Resources */,
				1D5223EA16979852007C7BBE /* Credits.rtf in Resources */,
				1D5223F016979852007C7BBE /* MainMenu.xib in Resources */,
				1DCB2268169A6B1200E12B56 /* PIXLoadingWindow.xib in Resources */,
				1DCB227A169A803F00E12B56 /* PIXPhotoStreamWindowController.xib in Resources */,
				1D27E296169BCAC6003977CF /* PIXAlbumViewController.xib in Resources */,
				1D27E298169BCAC6003977CF /* PIXAlbumCollectionViewItem.xib in Resources */,
				1D27E299169BCAC6003977CF /* IconViewPrototype.xib in Resources */,
				1D27E2A0169BCEAE003977CF /* PIXAlbumWindowController.xib in Resources */,
				1D27E2AA169BE26F003977CF /* dark_bg.png in Resources */,
				1D27E2AB169BE26F003977CF /* dark_bg@2X.png in Resources */,
				1D27E2AC169BE26F003977CF /* nophoto.png in Resources */,
				1D27E2AD169BE26F003977CF /* nophoto@2x.png in Resources */,
				1D27E2AE169BE26F003977CF /* temp-portrait.jpg in Resources */,
				1D27E2AF169BE26F003977CF /* temp-portrait@2x.jpg in Resources */,
				1D27E2B0169BE26F003977CF /* temp.jpg in Resources */,
				1D27E2B1169BE26F003977CF /* temp@2x.jpg in Resources */,
				1D4E97AE169FDBFB0006C013 /* PIXBCCollectionViewController.xib in Resources */,
				1D4E97B3169FDC7A0006C013 /* PIXBCAlbumWindowController.xib in Resources */,
				1D4E97B9169FE0D80006C013 /* CellViewController.xib in Resources */,
			);
			runOnlyForDeploymentPostprocessing = 0;
		};
/* End PBXResourcesBuildPhase section */

/* Begin PBXSourcesBuildPhase section */
		1D5223D116979852007C7BBE /* Sources */ = {
			isa = PBXSourcesBuildPhase;
			buildActionMask = 2147483647;
			files = (
				1D5223E616979852007C7BBE /* main.m in Sources */,
				1D5223ED16979852007C7BBE /* PIXAppDelegate.m in Sources */,
				1D5223F316979852007C7BBE /* UnboundCoreDataUtility.xcdatamodeld in Sources */,
				1D06C9D716979F0F0022F6D2 /* PIXAppDelegate+CoreDataUtils.m in Sources */,
				1DCB22431698E98F00E12B56 /* SpotlightFetchController.m in Sources */,
				1DCB224E1698F7B500E12B56 /* GetPathsOperation.m in Sources */,
				1DCB224F1698F7B500E12B56 /* LoadOperation.m in Sources */,
				1DCB22501698F7B500E12B56 /* PhotoLoadOperation.m in Sources */,
				1DCB22531699084C00E12B56 /* Photo.m in Sources */,
				1DCB2262169A6A9B00E12B56 /* PIXFileFetchController.m in Sources */,
				1DCB2267169A6B1200E12B56 /* PIXLoadingWindowController.m in Sources */,
				1DCB2279169A803F00E12B56 /* PIXPhotoStreamWindowController.m in Sources */,
				1D27E286169BC068003977CF /* Album.m in Sources */,
				1D27E294169BCAC6003977CF /* PIXBorderedImageView.m in Sources */,
				1D27E295169BCAC6003977CF /* PIXAlbumViewController.m in Sources */,
				1D27E297169BCAC6003977CF /* PIXAlbumCollectionViewItem.m in Sources */,
				1D27E29A169BCAC6003977CF /* PIXAlbumCollectionView.m in Sources */,
				1D27E29F169BCEAE003977CF /* PIXAlbumWindowController.m in Sources */,
				1D27E2B8169D01E8003977CF /* PIXImageBrowserView.m in Sources */,
				1D4E97A1169FDB2B0006C013 /* BCCollectionView.m in Sources */,
				1D4E97A2169FDB2B0006C013 /* BCCollectionView+Dragging.m in Sources */,
				1D4E97A3169FDB2B0006C013 /* BCCollectionView+Keyboard.m in Sources */,
				1D4E97A4169FDB2B0006C013 /* BCCollectionView+Mouse.m in Sources */,
				1D4E97A5169FDB2B0006C013 /* BCCollectionView+Zoom.m in Sources */,
				1D4E97A6169FDB2B0006C013 /* BCCollectionViewGroup.m in Sources */,
				1D4E97A7169FDB2B0006C013 /* BCCollectionViewLayoutItem.m in Sources */,
				1D4E97A8169FDB2B0006C013 /* BCCollectionViewLayoutManager.m in Sources */,
				1D4E97A9169FDB2B0006C013 /* BCCollectionViewLayoutOperation.m in Sources */,
				1D4E97AD169FDBFB0006C013 /* PIXBCCollectionViewController.m in Sources */,
				1D4E97B2169FDC7A0006C013 /* PIXBCAlbumWindowController.m in Sources */,
				1D4E97B8169FE0D80006C013 /* CellViewController.m in Sources */,
			);
			runOnlyForDeploymentPostprocessing = 0;
		};
/* End PBXSourcesBuildPhase section */

/* Begin PBXVariantGroup section */
		1D5223E216979852007C7BBE /* InfoPlist.strings */ = {
			isa = PBXVariantGroup;
			children = (
				1D5223E316979852007C7BBE /* en */,
			);
			name = InfoPlist.strings;
			sourceTree = "<group>";
		};
		1D5223E816979852007C7BBE /* Credits.rtf */ = {
			isa = PBXVariantGroup;
			children = (
				1D5223E916979852007C7BBE /* en */,
			);
			name = Credits.rtf;
			sourceTree = "<group>";
		};
		1D5223EE16979852007C7BBE /* MainMenu.xib */ = {
			isa = PBXVariantGroup;
			children = (
				1D5223EF16979852007C7BBE /* en */,
			);
			name = MainMenu.xib;
			sourceTree = "<group>";
		};
/* End PBXVariantGroup section */

/* Begin XCBuildConfiguration section */
		1D5223F416979852007C7BBE /* Debug */ = {
			isa = XCBuildConfiguration;
			buildSettings = {
				ALWAYS_SEARCH_USER_PATHS = NO;
				ARCHS = "$(ARCHS_STANDARD_64_BIT)";
				CLANG_CXX_LANGUAGE_STANDARD = "gnu++0x";
				CLANG_CXX_LIBRARY = "libc++";
				CLANG_ENABLE_OBJC_ARC = YES;
				CLANG_WARN_EMPTY_BODY = YES;
				CLANG_WARN__DUPLICATE_METHOD_MATCH = YES;
				COPY_PHASE_STRIP = NO;
				GCC_C_LANGUAGE_STANDARD = gnu99;
				GCC_DYNAMIC_NO_PIC = NO;
				GCC_ENABLE_OBJC_EXCEPTIONS = YES;
				GCC_OPTIMIZATION_LEVEL = 0;
				GCC_PREPROCESSOR_DEFINITIONS = (
					"DEBUG=1",
					"$(inherited)",
				);
				GCC_SYMBOLS_PRIVATE_EXTERN = NO;
				GCC_WARN_64_TO_32_BIT_CONVERSION = YES;
				GCC_WARN_ABOUT_RETURN_TYPE = YES;
				GCC_WARN_UNINITIALIZED_AUTOS = YES;
				GCC_WARN_UNUSED_VARIABLE = YES;
				MACOSX_DEPLOYMENT_TARGET = 10.8;
				ONLY_ACTIVE_ARCH = YES;
				SDKROOT = macosx;
			};
			name = Debug;
		};
		1D5223F516979852007C7BBE /* Release */ = {
			isa = XCBuildConfiguration;
			buildSettings = {
				ALWAYS_SEARCH_USER_PATHS = NO;
				ARCHS = "$(ARCHS_STANDARD_64_BIT)";
				CLANG_CXX_LANGUAGE_STANDARD = "gnu++0x";
				CLANG_CXX_LIBRARY = "libc++";
				CLANG_ENABLE_OBJC_ARC = YES;
				CLANG_WARN_EMPTY_BODY = YES;
				CLANG_WARN__DUPLICATE_METHOD_MATCH = YES;
				COPY_PHASE_STRIP = YES;
				DEBUG_INFORMATION_FORMAT = "dwarf-with-dsym";
				GCC_C_LANGUAGE_STANDARD = gnu99;
				GCC_ENABLE_OBJC_EXCEPTIONS = YES;
				GCC_WARN_64_TO_32_BIT_CONVERSION = YES;
				GCC_WARN_ABOUT_RETURN_TYPE = YES;
				GCC_WARN_UNINITIALIZED_AUTOS = YES;
				GCC_WARN_UNUSED_VARIABLE = YES;
				MACOSX_DEPLOYMENT_TARGET = 10.8;
				SDKROOT = macosx;
			};
			name = Release;
		};
		1D5223F716979852007C7BBE /* Debug */ = {
			isa = XCBuildConfiguration;
			buildSettings = {
				COMBINE_HIDPI_IMAGES = YES;
				GCC_PRECOMPILE_PREFIX_HEADER = YES;
				GCC_PREFIX_HEADER = "UnboundCoreDataUtility/UnboundCoreDataUtility-Prefix.pch";
				INFOPLIST_FILE = "UnboundCoreDataUtility/UnboundCoreDataUtility-Info.plist";
				PRODUCT_NAME = "$(TARGET_NAME)";
				WRAPPER_EXTENSION = app;
			};
			name = Debug;
		};
		1D5223F816979852007C7BBE /* Release */ = {
			isa = XCBuildConfiguration;
			buildSettings = {
				COMBINE_HIDPI_IMAGES = YES;
				GCC_PRECOMPILE_PREFIX_HEADER = YES;
				GCC_PREFIX_HEADER = "UnboundCoreDataUtility/UnboundCoreDataUtility-Prefix.pch";
				INFOPLIST_FILE = "UnboundCoreDataUtility/UnboundCoreDataUtility-Info.plist";
				PRODUCT_NAME = "$(TARGET_NAME)";
				WRAPPER_EXTENSION = app;
			};
			name = Release;
		};
/* End XCBuildConfiguration section */

/* Begin XCConfigurationList section */
		1D5223CF16979852007C7BBE /* Build configuration list for PBXProject "UnboundCoreDataUtility" */ = {
			isa = XCConfigurationList;
			buildConfigurations = (
				1D5223F416979852007C7BBE /* Debug */,
				1D5223F516979852007C7BBE /* Release */,
			);
			defaultConfigurationIsVisible = 0;
			defaultConfigurationName = Release;
		};
		1D5223F616979852007C7BBE /* Build configuration list for PBXNativeTarget "UnboundCoreDataUtility" */ = {
			isa = XCConfigurationList;
			buildConfigurations = (
				1D5223F716979852007C7BBE /* Debug */,
				1D5223F816979852007C7BBE /* Release */,
			);
			defaultConfigurationIsVisible = 0;
			defaultConfigurationName = Release;
		};
/* End XCConfigurationList section */

/* Begin XCVersionGroup section */
		1D5223F116979852007C7BBE /* UnboundCoreDataUtility.xcdatamodeld */ = {
			isa = XCVersionGroup;
			children = (
				1D5223F216979852007C7BBE /* UnboundCoreDataUtility.xcdatamodel */,
			);
			currentVersion = 1D5223F216979852007C7BBE /* UnboundCoreDataUtility.xcdatamodel */;
			path = UnboundCoreDataUtility.xcdatamodeld;
			sourceTree = "<group>";
			versionGroupType = wrapper.xcdatamodel;
		};
/* End XCVersionGroup section */
	};
	rootObject = 1D5223CC16979852007C7BBE /* Project object */;
}
