// !$*UTF8*$!
{
	archiveVersion = 1;
	classes = {
	};
	objectVersion = 46;
	objects = {

/* Begin PBXBuildFile section */
		1D0834FB167D6478003D557A /* PIXPageViewController.m in Sources */ = {isa = PBXBuildFile; fileRef = 1D0834F9167D6478003D557A /* PIXPageViewController.m */; };
		1D0834FC167D6478003D557A /* PIXPageViewController.xib in Resources */ = {isa = PBXBuildFile; fileRef = 1D0834FA167D6478003D557A /* PIXPageViewController.xib */; };
		1D083501167D6678003D557A /* PIXImageBrowserViewController.m in Sources */ = {isa = PBXBuildFile; fileRef = 1D0834FF167D6678003D557A /* PIXImageBrowserViewController.m */; };
		1D083502167D6678003D557A /* PIXImageBrowserViewController.xib in Resources */ = {isa = PBXBuildFile; fileRef = 1D083500167D6678003D557A /* PIXImageBrowserViewController.xib */; };
		1D083513167D785F003D557A /* PIXImageBrowserView.m in Sources */ = {isa = PBXBuildFile; fileRef = 1D083512167D785F003D557A /* PIXImageBrowserView.m */; };
		1D083516167D78AD003D557A /* PIXImageBrowserCell.m in Sources */ = {isa = PBXBuildFile; fileRef = 1D083515167D78AD003D557A /* PIXImageBrowserCell.m */; };
		1D083519167DCA71003D557A /* AutoSizingImageView.m in Sources */ = {isa = PBXBuildFile; fileRef = 1D083518167DCA71003D557A /* AutoSizingImageView.m */; };
		1D083520167E7C80003D557A /* PIXPageView.m in Sources */ = {isa = PBXBuildFile; fileRef = 1D08351F167E7C80003D557A /* PIXPageView.m */; };
		1D083526167E7EEE003D557A /* imageview.xib in Resources */ = {isa = PBXBuildFile; fileRef = 1D083525167E7EEE003D557A /* imageview.xib */; };
		1D08352D167E8B2B003D557A /* PIXImageViewController.m in Sources */ = {isa = PBXBuildFile; fileRef = 1D08352C167E8B2B003D557A /* PIXImageViewController.m */; };
		1D14199C167FC33C00A8A920 /* ArchDirectoryObserver.framework in CopyFiles */ = {isa = PBXBuildFile; fileRef = 1DB2F872167AC15F008AC0F7 /* ArchDirectoryObserver.framework */; };
		1D1C179516A7017D006B1D42 /* PIXBCAlbumViewController.m in Sources */ = {isa = PBXBuildFile; fileRef = 1D1C179316A7017D006B1D42 /* PIXBCAlbumViewController.m */; };
		1D1C179616A7017D006B1D42 /* PIXBCAlbumViewController.xib in Resources */ = {isa = PBXBuildFile; fileRef = 1D1C179416A7017D006B1D42 /* PIXBCAlbumViewController.xib */; };
		1D1C179C16A70A23006B1D42 /* BCCollectionView.m in Sources */ = {isa = PBXBuildFile; fileRef = 1DC0C96816A6F7640081F5A5 /* BCCollectionView.m */; settings = {COMPILER_FLAGS = "-fno-objc-arc"; }; };
		1D1C179D16A70A23006B1D42 /* BCCollectionView+Dragging.m in Sources */ = {isa = PBXBuildFile; fileRef = 1DC0C96A16A6F7640081F5A5 /* BCCollectionView+Dragging.m */; settings = {COMPILER_FLAGS = "-fno-objc-arc"; }; };
		1D1C179E16A70A23006B1D42 /* BCCollectionView+Keyboard.m in Sources */ = {isa = PBXBuildFile; fileRef = 1DC0C96C16A6F7640081F5A5 /* BCCollectionView+Keyboard.m */; settings = {COMPILER_FLAGS = "-fno-objc-arc"; }; };
		1D1C179F16A70A23006B1D42 /* BCCollectionView+Mouse.m in Sources */ = {isa = PBXBuildFile; fileRef = 1DC0C96E16A6F7640081F5A5 /* BCCollectionView+Mouse.m */; settings = {COMPILER_FLAGS = "-fno-objc-arc"; }; };
		1D1C17A016A70A23006B1D42 /* BCCollectionView+Zoom.m in Sources */ = {isa = PBXBuildFile; fileRef = 1DC0C97016A6F7640081F5A5 /* BCCollectionView+Zoom.m */; settings = {COMPILER_FLAGS = "-fno-objc-arc"; }; };
		1D1C17A116A70A23006B1D42 /* BCCollectionViewGroup.m in Sources */ = {isa = PBXBuildFile; fileRef = 1DC0C97316A6F7640081F5A5 /* BCCollectionViewGroup.m */; settings = {COMPILER_FLAGS = "-fno-objc-arc"; }; };
		1D1C17A216A70A23006B1D42 /* BCCollectionViewLayoutItem.m in Sources */ = {isa = PBXBuildFile; fileRef = 1DC0C97516A6F7640081F5A5 /* BCCollectionViewLayoutItem.m */; settings = {COMPILER_FLAGS = "-fno-objc-arc"; }; };
		1D1C17A316A70A23006B1D42 /* BCCollectionViewLayoutManager.m in Sources */ = {isa = PBXBuildFile; fileRef = 1DC0C97716A6F7640081F5A5 /* BCCollectionViewLayoutManager.m */; settings = {COMPILER_FLAGS = "-fno-objc-arc"; }; };
		1D1C17A416A70A23006B1D42 /* BCCollectionViewLayoutOperation.m in Sources */ = {isa = PBXBuildFile; fileRef = 1DC0C97916A6F7640081F5A5 /* BCCollectionViewLayoutOperation.m */; settings = {COMPILER_FLAGS = "-fno-objc-arc"; }; };
		1D1C17AE16A70CAD006B1D42 /* Controller.m in Sources */ = {isa = PBXBuildFile; fileRef = 1D1C17AA16A70CAD006B1D42 /* Controller.m */; settings = {COMPILER_FLAGS = "-fno-objc-arc"; }; };
		1D1C17AF16A70CAD006B1D42 /* CellViewController.m in Sources */ = {isa = PBXBuildFile; fileRef = 1D1C17AC16A70CAD006B1D42 /* CellViewController.m */; settings = {COMPILER_FLAGS = "-fno-objc-arc"; }; };
		1D1C17B016A70CAD006B1D42 /* CellViewController.xib in Resources */ = {isa = PBXBuildFile; fileRef = 1D1C17AD16A70CAD006B1D42 /* CellViewController.xib */; };
		1D4A1DAE167AD93400C9A895 /* dark_bg.png in Resources */ = {isa = PBXBuildFile; fileRef = 1D4A1D9A167AD93400C9A895 /* dark_bg.png */; };
		1D4A1DAF167AD93400C9A895 /* dark_bg@2X.png in Resources */ = {isa = PBXBuildFile; fileRef = 1D4A1D9B167AD93400C9A895 /* dark_bg@2X.png */; };
		1D4A1DB0167AD93400C9A895 /* image1.jpg in Resources */ = {isa = PBXBuildFile; fileRef = 1D4A1D9C167AD93400C9A895 /* image1.jpg */; };
		1D4A1DB1167AD93400C9A895 /* image10.jpg in Resources */ = {isa = PBXBuildFile; fileRef = 1D4A1D9D167AD93400C9A895 /* image10.jpg */; };
		1D4A1DB2167AD93400C9A895 /* image11.jpg in Resources */ = {isa = PBXBuildFile; fileRef = 1D4A1D9E167AD93400C9A895 /* image11.jpg */; };
		1D4A1DB3167AD93400C9A895 /* image12.jpg in Resources */ = {isa = PBXBuildFile; fileRef = 1D4A1D9F167AD93400C9A895 /* image12.jpg */; };
		1D4A1DB4167AD93400C9A895 /* image2.jpg in Resources */ = {isa = PBXBuildFile; fileRef = 1D4A1DA0167AD93400C9A895 /* image2.jpg */; };
		1D4A1DB5167AD93400C9A895 /* image3.jpg in Resources */ = {isa = PBXBuildFile; fileRef = 1D4A1DA1167AD93400C9A895 /* image3.jpg */; };
		1D4A1DB6167AD93400C9A895 /* image4.jpg in Resources */ = {isa = PBXBuildFile; fileRef = 1D4A1DA2167AD93400C9A895 /* image4.jpg */; };
		1D4A1DB7167AD93400C9A895 /* image5.jpg in Resources */ = {isa = PBXBuildFile; fileRef = 1D4A1DA3167AD93400C9A895 /* image5.jpg */; };
		1D4A1DB8167AD93400C9A895 /* image6.jpg in Resources */ = {isa = PBXBuildFile; fileRef = 1D4A1DA4167AD93400C9A895 /* image6.jpg */; };
		1D4A1DB9167AD93400C9A895 /* image7.jpg in Resources */ = {isa = PBXBuildFile; fileRef = 1D4A1DA5167AD93400C9A895 /* image7.jpg */; };
		1D4A1DBA167AD93400C9A895 /* image8.jpg in Resources */ = {isa = PBXBuildFile; fileRef = 1D4A1DA6167AD93400C9A895 /* image8.jpg */; };
		1D4A1DBB167AD93400C9A895 /* image9.jpg in Resources */ = {isa = PBXBuildFile; fileRef = 1D4A1DA7167AD93400C9A895 /* image9.jpg */; };
		1D4A1DBC167AD93400C9A895 /* nophoto.png in Resources */ = {isa = PBXBuildFile; fileRef = 1D4A1DA8167AD93400C9A895 /* nophoto.png */; };
		1D4A1DBD167AD93400C9A895 /* nophoto@2x.png in Resources */ = {isa = PBXBuildFile; fileRef = 1D4A1DA9167AD93400C9A895 /* nophoto@2x.png */; };
		1D4A1DBE167AD93400C9A895 /* temp-portrait.jpg in Resources */ = {isa = PBXBuildFile; fileRef = 1D4A1DAA167AD93400C9A895 /* temp-portrait.jpg */; };
		1D4A1DBF167AD93400C9A895 /* temp-portrait@2x.jpg in Resources */ = {isa = PBXBuildFile; fileRef = 1D4A1DAB167AD93400C9A895 /* temp-portrait@2x.jpg */; };
		1D4A1DC0167AD93400C9A895 /* temp.jpg in Resources */ = {isa = PBXBuildFile; fileRef = 1D4A1DAC167AD93400C9A895 /* temp.jpg */; };
		1D4A1DC1167AD93400C9A895 /* temp@2x.jpg in Resources */ = {isa = PBXBuildFile; fileRef = 1D4A1DAD167AD93400C9A895 /* temp@2x.jpg */; };
		1D4A1DC4167ADA2400C9A895 /* PIXMainWindow.xib in Resources */ = {isa = PBXBuildFile; fileRef = 1D4A1DC3167ADA2400C9A895 /* PIXMainWindow.xib */; };
		1D4A1DCC167AE1A500C9A895 /* PIXMainWindowController.m in Sources */ = {isa = PBXBuildFile; fileRef = 1D4A1DCB167AE1A500C9A895 /* PIXMainWindowController.m */; };
		1D4A1DD0167AE22A00C9A895 /* PIXInfoWindowController.m in Sources */ = {isa = PBXBuildFile; fileRef = 1D4A1DCE167AE22A00C9A895 /* PIXInfoWindowController.m */; };
		1D4A1DD1167AE22A00C9A895 /* PIXInfoWindowController.xib in Resources */ = {isa = PBXBuildFile; fileRef = 1D4A1DCF167AE22A00C9A895 /* PIXInfoWindowController.xib */; };
		1D4A1DD4167AEEDE00C9A895 /* Preferences.m in Sources */ = {isa = PBXBuildFile; fileRef = 1D4A1DD3167AEEDE00C9A895 /* Preferences.m */; };
		1D4A1DDA167AFBD000C9A895 /* PIXObject.m in Sources */ = {isa = PBXBuildFile; fileRef = 1D4A1DD9167AFBD000C9A895 /* PIXObject.m */; };
		1D4A1DDD167AFBF100C9A895 /* Album.m in Sources */ = {isa = PBXBuildFile; fileRef = 1D4A1DDC167AFBF000C9A895 /* Album.m */; };
		1D4A1DE0167AFC0300C9A895 /* Photo.m in Sources */ = {isa = PBXBuildFile; fileRef = 1D4A1DDF167AFC0300C9A895 /* Photo.m */; };
		1D4A1DE4167AFC7100C9A895 /* PIXAlbumViewController.m in Sources */ = {isa = PBXBuildFile; fileRef = 1D4A1DE2167AFC7100C9A895 /* PIXAlbumViewController.m */; };
		1D4A1DE5167AFC7100C9A895 /* PIXAlbumViewController.xib in Resources */ = {isa = PBXBuildFile; fileRef = 1D4A1DE3167AFC7100C9A895 /* PIXAlbumViewController.xib */; };
		1D4A1DE8167B018D00C9A895 /* PIXFileSystemDataSource.m in Sources */ = {isa = PBXBuildFile; fileRef = 1D4A1DE7167B018D00C9A895 /* PIXFileSystemDataSource.m */; };
		1D4A1DF8167B0CD000C9A895 /* PIXAlbumCollectionViewItem.m in Sources */ = {isa = PBXBuildFile; fileRef = 1D4A1DF6167B0CD000C9A895 /* PIXAlbumCollectionViewItem.m */; };
		1D4A1DF9167B0CD000C9A895 /* PIXAlbumCollectionViewItem.xib in Resources */ = {isa = PBXBuildFile; fileRef = 1D4A1DF7167B0CD000C9A895 /* PIXAlbumCollectionViewItem.xib */; };
		1D4A1E00167BEAF300C9A895 /* PIXViewController.m in Sources */ = {isa = PBXBuildFile; fileRef = 1D4A1DFF167BEAF200C9A895 /* PIXViewController.m */; };
		1D4A1E03167BEC1800C9A895 /* PIXNavigationController.m in Sources */ = {isa = PBXBuildFile; fileRef = 1D4A1E02167BEC1700C9A895 /* PIXNavigationController.m */; };
		1D4A1E06167C051000C9A895 /* PIXAlbumCollectionView.m in Sources */ = {isa = PBXBuildFile; fileRef = 1D4A1E05167C050F00C9A895 /* PIXAlbumCollectionView.m */; };
		1D4A1E08167C056D00C9A895 /* QuartzCore.framework in Frameworks */ = {isa = PBXBuildFile; fileRef = 1D4A1E07167C056C00C9A895 /* QuartzCore.framework */; };
		1D4A1E0A167C062D00C9A895 /* IconViewPrototype.xib in Resources */ = {isa = PBXBuildFile; fileRef = 1D4A1E09167C062D00C9A895 /* IconViewPrototype.xib */; };
		1D4A1E0D167C065100C9A895 /* PIXBorderedImageView.m in Sources */ = {isa = PBXBuildFile; fileRef = 1D4A1E0C167C065000C9A895 /* PIXBorderedImageView.m */; };
		1D4A1E2B167D2A4D00C9A895 /* Quartz.framework in Frameworks */ = {isa = PBXBuildFile; fileRef = 1D4A1E2A167D2A4C00C9A895 /* Quartz.framework */; };
		1D4A1E30167D2D8F00C9A895 /* PIXSplitViewController.m in Sources */ = {isa = PBXBuildFile; fileRef = 1D4A1E2E167D2D8E00C9A895 /* PIXSplitViewController.m */; };
		1D4A1E31167D2D8F00C9A895 /* PIXSplitViewController.xib in Resources */ = {isa = PBXBuildFile; fileRef = 1D4A1E2F167D2D8E00C9A895 /* PIXSplitViewController.xib */; };
		1D4A1E36167D365900C9A895 /* PIXSidebarViewController.m in Sources */ = {isa = PBXBuildFile; fileRef = 1D4A1E34167D365900C9A895 /* PIXSidebarViewController.m */; };
		1D4A1E37167D365900C9A895 /* PIXSidebarViewController.xib in Resources */ = {isa = PBXBuildFile; fileRef = 1D4A1E35167D365900C9A895 /* PIXSidebarViewController.xib */; };
		1D4A1E3A167D36E100C9A895 /* PIXSidebarTableCellView.m in Sources */ = {isa = PBXBuildFile; fileRef = 1D4A1E39167D36E100C9A895 /* PIXSidebarTableCellView.m */; };
		1D4A1E3D167D372600C9A895 /* SquareImageView.m in Sources */ = {isa = PBXBuildFile; fileRef = 1D4A1E3C167D372600C9A895 /* SquareImageView.m */; };
		1D4A1E40167D3C8500C9A895 /* PIXDataSource.m in Sources */ = {isa = PBXBuildFile; fileRef = 1D4A1E3F167D3C8500C9A895 /* PIXDataSource.m */; };
		1D5F9D5B16AEF4A3008F8C80 /* PIXLoadAlbumOperation.m in Sources */ = {isa = PBXBuildFile; fileRef = 1D5F9D5A16AEF4A3008F8C80 /* PIXLoadAlbumOperation.m */; };
		1D5F9D5F16AEF815008F8C80 /* PIXGetAlbumPathsOperation.m in Sources */ = {isa = PBXBuildFile; fileRef = 1D5F9D5E16AEF814008F8C80 /* PIXGetAlbumPathsOperation.m */; };
		1D8CD7E816AB4D220072D516 /* PIXGridViewItemLayout.m in Sources */ = {isa = PBXBuildFile; fileRef = 1D8CD7E716AB4D220072D516 /* PIXGridViewItemLayout.m */; };
		1D8CD7EF16AB6EC70072D516 /* PIXGridViewController.m in Sources */ = {isa = PBXBuildFile; fileRef = 1D8CD7ED16AB6EC70072D516 /* PIXGridViewController.m */; };
		1D8CD7F016AB6EC70072D516 /* PIXGridViewController.xib in Resources */ = {isa = PBXBuildFile; fileRef = 1D8CD7EE16AB6EC70072D516 /* PIXGridViewController.xib */; };
		1D8CD7F416AB76E20072D516 /* PIXPhotoGridViewController.m in Sources */ = {isa = PBXBuildFile; fileRef = 1D8CD7F316AB76E20072D516 /* PIXPhotoGridViewController.m */; };
		1DA66CB016AA2ED10060D796 /* nophoto_200x200.jpg in Resources */ = {isa = PBXBuildFile; fileRef = 1DA66CAF16AA2ED00060D796 /* nophoto_200x200.jpg */; };
		1DB2F84F167ABE87008AC0F7 /* Cocoa.framework in Frameworks */ = {isa = PBXBuildFile; fileRef = 1DB2F84E167ABE87008AC0F7 /* Cocoa.framework */; };
		1DB2F859167ABE87008AC0F7 /* InfoPlist.strings in Resources */ = {isa = PBXBuildFile; fileRef = 1DB2F857167ABE87008AC0F7 /* InfoPlist.strings */; };
		1DB2F85B167ABE87008AC0F7 /* main.m in Sources */ = {isa = PBXBuildFile; fileRef = 1DB2F85A167ABE87008AC0F7 /* main.m */; };
		1DB2F85F167ABE87008AC0F7 /* Credits.rtf in Resources */ = {isa = PBXBuildFile; fileRef = 1DB2F85D167ABE87008AC0F7 /* Credits.rtf */; };
		1DB2F862167ABE87008AC0F7 /* PIXAppDelegate.m in Sources */ = {isa = PBXBuildFile; fileRef = 1DB2F861167ABE87008AC0F7 /* PIXAppDelegate.m */; };
		1DB2F865167ABE87008AC0F7 /* MainMenu.xib in Resources */ = {isa = PBXBuildFile; fileRef = 1DB2F863167ABE87008AC0F7 /* MainMenu.xib */; };
		1DB2F86E167AC07F008AC0F7 /* icon.icns in Resources */ = {isa = PBXBuildFile; fileRef = 1DB2F86C167AC07F008AC0F7 /* icon.icns */; };
		1DB2F86F167AC07F008AC0F7 /* unbound_icon_512x512.png in Resources */ = {isa = PBXBuildFile; fileRef = 1DB2F86D167AC07F008AC0F7 /* unbound_icon_512x512.png */; };
		1DB2F873167AC15F008AC0F7 /* ArchDirectoryObserver.framework in Frameworks */ = {isa = PBXBuildFile; fileRef = 1DB2F872167AC15F008AC0F7 /* ArchDirectoryObserver.framework */; };
		1DC0C98516A6F7640081F5A5 /* readme.txt in Resources */ = {isa = PBXBuildFile; fileRef = 1DC0C97B16A6F7640081F5A5 /* readme.txt */; };
		1DDEF823169D2D9F00C0D303 /* PIXDataModel.xcdatamodeld in Sources */ = {isa = PBXBuildFile; fileRef = 1DDEF81D169D2D9F00C0D303 /* PIXDataModel.xcdatamodeld */; };
		1DDEF828169D2FE800C0D303 /* PIXThumbnail.m in Sources */ = {isa = PBXBuildFile; fileRef = 1DDEF827169D2FE800C0D303 /* PIXThumbnail.m */; };
		1DDEF82B169D2FE800C0D303 /* PIXAlbum.m in Sources */ = {isa = PBXBuildFile; fileRef = 1DDEF82A169D2FE800C0D303 /* PIXAlbum.m */; };
		1DDEF82E169D2FE800C0D303 /* PIXPhoto.m in Sources */ = {isa = PBXBuildFile; fileRef = 1DDEF82D169D2FE800C0D303 /* PIXPhoto.m */; };
		1DDEF830169D2FE800C0D303 /* PIXAccount.m in Sources */ = {isa = PBXBuildFile; fileRef = 1DDEF82F169D2FE800C0D303 /* PIXAccount.m */; };
		1DDEF833169D301200C0D303 /* PIXAppDelegate+CoreDataUtils.m in Sources */ = {isa = PBXBuildFile; fileRef = 1DDEF832169D301200C0D303 /* PIXAppDelegate+CoreDataUtils.m */; };
		1DDEF839169D34A400C0D303 /* GetPathsOperation.m in Sources */ = {isa = PBXBuildFile; fileRef = 1DDEF836169D34A400C0D303 /* GetPathsOperation.m */; };
		1DDEF83A169D34A400C0D303 /* LoadOperation.m in Sources */ = {isa = PBXBuildFile; fileRef = 1DDEF838169D34A400C0D303 /* LoadOperation.m */; };
		1DDEF83F169D34F100C0D303 /* PIXLoadingWindowController.m in Sources */ = {isa = PBXBuildFile; fileRef = 1DDEF83D169D34F100C0D303 /* PIXLoadingWindowController.m */; };
		1DDEF840169D34F100C0D303 /* PIXLoadingWindow.xib in Resources */ = {isa = PBXBuildFile; fileRef = 1DDEF83E169D34F100C0D303 /* PIXLoadingWindow.xib */; };
		1DDEF843169D3CF300C0D303 /* MakeThumbnailOperation.m in Sources */ = {isa = PBXBuildFile; fileRef = 1DDEF842169D3CF300C0D303 /* MakeThumbnailOperation.m */; settings = {COMPILER_FLAGS = "-fno-objc-arc"; }; };
		8C249E6E16AB426A00CB97AF /* PIXCNAlbumViewController.m in Sources */ = {isa = PBXBuildFile; fileRef = 8C249E6D16AB426A00CB97AF /* PIXCNAlbumViewController.m */; };
		8C249E7D16AB429E00CB97AF /* CNGridView.m in Sources */ = {isa = PBXBuildFile; fileRef = 8C249E7216AB429E00CB97AF /* CNGridView.m */; };
		8C249E7E16AB429E00CB97AF /* CNGridViewItem.m in Sources */ = {isa = PBXBuildFile; fileRef = 8C249E7616AB429E00CB97AF /* CNGridViewItem.m */; };
		8C249E7F16AB429E00CB97AF /* CNGridViewItemLayout.m in Sources */ = {isa = PBXBuildFile; fileRef = 8C249E7816AB429E00CB97AF /* CNGridViewItemLayout.m */; };
		8C249E8016AB429E00CB97AF /* NSColor+CNGridViewPalette.m in Sources */ = {isa = PBXBuildFile; fileRef = 8C249E7A16AB429E00CB97AF /* NSColor+CNGridViewPalette.m */; };
		8C249E8116AB429E00CB97AF /* NSView+CNGridView.m in Sources */ = {isa = PBXBuildFile; fileRef = 8C249E7C16AB429E00CB97AF /* NSView+CNGridView.m */; };
		8C249E8616AB467100CB97AF /* PIXAlbumGridViewItem.m in Sources */ = {isa = PBXBuildFile; fileRef = 8C249E8516AB467100CB97AF /* PIXAlbumGridViewItem.m */; };
		8C249E9116AB8DF600CB97AF /* PIXGridViewItem.m in Sources */ = {isa = PBXBuildFile; fileRef = 8C249E9016AB8DF600CB97AF /* PIXGridViewItem.m */; };
		8C249E9716AB8ED700CB97AF /* PIXCNAlbumViewController.xib in Resources */ = {isa = PBXBuildFile; fileRef = 8C249E8816AB560000CB97AF /* PIXCNAlbumViewController.xib */; };
		8C4B80E816B9D9FD00C7E8F4 /* PIXPhotoGridViewItem.m in Sources */ = {isa = PBXBuildFile; fileRef = 8C4B80E716B9D9FC00C7E8F4 /* PIXPhotoGridViewItem.m */; };
		8C972CB41680FE8B00358913 /* PIXModifierSwitchedEvent.m in Sources */ = {isa = PBXBuildFile; fileRef = 8C972CB31680FE8B00358913 /* PIXModifierSwitchedEvent.m */; };
/* End PBXBuildFile section */

/* Begin PBXCopyFilesBuildPhase section */
		1D4A1DC7167AE08100C9A895 /* CopyFiles */ = {
			isa = PBXCopyFilesBuildPhase;
			buildActionMask = 2147483647;
			dstPath = "";
			dstSubfolderSpec = 10;
			files = (
				1D14199C167FC33C00A8A920 /* ArchDirectoryObserver.framework in CopyFiles */,
			);
			runOnlyForDeploymentPostprocessing = 0;
		};
/* End PBXCopyFilesBuildPhase section */

/* Begin PBXFileReference section */
		1D0834F8167D6478003D557A /* PIXPageViewController.h */ = {isa = PBXFileReference; fileEncoding = 4; lastKnownFileType = sourcecode.c.h; path = PIXPageViewController.h; sourceTree = "<group>"; };
		1D0834F9167D6478003D557A /* PIXPageViewController.m */ = {isa = PBXFileReference; fileEncoding = 4; lastKnownFileType = sourcecode.c.objc; path = PIXPageViewController.m; sourceTree = "<group>"; };
		1D0834FA167D6478003D557A /* PIXPageViewController.xib */ = {isa = PBXFileReference; fileEncoding = 4; lastKnownFileType = file.xib; path = PIXPageViewController.xib; sourceTree = "<group>"; };
		1D0834FE167D6678003D557A /* PIXImageBrowserViewController.h */ = {isa = PBXFileReference; fileEncoding = 4; lastKnownFileType = sourcecode.c.h; path = PIXImageBrowserViewController.h; sourceTree = "<group>"; };
		1D0834FF167D6678003D557A /* PIXImageBrowserViewController.m */ = {isa = PBXFileReference; fileEncoding = 4; lastKnownFileType = sourcecode.c.objc; path = PIXImageBrowserViewController.m; sourceTree = "<group>"; };
		1D083500167D6678003D557A /* PIXImageBrowserViewController.xib */ = {isa = PBXFileReference; fileEncoding = 4; lastKnownFileType = file.xib; path = PIXImageBrowserViewController.xib; sourceTree = "<group>"; };
		1D083511167D785F003D557A /* PIXImageBrowserView.h */ = {isa = PBXFileReference; fileEncoding = 4; lastKnownFileType = sourcecode.c.h; path = PIXImageBrowserView.h; sourceTree = "<group>"; };
		1D083512167D785F003D557A /* PIXImageBrowserView.m */ = {isa = PBXFileReference; fileEncoding = 4; lastKnownFileType = sourcecode.c.objc; path = PIXImageBrowserView.m; sourceTree = "<group>"; };
		1D083514167D78AD003D557A /* PIXImageBrowserCell.h */ = {isa = PBXFileReference; fileEncoding = 4; lastKnownFileType = sourcecode.c.h; path = PIXImageBrowserCell.h; sourceTree = "<group>"; };
		1D083515167D78AD003D557A /* PIXImageBrowserCell.m */ = {isa = PBXFileReference; fileEncoding = 4; lastKnownFileType = sourcecode.c.objc; path = PIXImageBrowserCell.m; sourceTree = "<group>"; };
		1D083517167DCA71003D557A /* AutoSizingImageView.h */ = {isa = PBXFileReference; fileEncoding = 4; lastKnownFileType = sourcecode.c.h; path = AutoSizingImageView.h; sourceTree = "<group>"; };
		1D083518167DCA71003D557A /* AutoSizingImageView.m */ = {isa = PBXFileReference; fileEncoding = 4; lastKnownFileType = sourcecode.c.objc; path = AutoSizingImageView.m; sourceTree = "<group>"; };
		1D08351E167E7C80003D557A /* PIXPageView.h */ = {isa = PBXFileReference; fileEncoding = 4; lastKnownFileType = sourcecode.c.h; path = PIXPageView.h; sourceTree = "<group>"; };
		1D08351F167E7C80003D557A /* PIXPageView.m */ = {isa = PBXFileReference; fileEncoding = 4; lastKnownFileType = sourcecode.c.objc; path = PIXPageView.m; sourceTree = "<group>"; };
		1D083525167E7EEE003D557A /* imageview.xib */ = {isa = PBXFileReference; fileEncoding = 4; lastKnownFileType = file.xib; path = imageview.xib; sourceTree = "<group>"; };
		1D08352B167E8B2A003D557A /* PIXImageViewController.h */ = {isa = PBXFileReference; fileEncoding = 4; lastKnownFileType = sourcecode.c.h; path = PIXImageViewController.h; sourceTree = "<group>"; };
		1D08352C167E8B2B003D557A /* PIXImageViewController.m */ = {isa = PBXFileReference; fileEncoding = 4; lastKnownFileType = sourcecode.c.objc; path = PIXImageViewController.m; sourceTree = "<group>"; };
		1D1C179216A7017D006B1D42 /* PIXBCAlbumViewController.h */ = {isa = PBXFileReference; fileEncoding = 4; lastKnownFileType = sourcecode.c.h; path = PIXBCAlbumViewController.h; sourceTree = "<group>"; };
		1D1C179316A7017D006B1D42 /* PIXBCAlbumViewController.m */ = {isa = PBXFileReference; fileEncoding = 4; lastKnownFileType = sourcecode.c.objc; path = PIXBCAlbumViewController.m; sourceTree = "<group>"; };
		1D1C179416A7017D006B1D42 /* PIXBCAlbumViewController.xib */ = {isa = PBXFileReference; fileEncoding = 4; lastKnownFileType = file.xib; path = PIXBCAlbumViewController.xib; sourceTree = "<group>"; };
		1D1C17A916A70CAD006B1D42 /* Controller.h */ = {isa = PBXFileReference; fileEncoding = 4; lastKnownFileType = sourcecode.c.h; path = Controller.h; sourceTree = "<group>"; };
		1D1C17AA16A70CAD006B1D42 /* Controller.m */ = {isa = PBXFileReference; fileEncoding = 4; lastKnownFileType = sourcecode.c.objc; path = Controller.m; sourceTree = "<group>"; };
		1D1C17AB16A70CAD006B1D42 /* CellViewController.h */ = {isa = PBXFileReference; fileEncoding = 4; lastKnownFileType = sourcecode.c.h; path = CellViewController.h; sourceTree = "<group>"; };
		1D1C17AC16A70CAD006B1D42 /* CellViewController.m */ = {isa = PBXFileReference; fileEncoding = 4; lastKnownFileType = sourcecode.c.objc; path = CellViewController.m; sourceTree = "<group>"; };
		1D1C17AD16A70CAD006B1D42 /* CellViewController.xib */ = {isa = PBXFileReference; fileEncoding = 4; lastKnownFileType = file.xib; path = CellViewController.xib; sourceTree = "<group>"; };
		1D4A1D9A167AD93400C9A895 /* dark_bg.png */ = {isa = PBXFileReference; lastKnownFileType = image.png; path = dark_bg.png; sourceTree = "<group>"; };
		1D4A1D9B167AD93400C9A895 /* dark_bg@2X.png */ = {isa = PBXFileReference; lastKnownFileType = image.png; path = "dark_bg@2X.png"; sourceTree = "<group>"; };
		1D4A1D9C167AD93400C9A895 /* image1.jpg */ = {isa = PBXFileReference; lastKnownFileType = image.jpeg; path = image1.jpg; sourceTree = "<group>"; };
		1D4A1D9D167AD93400C9A895 /* image10.jpg */ = {isa = PBXFileReference; lastKnownFileType = image.jpeg; path = image10.jpg; sourceTree = "<group>"; };
		1D4A1D9E167AD93400C9A895 /* image11.jpg */ = {isa = PBXFileReference; lastKnownFileType = image.jpeg; path = image11.jpg; sourceTree = "<group>"; };
		1D4A1D9F167AD93400C9A895 /* image12.jpg */ = {isa = PBXFileReference; lastKnownFileType = image.jpeg; path = image12.jpg; sourceTree = "<group>"; };
		1D4A1DA0167AD93400C9A895 /* image2.jpg */ = {isa = PBXFileReference; lastKnownFileType = image.jpeg; path = image2.jpg; sourceTree = "<group>"; };
		1D4A1DA1167AD93400C9A895 /* image3.jpg */ = {isa = PBXFileReference; lastKnownFileType = image.jpeg; path = image3.jpg; sourceTree = "<group>"; };
		1D4A1DA2167AD93400C9A895 /* image4.jpg */ = {isa = PBXFileReference; lastKnownFileType = image.jpeg; path = image4.jpg; sourceTree = "<group>"; };
		1D4A1DA3167AD93400C9A895 /* image5.jpg */ = {isa = PBXFileReference; lastKnownFileType = image.jpeg; path = image5.jpg; sourceTree = "<group>"; };
		1D4A1DA4167AD93400C9A895 /* image6.jpg */ = {isa = PBXFileReference; lastKnownFileType = image.jpeg; path = image6.jpg; sourceTree = "<group>"; };
		1D4A1DA5167AD93400C9A895 /* image7.jpg */ = {isa = PBXFileReference; lastKnownFileType = image.jpeg; path = image7.jpg; sourceTree = "<group>"; };
		1D4A1DA6167AD93400C9A895 /* image8.jpg */ = {isa = PBXFileReference; lastKnownFileType = image.jpeg; path = image8.jpg; sourceTree = "<group>"; };
		1D4A1DA7167AD93400C9A895 /* image9.jpg */ = {isa = PBXFileReference; lastKnownFileType = image.jpeg; path = image9.jpg; sourceTree = "<group>"; };
		1D4A1DA8167AD93400C9A895 /* nophoto.png */ = {isa = PBXFileReference; lastKnownFileType = image.png; path = nophoto.png; sourceTree = "<group>"; };
		1D4A1DA9167AD93400C9A895 /* nophoto@2x.png */ = {isa = PBXFileReference; lastKnownFileType = image.png; path = "nophoto@2x.png"; sourceTree = "<group>"; };
		1D4A1DAA167AD93400C9A895 /* temp-portrait.jpg */ = {isa = PBXFileReference; lastKnownFileType = image.jpeg; path = "temp-portrait.jpg"; sourceTree = "<group>"; };
		1D4A1DAB167AD93400C9A895 /* temp-portrait@2x.jpg */ = {isa = PBXFileReference; lastKnownFileType = image.jpeg; path = "temp-portrait@2x.jpg"; sourceTree = "<group>"; };
		1D4A1DAC167AD93400C9A895 /* temp.jpg */ = {isa = PBXFileReference; lastKnownFileType = image.jpeg; path = temp.jpg; sourceTree = "<group>"; };
		1D4A1DAD167AD93400C9A895 /* temp@2x.jpg */ = {isa = PBXFileReference; lastKnownFileType = image.jpeg; path = "temp@2x.jpg"; sourceTree = "<group>"; };
		1D4A1DC3167ADA2400C9A895 /* PIXMainWindow.xib */ = {isa = PBXFileReference; fileEncoding = 4; lastKnownFileType = file.xib; path = PIXMainWindow.xib; sourceTree = "<group>"; };
		1D4A1DCA167AE1A500C9A895 /* PIXMainWindowController.h */ = {isa = PBXFileReference; fileEncoding = 4; lastKnownFileType = sourcecode.c.h; path = PIXMainWindowController.h; sourceTree = "<group>"; };
		1D4A1DCB167AE1A500C9A895 /* PIXMainWindowController.m */ = {isa = PBXFileReference; fileEncoding = 4; lastKnownFileType = sourcecode.c.objc; path = PIXMainWindowController.m; sourceTree = "<group>"; };
		1D4A1DCD167AE22A00C9A895 /* PIXInfoWindowController.h */ = {isa = PBXFileReference; fileEncoding = 4; lastKnownFileType = sourcecode.c.h; path = PIXInfoWindowController.h; sourceTree = "<group>"; };
		1D4A1DCE167AE22A00C9A895 /* PIXInfoWindowController.m */ = {isa = PBXFileReference; fileEncoding = 4; lastKnownFileType = sourcecode.c.objc; path = PIXInfoWindowController.m; sourceTree = "<group>"; };
		1D4A1DCF167AE22A00C9A895 /* PIXInfoWindowController.xib */ = {isa = PBXFileReference; fileEncoding = 4; lastKnownFileType = file.xib; path = PIXInfoWindowController.xib; sourceTree = "<group>"; };
		1D4A1DD2167AEEDE00C9A895 /* Preferences.h */ = {isa = PBXFileReference; fileEncoding = 4; lastKnownFileType = sourcecode.c.h; path = Preferences.h; sourceTree = "<group>"; };
		1D4A1DD3167AEEDE00C9A895 /* Preferences.m */ = {isa = PBXFileReference; fileEncoding = 4; lastKnownFileType = sourcecode.c.objc; path = Preferences.m; sourceTree = "<group>"; };
		1D4A1DD6167AF00000C9A895 /* PIXDefines.h */ = {isa = PBXFileReference; fileEncoding = 4; lastKnownFileType = sourcecode.c.h; path = PIXDefines.h; sourceTree = "<group>"; };
		1D4A1DD8167AFBD000C9A895 /* PIXObject.h */ = {isa = PBXFileReference; fileEncoding = 4; lastKnownFileType = sourcecode.c.h; path = PIXObject.h; sourceTree = "<group>"; };
		1D4A1DD9167AFBD000C9A895 /* PIXObject.m */ = {isa = PBXFileReference; fileEncoding = 4; lastKnownFileType = sourcecode.c.objc; path = PIXObject.m; sourceTree = "<group>"; };
		1D4A1DDB167AFBF000C9A895 /* Album.h */ = {isa = PBXFileReference; fileEncoding = 4; lastKnownFileType = sourcecode.c.h; path = Album.h; sourceTree = "<group>"; };
		1D4A1DDC167AFBF000C9A895 /* Album.m */ = {isa = PBXFileReference; fileEncoding = 4; lastKnownFileType = sourcecode.c.objc; path = Album.m; sourceTree = "<group>"; };
		1D4A1DDE167AFC0300C9A895 /* Photo.h */ = {isa = PBXFileReference; fileEncoding = 4; lastKnownFileType = sourcecode.c.h; path = Photo.h; sourceTree = "<group>"; };
		1D4A1DDF167AFC0300C9A895 /* Photo.m */ = {isa = PBXFileReference; fileEncoding = 4; lastKnownFileType = sourcecode.c.objc; path = Photo.m; sourceTree = "<group>"; };
		1D4A1DE1167AFC7100C9A895 /* PIXAlbumViewController.h */ = {isa = PBXFileReference; fileEncoding = 4; lastKnownFileType = sourcecode.c.h; path = PIXAlbumViewController.h; sourceTree = "<group>"; };
		1D4A1DE2167AFC7100C9A895 /* PIXAlbumViewController.m */ = {isa = PBXFileReference; fileEncoding = 4; lastKnownFileType = sourcecode.c.objc; path = PIXAlbumViewController.m; sourceTree = "<group>"; };
		1D4A1DE3167AFC7100C9A895 /* PIXAlbumViewController.xib */ = {isa = PBXFileReference; fileEncoding = 4; lastKnownFileType = file.xib; path = PIXAlbumViewController.xib; sourceTree = "<group>"; };
		1D4A1DE6167B018D00C9A895 /* PIXFileSystemDataSource.h */ = {isa = PBXFileReference; fileEncoding = 4; lastKnownFileType = sourcecode.c.h; path = PIXFileSystemDataSource.h; sourceTree = "<group>"; };
		1D4A1DE7167B018D00C9A895 /* PIXFileSystemDataSource.m */ = {isa = PBXFileReference; fileEncoding = 4; lastKnownFileType = sourcecode.c.objc; path = PIXFileSystemDataSource.m; sourceTree = "<group>"; };
		1D4A1DF5167B0CD000C9A895 /* PIXAlbumCollectionViewItem.h */ = {isa = PBXFileReference; fileEncoding = 4; lastKnownFileType = sourcecode.c.h; path = PIXAlbumCollectionViewItem.h; sourceTree = "<group>"; };
		1D4A1DF6167B0CD000C9A895 /* PIXAlbumCollectionViewItem.m */ = {isa = PBXFileReference; fileEncoding = 4; lastKnownFileType = sourcecode.c.objc; path = PIXAlbumCollectionViewItem.m; sourceTree = "<group>"; };
		1D4A1DF7167B0CD000C9A895 /* PIXAlbumCollectionViewItem.xib */ = {isa = PBXFileReference; fileEncoding = 4; lastKnownFileType = file.xib; path = PIXAlbumCollectionViewItem.xib; sourceTree = "<group>"; };
		1D4A1DFE167BEAF200C9A895 /* PIXViewController.h */ = {isa = PBXFileReference; fileEncoding = 4; lastKnownFileType = sourcecode.c.h; path = PIXViewController.h; sourceTree = "<group>"; };
		1D4A1DFF167BEAF200C9A895 /* PIXViewController.m */ = {isa = PBXFileReference; fileEncoding = 4; lastKnownFileType = sourcecode.c.objc; path = PIXViewController.m; sourceTree = "<group>"; };
		1D4A1E01167BEC1600C9A895 /* PIXNavigationController.h */ = {isa = PBXFileReference; fileEncoding = 4; lastKnownFileType = sourcecode.c.h; path = PIXNavigationController.h; sourceTree = "<group>"; };
		1D4A1E02167BEC1700C9A895 /* PIXNavigationController.m */ = {isa = PBXFileReference; fileEncoding = 4; lastKnownFileType = sourcecode.c.objc; path = PIXNavigationController.m; sourceTree = "<group>"; };
		1D4A1E04167C050F00C9A895 /* PIXAlbumCollectionView.h */ = {isa = PBXFileReference; fileEncoding = 4; lastKnownFileType = sourcecode.c.h; path = PIXAlbumCollectionView.h; sourceTree = "<group>"; };
		1D4A1E05167C050F00C9A895 /* PIXAlbumCollectionView.m */ = {isa = PBXFileReference; fileEncoding = 4; lastKnownFileType = sourcecode.c.objc; path = PIXAlbumCollectionView.m; sourceTree = "<group>"; };
		1D4A1E07167C056C00C9A895 /* QuartzCore.framework */ = {isa = PBXFileReference; lastKnownFileType = wrapper.framework; name = QuartzCore.framework; path = System/Library/Frameworks/QuartzCore.framework; sourceTree = SDKROOT; };
		1D4A1E09167C062D00C9A895 /* IconViewPrototype.xib */ = {isa = PBXFileReference; fileEncoding = 4; lastKnownFileType = file.xib; path = IconViewPrototype.xib; sourceTree = "<group>"; };
		1D4A1E0B167C065000C9A895 /* PIXBorderedImageView.h */ = {isa = PBXFileReference; fileEncoding = 4; lastKnownFileType = sourcecode.c.h; path = PIXBorderedImageView.h; sourceTree = "<group>"; };
		1D4A1E0C167C065000C9A895 /* PIXBorderedImageView.m */ = {isa = PBXFileReference; fileEncoding = 4; lastKnownFileType = sourcecode.c.objc; path = PIXBorderedImageView.m; sourceTree = "<group>"; };
		1D4A1E2A167D2A4C00C9A895 /* Quartz.framework */ = {isa = PBXFileReference; lastKnownFileType = wrapper.framework; name = Quartz.framework; path = System/Library/Frameworks/Quartz.framework; sourceTree = SDKROOT; };
		1D4A1E2D167D2D8E00C9A895 /* PIXSplitViewController.h */ = {isa = PBXFileReference; fileEncoding = 4; lastKnownFileType = sourcecode.c.h; path = PIXSplitViewController.h; sourceTree = "<group>"; };
		1D4A1E2E167D2D8E00C9A895 /* PIXSplitViewController.m */ = {isa = PBXFileReference; fileEncoding = 4; lastKnownFileType = sourcecode.c.objc; path = PIXSplitViewController.m; sourceTree = "<group>"; };
		1D4A1E2F167D2D8E00C9A895 /* PIXSplitViewController.xib */ = {isa = PBXFileReference; fileEncoding = 4; lastKnownFileType = file.xib; path = PIXSplitViewController.xib; sourceTree = "<group>"; };
		1D4A1E33167D365900C9A895 /* PIXSidebarViewController.h */ = {isa = PBXFileReference; fileEncoding = 4; lastKnownFileType = sourcecode.c.h; path = PIXSidebarViewController.h; sourceTree = "<group>"; };
		1D4A1E34167D365900C9A895 /* PIXSidebarViewController.m */ = {isa = PBXFileReference; fileEncoding = 4; lastKnownFileType = sourcecode.c.objc; path = PIXSidebarViewController.m; sourceTree = "<group>"; };
		1D4A1E35167D365900C9A895 /* PIXSidebarViewController.xib */ = {isa = PBXFileReference; fileEncoding = 4; lastKnownFileType = file.xib; path = PIXSidebarViewController.xib; sourceTree = "<group>"; };
		1D4A1E38167D36E100C9A895 /* PIXSidebarTableCellView.h */ = {isa = PBXFileReference; fileEncoding = 4; lastKnownFileType = sourcecode.c.h; path = PIXSidebarTableCellView.h; sourceTree = "<group>"; };
		1D4A1E39167D36E100C9A895 /* PIXSidebarTableCellView.m */ = {isa = PBXFileReference; fileEncoding = 4; lastKnownFileType = sourcecode.c.objc; path = PIXSidebarTableCellView.m; sourceTree = "<group>"; };
		1D4A1E3B167D372600C9A895 /* SquareImageView.h */ = {isa = PBXFileReference; fileEncoding = 4; lastKnownFileType = sourcecode.c.h; path = SquareImageView.h; sourceTree = "<group>"; };
		1D4A1E3C167D372600C9A895 /* SquareImageView.m */ = {isa = PBXFileReference; fileEncoding = 4; lastKnownFileType = sourcecode.c.objc; path = SquareImageView.m; sourceTree = "<group>"; };
		1D4A1E3E167D3C8400C9A895 /* PIXDataSource.h */ = {isa = PBXFileReference; fileEncoding = 4; lastKnownFileType = sourcecode.c.h; path = PIXDataSource.h; sourceTree = "<group>"; };
		1D4A1E3F167D3C8500C9A895 /* PIXDataSource.m */ = {isa = PBXFileReference; fileEncoding = 4; lastKnownFileType = sourcecode.c.objc; path = PIXDataSource.m; sourceTree = "<group>"; };
		1D5F9D5916AEF4A2008F8C80 /* PIXLoadAlbumOperation.h */ = {isa = PBXFileReference; fileEncoding = 4; lastKnownFileType = sourcecode.c.h; path = PIXLoadAlbumOperation.h; sourceTree = "<group>"; };
		1D5F9D5A16AEF4A3008F8C80 /* PIXLoadAlbumOperation.m */ = {isa = PBXFileReference; fileEncoding = 4; lastKnownFileType = sourcecode.c.objc; path = PIXLoadAlbumOperation.m; sourceTree = "<group>"; };
		1D5F9D5D16AEF814008F8C80 /* PIXGetAlbumPathsOperation.h */ = {isa = PBXFileReference; fileEncoding = 4; lastKnownFileType = sourcecode.c.h; path = PIXGetAlbumPathsOperation.h; sourceTree = "<group>"; };
		1D5F9D5E16AEF814008F8C80 /* PIXGetAlbumPathsOperation.m */ = {isa = PBXFileReference; fileEncoding = 4; lastKnownFileType = sourcecode.c.objc; path = PIXGetAlbumPathsOperation.m; sourceTree = "<group>"; };
		1D8CD7E716AB4D220072D516 /* PIXGridViewItemLayout.m */ = {isa = PBXFileReference; fileEncoding = 4; lastKnownFileType = sourcecode.c.objc; path = PIXGridViewItemLayout.m; sourceTree = "<group>"; };
		1D8CD7EC16AB6EC70072D516 /* PIXGridViewController.h */ = {isa = PBXFileReference; fileEncoding = 4; lastKnownFileType = sourcecode.c.h; path = PIXGridViewController.h; sourceTree = "<group>"; };
		1D8CD7ED16AB6EC70072D516 /* PIXGridViewController.m */ = {isa = PBXFileReference; fileEncoding = 4; lastKnownFileType = sourcecode.c.objc; path = PIXGridViewController.m; sourceTree = "<group>"; };
		1D8CD7EE16AB6EC70072D516 /* PIXGridViewController.xib */ = {isa = PBXFileReference; fileEncoding = 4; lastKnownFileType = file.xib; path = PIXGridViewController.xib; sourceTree = "<group>"; };
		1D8CD7F116AB724C0072D516 /* PIXThumbnailLoadingDelegate.h */ = {isa = PBXFileReference; fileEncoding = 4; lastKnownFileType = sourcecode.c.h; path = PIXThumbnailLoadingDelegate.h; sourceTree = "<group>"; };
		1D8CD7F216AB76E20072D516 /* PIXPhotoGridViewController.h */ = {isa = PBXFileReference; fileEncoding = 4; lastKnownFileType = sourcecode.c.h; path = PIXPhotoGridViewController.h; sourceTree = "<group>"; };
		1D8CD7F316AB76E20072D516 /* PIXPhotoGridViewController.m */ = {isa = PBXFileReference; fileEncoding = 4; lastKnownFileType = sourcecode.c.objc; path = PIXPhotoGridViewController.m; sourceTree = "<group>"; };
		1DA66CAF16AA2ED00060D796 /* nophoto_200x200.jpg */ = {isa = PBXFileReference; lastKnownFileType = image.jpeg; path = nophoto_200x200.jpg; sourceTree = "<group>"; };
		1DB2F84A167ABE87008AC0F7 /* UnboundApp.app */ = {isa = PBXFileReference; explicitFileType = wrapper.application; includeInIndex = 0; path = UnboundApp.app; sourceTree = BUILT_PRODUCTS_DIR; };
		1DB2F84E167ABE87008AC0F7 /* Cocoa.framework */ = {isa = PBXFileReference; lastKnownFileType = wrapper.framework; name = Cocoa.framework; path = System/Library/Frameworks/Cocoa.framework; sourceTree = SDKROOT; };
		1DB2F851167ABE87008AC0F7 /* AppKit.framework */ = {isa = PBXFileReference; lastKnownFileType = wrapper.framework; name = AppKit.framework; path = System/Library/Frameworks/AppKit.framework; sourceTree = SDKROOT; };
		1DB2F852167ABE87008AC0F7 /* CoreData.framework */ = {isa = PBXFileReference; lastKnownFileType = wrapper.framework; name = CoreData.framework; path = System/Library/Frameworks/CoreData.framework; sourceTree = SDKROOT; };
		1DB2F853167ABE87008AC0F7 /* Foundation.framework */ = {isa = PBXFileReference; lastKnownFileType = wrapper.framework; name = Foundation.framework; path = System/Library/Frameworks/Foundation.framework; sourceTree = SDKROOT; };
		1DB2F856167ABE87008AC0F7 /* UnboundApp-Info.plist */ = {isa = PBXFileReference; lastKnownFileType = text.plist.xml; path = "UnboundApp-Info.plist"; sourceTree = "<group>"; };
		1DB2F858167ABE87008AC0F7 /* en */ = {isa = PBXFileReference; lastKnownFileType = text.plist.strings; name = en; path = en.lproj/InfoPlist.strings; sourceTree = "<group>"; };
		1DB2F85A167ABE87008AC0F7 /* main.m */ = {isa = PBXFileReference; lastKnownFileType = sourcecode.c.objc; path = main.m; sourceTree = "<group>"; };
		1DB2F85C167ABE87008AC0F7 /* UnboundApp-Prefix.pch */ = {isa = PBXFileReference; lastKnownFileType = sourcecode.c.h; path = "UnboundApp-Prefix.pch"; sourceTree = "<group>"; };
		1DB2F85E167ABE87008AC0F7 /* en */ = {isa = PBXFileReference; lastKnownFileType = text.rtf; name = en; path = en.lproj/Credits.rtf; sourceTree = "<group>"; };
		1DB2F860167ABE87008AC0F7 /* PIXAppDelegate.h */ = {isa = PBXFileReference; lastKnownFileType = sourcecode.c.h; path = PIXAppDelegate.h; sourceTree = "<group>"; };
		1DB2F861167ABE87008AC0F7 /* PIXAppDelegate.m */ = {isa = PBXFileReference; lastKnownFileType = sourcecode.c.objc; path = PIXAppDelegate.m; sourceTree = "<group>"; };
		1DB2F864167ABE87008AC0F7 /* en */ = {isa = PBXFileReference; lastKnownFileType = file.xib; name = en; path = en.lproj/MainMenu.xib; sourceTree = "<group>"; };
		1DB2F86B167ABF4F008AC0F7 /* UnboundApp.entitlements */ = {isa = PBXFileReference; lastKnownFileType = text.xml; path = UnboundApp.entitlements; sourceTree = "<group>"; };
		1DB2F86C167AC07F008AC0F7 /* icon.icns */ = {isa = PBXFileReference; lastKnownFileType = image.icns; path = icon.icns; sourceTree = SOURCE_ROOT; };
		1DB2F86D167AC07F008AC0F7 /* unbound_icon_512x512.png */ = {isa = PBXFileReference; lastKnownFileType = image.png; path = unbound_icon_512x512.png; sourceTree = SOURCE_ROOT; };
		1DB2F872167AC15F008AC0F7 /* ArchDirectoryObserver.framework */ = {isa = PBXFileReference; lastKnownFileType = wrapper.framework; path = ArchDirectoryObserver.framework; sourceTree = "<group>"; };
		1DC0C96716A6F7640081F5A5 /* BCCollectionView.h */ = {isa = PBXFileReference; fileEncoding = 4; lastKnownFileType = sourcecode.c.h; path = BCCollectionView.h; sourceTree = "<group>"; };
		1DC0C96816A6F7640081F5A5 /* BCCollectionView.m */ = {isa = PBXFileReference; fileEncoding = 4; lastKnownFileType = sourcecode.c.objc; path = BCCollectionView.m; sourceTree = "<group>"; };
		1DC0C96916A6F7640081F5A5 /* BCCollectionView+Dragging.h */ = {isa = PBXFileReference; fileEncoding = 4; lastKnownFileType = sourcecode.c.h; path = "BCCollectionView+Dragging.h"; sourceTree = "<group>"; };
		1DC0C96A16A6F7640081F5A5 /* BCCollectionView+Dragging.m */ = {isa = PBXFileReference; fileEncoding = 4; lastKnownFileType = sourcecode.c.objc; path = "BCCollectionView+Dragging.m"; sourceTree = "<group>"; };
		1DC0C96B16A6F7640081F5A5 /* BCCollectionView+Keyboard.h */ = {isa = PBXFileReference; fileEncoding = 4; lastKnownFileType = sourcecode.c.h; path = "BCCollectionView+Keyboard.h"; sourceTree = "<group>"; };
		1DC0C96C16A6F7640081F5A5 /* BCCollectionView+Keyboard.m */ = {isa = PBXFileReference; fileEncoding = 4; lastKnownFileType = sourcecode.c.objc; path = "BCCollectionView+Keyboard.m"; sourceTree = "<group>"; };
		1DC0C96D16A6F7640081F5A5 /* BCCollectionView+Mouse.h */ = {isa = PBXFileReference; fileEncoding = 4; lastKnownFileType = sourcecode.c.h; path = "BCCollectionView+Mouse.h"; sourceTree = "<group>"; };
		1DC0C96E16A6F7640081F5A5 /* BCCollectionView+Mouse.m */ = {isa = PBXFileReference; fileEncoding = 4; lastKnownFileType = sourcecode.c.objc; path = "BCCollectionView+Mouse.m"; sourceTree = "<group>"; };
		1DC0C96F16A6F7640081F5A5 /* BCCollectionView+Zoom.h */ = {isa = PBXFileReference; fileEncoding = 4; lastKnownFileType = sourcecode.c.h; path = "BCCollectionView+Zoom.h"; sourceTree = "<group>"; };
		1DC0C97016A6F7640081F5A5 /* BCCollectionView+Zoom.m */ = {isa = PBXFileReference; fileEncoding = 4; lastKnownFileType = sourcecode.c.objc; path = "BCCollectionView+Zoom.m"; sourceTree = "<group>"; };
		1DC0C97116A6F7640081F5A5 /* BCCollectionViewDelegate.h */ = {isa = PBXFileReference; fileEncoding = 4; lastKnownFileType = sourcecode.c.h; path = BCCollectionViewDelegate.h; sourceTree = "<group>"; };
		1DC0C97216A6F7640081F5A5 /* BCCollectionViewGroup.h */ = {isa = PBXFileReference; fileEncoding = 4; lastKnownFileType = sourcecode.c.h; path = BCCollectionViewGroup.h; sourceTree = "<group>"; };
		1DC0C97316A6F7640081F5A5 /* BCCollectionViewGroup.m */ = {isa = PBXFileReference; fileEncoding = 4; lastKnownFileType = sourcecode.c.objc; path = BCCollectionViewGroup.m; sourceTree = "<group>"; };
		1DC0C97416A6F7640081F5A5 /* BCCollectionViewLayoutItem.h */ = {isa = PBXFileReference; fileEncoding = 4; lastKnownFileType = sourcecode.c.h; path = BCCollectionViewLayoutItem.h; sourceTree = "<group>"; };
		1DC0C97516A6F7640081F5A5 /* BCCollectionViewLayoutItem.m */ = {isa = PBXFileReference; fileEncoding = 4; lastKnownFileType = sourcecode.c.objc; path = BCCollectionViewLayoutItem.m; sourceTree = "<group>"; };
		1DC0C97616A6F7640081F5A5 /* BCCollectionViewLayoutManager.h */ = {isa = PBXFileReference; fileEncoding = 4; lastKnownFileType = sourcecode.c.h; path = BCCollectionViewLayoutManager.h; sourceTree = "<group>"; };
		1DC0C97716A6F7640081F5A5 /* BCCollectionViewLayoutManager.m */ = {isa = PBXFileReference; fileEncoding = 4; lastKnownFileType = sourcecode.c.objc; path = BCCollectionViewLayoutManager.m; sourceTree = "<group>"; };
		1DC0C97816A6F7640081F5A5 /* BCCollectionViewLayoutOperation.h */ = {isa = PBXFileReference; fileEncoding = 4; lastKnownFileType = sourcecode.c.h; path = BCCollectionViewLayoutOperation.h; sourceTree = "<group>"; };
		1DC0C97916A6F7640081F5A5 /* BCCollectionViewLayoutOperation.m */ = {isa = PBXFileReference; fileEncoding = 4; lastKnownFileType = sourcecode.c.objc; path = BCCollectionViewLayoutOperation.m; sourceTree = "<group>"; };
		1DC0C97A16A6F7640081F5A5 /* BCGeometryExtensions.h */ = {isa = PBXFileReference; fileEncoding = 4; lastKnownFileType = sourcecode.c.h; path = BCGeometryExtensions.h; sourceTree = "<group>"; };
		1DC0C97B16A6F7640081F5A5 /* readme.txt */ = {isa = PBXFileReference; fileEncoding = 4; lastKnownFileType = text; path = readme.txt; sourceTree = "<group>"; };
		1DDEF81E169D2D9F00C0D303 /* PIXDataModel.xcdatamodel */ = {isa = PBXFileReference; lastKnownFileType = wrapper.xcdatamodel; path = PIXDataModel.xcdatamodel; sourceTree = "<group>"; };
		1DDEF826169D2FE800C0D303 /* PIXThumbnail.h */ = {isa = PBXFileReference; fileEncoding = 4; lastKnownFileType = sourcecode.c.h; path = PIXThumbnail.h; sourceTree = "<group>"; };
		1DDEF827169D2FE800C0D303 /* PIXThumbnail.m */ = {isa = PBXFileReference; fileEncoding = 4; lastKnownFileType = sourcecode.c.objc; path = PIXThumbnail.m; sourceTree = "<group>"; };
		1DDEF829169D2FE800C0D303 /* PIXAlbum.h */ = {isa = PBXFileReference; fileEncoding = 4; lastKnownFileType = sourcecode.c.h; path = PIXAlbum.h; sourceTree = "<group>"; };
		1DDEF82A169D2FE800C0D303 /* PIXAlbum.m */ = {isa = PBXFileReference; fileEncoding = 4; lastKnownFileType = sourcecode.c.objc; path = PIXAlbum.m; sourceTree = "<group>"; };
		1DDEF82C169D2FE800C0D303 /* PIXPhoto.h */ = {isa = PBXFileReference; fileEncoding = 4; lastKnownFileType = sourcecode.c.h; path = PIXPhoto.h; sourceTree = "<group>"; };
		1DDEF82D169D2FE800C0D303 /* PIXPhoto.m */ = {isa = PBXFileReference; fileEncoding = 4; lastKnownFileType = sourcecode.c.objc; path = PIXPhoto.m; sourceTree = "<group>"; };
		1DDEF82F169D2FE800C0D303 /* PIXAccount.m */ = {isa = PBXFileReference; fileEncoding = 4; lastKnownFileType = sourcecode.c.objc; path = PIXAccount.m; sourceTree = "<group>"; };
		1DDEF831169D301200C0D303 /* PIXAppDelegate+CoreDataUtils.h */ = {isa = PBXFileReference; fileEncoding = 4; lastKnownFileType = sourcecode.c.h; path = "PIXAppDelegate+CoreDataUtils.h"; sourceTree = "<group>"; };
		1DDEF832169D301200C0D303 /* PIXAppDelegate+CoreDataUtils.m */ = {isa = PBXFileReference; fileEncoding = 4; lastKnownFileType = sourcecode.c.objc; path = "PIXAppDelegate+CoreDataUtils.m"; sourceTree = "<group>"; };
		1DDEF835169D34A400C0D303 /* GetPathsOperation.h */ = {isa = PBXFileReference; fileEncoding = 4; lastKnownFileType = sourcecode.c.h; path = GetPathsOperation.h; sourceTree = "<group>"; };
		1DDEF836169D34A400C0D303 /* GetPathsOperation.m */ = {isa = PBXFileReference; fileEncoding = 4; lastKnownFileType = sourcecode.c.objc; path = GetPathsOperation.m; sourceTree = "<group>"; };
		1DDEF837169D34A400C0D303 /* LoadOperation.h */ = {isa = PBXFileReference; fileEncoding = 4; lastKnownFileType = sourcecode.c.h; path = LoadOperation.h; sourceTree = "<group>"; };
		1DDEF838169D34A400C0D303 /* LoadOperation.m */ = {isa = PBXFileReference; fileEncoding = 4; lastKnownFileType = sourcecode.c.objc; path = LoadOperation.m; sourceTree = "<group>"; };
		1DDEF83C169D34F100C0D303 /* PIXLoadingWindowController.h */ = {isa = PBXFileReference; fileEncoding = 4; lastKnownFileType = sourcecode.c.h; path = PIXLoadingWindowController.h; sourceTree = "<group>"; };
		1DDEF83D169D34F100C0D303 /* PIXLoadingWindowController.m */ = {isa = PBXFileReference; fileEncoding = 4; lastKnownFileType = sourcecode.c.objc; path = PIXLoadingWindowController.m; sourceTree = "<group>"; };
		1DDEF83E169D34F100C0D303 /* PIXLoadingWindow.xib */ = {isa = PBXFileReference; fileEncoding = 4; lastKnownFileType = file.xib; path = PIXLoadingWindow.xib; sourceTree = "<group>"; };
		1DDEF841169D3CF300C0D303 /* MakeThumbnailOperation.h */ = {isa = PBXFileReference; fileEncoding = 4; lastKnownFileType = sourcecode.c.h; path = MakeThumbnailOperation.h; sourceTree = "<group>"; };
		1DDEF842169D3CF300C0D303 /* MakeThumbnailOperation.m */ = {isa = PBXFileReference; fileEncoding = 4; lastKnownFileType = sourcecode.c.objc; path = MakeThumbnailOperation.m; sourceTree = "<group>"; };
		8C249E6C16AB426A00CB97AF /* PIXCNAlbumViewController.h */ = {isa = PBXFileReference; fileEncoding = 4; lastKnownFileType = sourcecode.c.h; path = PIXCNAlbumViewController.h; sourceTree = "<group>"; };
		8C249E6D16AB426A00CB97AF /* PIXCNAlbumViewController.m */ = {isa = PBXFileReference; fileEncoding = 4; lastKnownFileType = sourcecode.c.objc; path = PIXCNAlbumViewController.m; sourceTree = "<group>"; };
		8C249E7116AB429E00CB97AF /* CNGridView.h */ = {isa = PBXFileReference; fileEncoding = 4; lastKnownFileType = sourcecode.c.h; path = CNGridView.h; sourceTree = "<group>"; };
		8C249E7216AB429E00CB97AF /* CNGridView.m */ = {isa = PBXFileReference; fileEncoding = 4; lastKnownFileType = sourcecode.c.objc; path = CNGridView.m; sourceTree = "<group>"; };
		8C249E7316AB429E00CB97AF /* CNGridViewDefinitions.h */ = {isa = PBXFileReference; fileEncoding = 4; lastKnownFileType = sourcecode.c.h; path = CNGridViewDefinitions.h; sourceTree = "<group>"; };
		8C249E7416AB429E00CB97AF /* CNGridViewDelegate.h */ = {isa = PBXFileReference; fileEncoding = 4; lastKnownFileType = sourcecode.c.h; path = CNGridViewDelegate.h; sourceTree = "<group>"; };
		8C249E7516AB429E00CB97AF /* CNGridViewItem.h */ = {isa = PBXFileReference; fileEncoding = 4; lastKnownFileType = sourcecode.c.h; path = CNGridViewItem.h; sourceTree = "<group>"; };
		8C249E7616AB429E00CB97AF /* CNGridViewItem.m */ = {isa = PBXFileReference; fileEncoding = 4; lastKnownFileType = sourcecode.c.objc; path = CNGridViewItem.m; sourceTree = "<group>"; };
		8C249E7716AB429E00CB97AF /* CNGridViewItemLayout.h */ = {isa = PBXFileReference; fileEncoding = 4; lastKnownFileType = sourcecode.c.h; path = CNGridViewItemLayout.h; sourceTree = "<group>"; };
		8C249E7816AB429E00CB97AF /* CNGridViewItemLayout.m */ = {isa = PBXFileReference; fileEncoding = 4; lastKnownFileType = sourcecode.c.objc; path = CNGridViewItemLayout.m; sourceTree = "<group>"; };
		8C249E7916AB429E00CB97AF /* NSColor+CNGridViewPalette.h */ = {isa = PBXFileReference; fileEncoding = 4; lastKnownFileType = sourcecode.c.h; path = "NSColor+CNGridViewPalette.h"; sourceTree = "<group>"; };
		8C249E7A16AB429E00CB97AF /* NSColor+CNGridViewPalette.m */ = {isa = PBXFileReference; fileEncoding = 4; lastKnownFileType = sourcecode.c.objc; path = "NSColor+CNGridViewPalette.m"; sourceTree = "<group>"; };
		8C249E7B16AB429E00CB97AF /* NSView+CNGridView.h */ = {isa = PBXFileReference; fileEncoding = 4; lastKnownFileType = sourcecode.c.h; path = "NSView+CNGridView.h"; sourceTree = "<group>"; };
		8C249E7C16AB429E00CB97AF /* NSView+CNGridView.m */ = {isa = PBXFileReference; fileEncoding = 4; lastKnownFileType = sourcecode.c.objc; path = "NSView+CNGridView.m"; sourceTree = "<group>"; };
		8C249E8416AB467000CB97AF /* PIXAlbumGridViewItem.h */ = {isa = PBXFileReference; fileEncoding = 4; lastKnownFileType = sourcecode.c.h; path = PIXAlbumGridViewItem.h; sourceTree = "<group>"; };
		8C249E8516AB467100CB97AF /* PIXAlbumGridViewItem.m */ = {isa = PBXFileReference; fileEncoding = 4; lastKnownFileType = sourcecode.c.objc; path = PIXAlbumGridViewItem.m; sourceTree = "<group>"; };
		8C249E8716AB4CAB00CB97AF /* CNLog.h */ = {isa = PBXFileReference; fileEncoding = 4; lastKnownFileType = sourcecode.c.h; path = CNLog.h; sourceTree = "<group>"; };
		8C249E8816AB560000CB97AF /* PIXCNAlbumViewController.xib */ = {isa = PBXFileReference; fileEncoding = 4; lastKnownFileType = file.xib; path = PIXCNAlbumViewController.xib; sourceTree = "<group>"; };
		8C249E8F16AB8DF600CB97AF /* PIXGridViewItem.h */ = {isa = PBXFileReference; fileEncoding = 4; lastKnownFileType = sourcecode.c.h; path = PIXGridViewItem.h; sourceTree = "<group>"; };
		8C249E9016AB8DF600CB97AF /* PIXGridViewItem.m */ = {isa = PBXFileReference; fileEncoding = 4; lastKnownFileType = sourcecode.c.objc; path = PIXGridViewItem.m; sourceTree = "<group>"; };
		8C4B80E616B9D9FC00C7E8F4 /* PIXPhotoGridViewItem.h */ = {isa = PBXFileReference; fileEncoding = 4; lastKnownFileType = sourcecode.c.h; path = PIXPhotoGridViewItem.h; sourceTree = "<group>"; };
		8C4B80E716B9D9FC00C7E8F4 /* PIXPhotoGridViewItem.m */ = {isa = PBXFileReference; fileEncoding = 4; lastKnownFileType = sourcecode.c.objc; path = PIXPhotoGridViewItem.m; sourceTree = "<group>"; };
		8C972CB21680FE8A00358913 /* PIXModifierSwitchedEvent.h */ = {isa = PBXFileReference; fileEncoding = 4; lastKnownFileType = sourcecode.c.h; path = PIXModifierSwitchedEvent.h; sourceTree = "<group>"; };
		8C972CB31680FE8B00358913 /* PIXModifierSwitchedEvent.m */ = {isa = PBXFileReference; fileEncoding = 4; lastKnownFileType = sourcecode.c.objc; path = PIXModifierSwitchedEvent.m; sourceTree = "<group>"; };
/* End PBXFileReference section */

/* Begin PBXFrameworksBuildPhase section */
		1DB2F847167ABE87008AC0F7 /* Frameworks */ = {
			isa = PBXFrameworksBuildPhase;
			buildActionMask = 2147483647;
			files = (
				1D4A1E2B167D2A4D00C9A895 /* Quartz.framework in Frameworks */,
				1D4A1E08167C056D00C9A895 /* QuartzCore.framework in Frameworks */,
				1DB2F873167AC15F008AC0F7 /* ArchDirectoryObserver.framework in Frameworks */,
				1DB2F84F167ABE87008AC0F7 /* Cocoa.framework in Frameworks */,
			);
			runOnlyForDeploymentPostprocessing = 0;
		};
/* End PBXFrameworksBuildPhase section */

/* Begin PBXGroup section */
		1D0834F5167D63E5003D557A /* PageView */ = {
			isa = PBXGroup;
			children = (
				1D083525167E7EEE003D557A /* imageview.xib */,
				1D083517167DCA71003D557A /* AutoSizingImageView.h */,
				1D083518167DCA71003D557A /* AutoSizingImageView.m */,
				1D0834F8167D6478003D557A /* PIXPageViewController.h */,
				1D0834F9167D6478003D557A /* PIXPageViewController.m */,
				1D0834FA167D6478003D557A /* PIXPageViewController.xib */,
				1D08351E167E7C80003D557A /* PIXPageView.h */,
				1D08351F167E7C80003D557A /* PIXPageView.m */,
				1D08352B167E8B2A003D557A /* PIXImageViewController.h */,
				1D08352C167E8B2B003D557A /* PIXImageViewController.m */,
			);
			name = PageView;
			sourceTree = "<group>";
		};
		1D0834FD167D6609003D557A /* PhotoBrowserView */ = {
			isa = PBXGroup;
			children = (
				1D083511167D785F003D557A /* PIXImageBrowserView.h */,
				1D083512167D785F003D557A /* PIXImageBrowserView.m */,
				8C972CB21680FE8A00358913 /* PIXModifierSwitchedEvent.h */,
				8C972CB31680FE8B00358913 /* PIXModifierSwitchedEvent.m */,
				1D0834FE167D6678003D557A /* PIXImageBrowserViewController.h */,
				1D0834FF167D6678003D557A /* PIXImageBrowserViewController.m */,
				1D083500167D6678003D557A /* PIXImageBrowserViewController.xib */,
				1D083514167D78AD003D557A /* PIXImageBrowserCell.h */,
				1D083515167D78AD003D557A /* PIXImageBrowserCell.m */,
				1D8CD7F216AB76E20072D516 /* PIXPhotoGridViewController.h */,
				1D8CD7F316AB76E20072D516 /* PIXPhotoGridViewController.m */,
			);
			name = PhotoBrowserView;
			sourceTree = "<group>";
		};
		1D1419A5167FC49100A8A920 /* Windows */ = {
			isa = PBXGroup;
			children = (
				1DDEF83B169D34D100C0D303 /* LoadingWindow */,
				1DB2F863167ABE87008AC0F7 /* MainMenu.xib */,
				1D4A1DCA167AE1A500C9A895 /* PIXMainWindowController.h */,
				1D4A1DCB167AE1A500C9A895 /* PIXMainWindowController.m */,
				1D4A1DC3167ADA2400C9A895 /* PIXMainWindow.xib */,
				1D4A1DCD167AE22A00C9A895 /* PIXInfoWindowController.h */,
				1D4A1DCE167AE22A00C9A895 /* PIXInfoWindowController.m */,
				1D4A1DCF167AE22A00C9A895 /* PIXInfoWindowController.xib */,
			);
			name = Windows;
			sourceTree = "<group>";
		};
		1D1419A6167FC50100A8A920 /* Views */ = {
			isa = PBXGroup;
			children = (
				1D8CD7EA16AB6D310072D516 /* Shared */,
				1D4A1DFE167BEAF200C9A895 /* PIXViewController.h */,
				1D4A1DFF167BEAF200C9A895 /* PIXViewController.m */,
				1D4A1E01167BEC1600C9A895 /* PIXNavigationController.h */,
				1D4A1E02167BEC1700C9A895 /* PIXNavigationController.m */,
				1D0834FD167D6609003D557A /* PhotoBrowserView */,
				1D0834F5167D63E5003D557A /* PageView */,
				1D4A1E32167D361E00C9A895 /* SidebarOutlineView */,
				1D4A1E2C167D2D2900C9A895 /* SplitView */,
				1D4A1DC2167AD97B00C9A895 /* AlbumView */,
			);
			name = Views;
			sourceTree = "<group>";
		};
		1D1C17B116A70CB3006B1D42 /* Example */ = {
			isa = PBXGroup;
			children = (
				1D1C17A916A70CAD006B1D42 /* Controller.h */,
				1D1C17AA16A70CAD006B1D42 /* Controller.m */,
				1D1C17AB16A70CAD006B1D42 /* CellViewController.h */,
				1D1C17AC16A70CAD006B1D42 /* CellViewController.m */,
				1D1C17AD16A70CAD006B1D42 /* CellViewController.xib */,
			);
			name = Example;
			sourceTree = "<group>";
		};
		1D4A1D97167AD90200C9A895 /* Resources */ = {
			isa = PBXGroup;
			children = (
				1DB2F86C167AC07F008AC0F7 /* icon.icns */,
				1DB2F86D167AC07F008AC0F7 /* unbound_icon_512x512.png */,
				1D4A1D99167AD93400C9A895 /* images */,
			);
			name = Resources;
			sourceTree = "<group>";
		};
		1D4A1D99167AD93400C9A895 /* images */ = {
			isa = PBXGroup;
			children = (
				1DA66CAF16AA2ED00060D796 /* nophoto_200x200.jpg */,
				1D4A1D9A167AD93400C9A895 /* dark_bg.png */,
				1D4A1D9B167AD93400C9A895 /* dark_bg@2X.png */,
				1D4A1D9C167AD93400C9A895 /* image1.jpg */,
				1D4A1D9D167AD93400C9A895 /* image10.jpg */,
				1D4A1D9E167AD93400C9A895 /* image11.jpg */,
				1D4A1D9F167AD93400C9A895 /* image12.jpg */,
				1D4A1DA0167AD93400C9A895 /* image2.jpg */,
				1D4A1DA1167AD93400C9A895 /* image3.jpg */,
				1D4A1DA2167AD93400C9A895 /* image4.jpg */,
				1D4A1DA3167AD93400C9A895 /* image5.jpg */,
				1D4A1DA4167AD93400C9A895 /* image6.jpg */,
				1D4A1DA5167AD93400C9A895 /* image7.jpg */,
				1D4A1DA6167AD93400C9A895 /* image8.jpg */,
				1D4A1DA7167AD93400C9A895 /* image9.jpg */,
				1D4A1DA8167AD93400C9A895 /* nophoto.png */,
				1D4A1DA9167AD93400C9A895 /* nophoto@2x.png */,
				1D4A1DAA167AD93400C9A895 /* temp-portrait.jpg */,
				1D4A1DAB167AD93400C9A895 /* temp-portrait@2x.jpg */,
				1D4A1DAC167AD93400C9A895 /* temp.jpg */,
				1D4A1DAD167AD93400C9A895 /* temp@2x.jpg */,
			);
			path = images;
			sourceTree = "<group>";
		};
		1D4A1DC2167AD97B00C9A895 /* AlbumView */ = {
			isa = PBXGroup;
			children = (
				8C249E9816AD094E00CB97AF /* No Longer Used */,
				8C249E6C16AB426A00CB97AF /* PIXCNAlbumViewController.h */,
				8C249E6D16AB426A00CB97AF /* PIXCNAlbumViewController.m */,
				8C249E8816AB560000CB97AF /* PIXCNAlbumViewController.xib */,
				8C249E8416AB467000CB97AF /* PIXAlbumGridViewItem.h */,
				8C249E8516AB467100CB97AF /* PIXAlbumGridViewItem.m */,
			);
			name = AlbumView;
			sourceTree = "<group>";
		};
		1D4A1DD5167AEF4A00C9A895 /* Preferences */ = {
			isa = PBXGroup;
			children = (
				1D4A1DD2167AEEDE00C9A895 /* Preferences.h */,
				1D4A1DD3167AEEDE00C9A895 /* Preferences.m */,
			);
			name = Preferences;
			sourceTree = "<group>";
		};
		1D4A1DD7167AFB8600C9A895 /* Model */ = {
			isa = PBXGroup;
			children = (
				1DDEF834169D348E00C0D303 /* Operations */,
				1DDEF81B169D2D4A00C0D303 /* CoreData */,
				1D4A1DD8167AFBD000C9A895 /* PIXObject.h */,
				1D4A1DD9167AFBD000C9A895 /* PIXObject.m */,
				1D4A1DDB167AFBF000C9A895 /* Album.h */,
				1D4A1DDC167AFBF000C9A895 /* Album.m */,
				1D4A1DDE167AFC0300C9A895 /* Photo.h */,
				1D4A1DDF167AFC0300C9A895 /* Photo.m */,
				1D4A1DE6167B018D00C9A895 /* PIXFileSystemDataSource.h */,
				1D4A1DE7167B018D00C9A895 /* PIXFileSystemDataSource.m */,
				1D4A1E3E167D3C8400C9A895 /* PIXDataSource.h */,
				1D4A1E3F167D3C8500C9A895 /* PIXDataSource.m */,
				1D8CD7F116AB724C0072D516 /* PIXThumbnailLoadingDelegate.h */,
			);
			name = Model;
			sourceTree = "<group>";
		};
		1D4A1E2C167D2D2900C9A895 /* SplitView */ = {
			isa = PBXGroup;
			children = (
				1D4A1E2D167D2D8E00C9A895 /* PIXSplitViewController.h */,
				1D4A1E2E167D2D8E00C9A895 /* PIXSplitViewController.m */,
				1D4A1E2F167D2D8E00C9A895 /* PIXSplitViewController.xib */,
			);
			name = SplitView;
			sourceTree = "<group>";
		};
		1D4A1E32167D361E00C9A895 /* SidebarOutlineView */ = {
			isa = PBXGroup;
			children = (
				1D4A1E3B167D372600C9A895 /* SquareImageView.h */,
				1D4A1E3C167D372600C9A895 /* SquareImageView.m */,
				1D4A1E33167D365900C9A895 /* PIXSidebarViewController.h */,
				1D4A1E34167D365900C9A895 /* PIXSidebarViewController.m */,
				1D4A1E35167D365900C9A895 /* PIXSidebarViewController.xib */,
				1D4A1E38167D36E100C9A895 /* PIXSidebarTableCellView.h */,
				1D4A1E39167D36E100C9A895 /* PIXSidebarTableCellView.m */,
			);
			name = SidebarOutlineView;
			sourceTree = "<group>";
		};
		1D8CD7EA16AB6D310072D516 /* Shared */ = {
			isa = PBXGroup;
			children = (
				8C249E7016AB429E00CB97AF /* CNGridView */,
				1D8CD7EC16AB6EC70072D516 /* PIXGridViewController.h */,
				1D8CD7ED16AB6EC70072D516 /* PIXGridViewController.m */,
				1D8CD7EE16AB6EC70072D516 /* PIXGridViewController.xib */,
				8C249E8F16AB8DF600CB97AF /* PIXGridViewItem.h */,
				8C249E9016AB8DF600CB97AF /* PIXGridViewItem.m */,
				1D8CD7E716AB4D220072D516 /* PIXGridViewItemLayout.m */,
				8C4B80E616B9D9FC00C7E8F4 /* PIXPhotoGridViewItem.h */,
				8C4B80E716B9D9FC00C7E8F4 /* PIXPhotoGridViewItem.m */,
			);
			name = Shared;
			sourceTree = "<group>";
		};
		1DB2F83F167ABE87008AC0F7 = {
			isa = PBXGroup;
			children = (
				1DB2F854167ABE87008AC0F7 /* UnboundApp */,
				1DB2F84D167ABE87008AC0F7 /* Frameworks */,
				1DB2F84B167ABE87008AC0F7 /* Products */,
			);
			sourceTree = "<group>";
		};
		1DB2F84B167ABE87008AC0F7 /* Products */ = {
			isa = PBXGroup;
			children = (
				1DB2F84A167ABE87008AC0F7 /* UnboundApp.app */,
			);
			name = Products;
			sourceTree = "<group>";
		};
		1DB2F84D167ABE87008AC0F7 /* Frameworks */ = {
			isa = PBXGroup;
			children = (
				1DB2F84E167ABE87008AC0F7 /* Cocoa.framework */,
				1DB2F850167ABE87008AC0F7 /* Other Frameworks */,
			);
			name = Frameworks;
			sourceTree = "<group>";
		};
		1DB2F850167ABE87008AC0F7 /* Other Frameworks */ = {
			isa = PBXGroup;
			children = (
				1D4A1E2A167D2A4C00C9A895 /* Quartz.framework */,
				1D4A1E07167C056C00C9A895 /* QuartzCore.framework */,
				1DB2F851167ABE87008AC0F7 /* AppKit.framework */,
				1DB2F852167ABE87008AC0F7 /* CoreData.framework */,
				1DB2F853167ABE87008AC0F7 /* Foundation.framework */,
				1DB2F871167AC0DF008AC0F7 /* 3rdParty */,
			);
			name = "Other Frameworks";
			sourceTree = "<group>";
		};
		1DB2F854167ABE87008AC0F7 /* UnboundApp */ = {
			isa = PBXGroup;
			children = (
				1DB2F86B167ABF4F008AC0F7 /* UnboundApp.entitlements */,
				1DB2F870167AC0A6008AC0F7 /* Sources */,
				1D4A1D97167AD90200C9A895 /* Resources */,
				1DB2F855167ABE87008AC0F7 /* Supporting Files */,
			);
			path = UnboundApp;
			sourceTree = "<group>";
		};
		1DB2F855167ABE87008AC0F7 /* Supporting Files */ = {
			isa = PBXGroup;
			children = (
				1DB2F856167ABE87008AC0F7 /* UnboundApp-Info.plist */,
				1DB2F857167ABE87008AC0F7 /* InfoPlist.strings */,
				1DB2F85A167ABE87008AC0F7 /* main.m */,
				1DB2F85C167ABE87008AC0F7 /* UnboundApp-Prefix.pch */,
				1DB2F85D167ABE87008AC0F7 /* Credits.rtf */,
			);
			name = "Supporting Files";
			sourceTree = "<group>";
		};
		1DB2F870167AC0A6008AC0F7 /* Sources */ = {
			isa = PBXGroup;
			children = (
				1DB2F860167ABE87008AC0F7 /* PIXAppDelegate.h */,
				1DB2F861167ABE87008AC0F7 /* PIXAppDelegate.m */,
				1D4A1DD6167AF00000C9A895 /* PIXDefines.h */,
				1D4A1DD7167AFB8600C9A895 /* Model */,
				1D1419A5167FC49100A8A920 /* Windows */,
				1D1419A6167FC50100A8A920 /* Views */,
				1D4A1DD5167AEF4A00C9A895 /* Preferences */,
			);
			name = Sources;
			sourceTree = "<group>";
		};
		1DB2F871167AC0DF008AC0F7 /* 3rdParty */ = {
			isa = PBXGroup;
			children = (
				1DB2F872167AC15F008AC0F7 /* ArchDirectoryObserver.framework */,
			);
			name = 3rdParty;
			sourceTree = "<group>";
		};
		1DC0C94616A6F65F0081F5A5 /* BCCollectionView */ = {
			isa = PBXGroup;
			children = (
				1D1C17B116A70CB3006B1D42 /* Example */,
				1DC0C96716A6F7640081F5A5 /* BCCollectionView.h */,
				1DC0C96816A6F7640081F5A5 /* BCCollectionView.m */,
				1DC0C96916A6F7640081F5A5 /* BCCollectionView+Dragging.h */,
				1DC0C96A16A6F7640081F5A5 /* BCCollectionView+Dragging.m */,
				1DC0C96B16A6F7640081F5A5 /* BCCollectionView+Keyboard.h */,
				1DC0C96C16A6F7640081F5A5 /* BCCollectionView+Keyboard.m */,
				1DC0C96D16A6F7640081F5A5 /* BCCollectionView+Mouse.h */,
				1DC0C96E16A6F7640081F5A5 /* BCCollectionView+Mouse.m */,
				1DC0C96F16A6F7640081F5A5 /* BCCollectionView+Zoom.h */,
				1DC0C97016A6F7640081F5A5 /* BCCollectionView+Zoom.m */,
				1DC0C97116A6F7640081F5A5 /* BCCollectionViewDelegate.h */,
				1DC0C97216A6F7640081F5A5 /* BCCollectionViewGroup.h */,
				1DC0C97316A6F7640081F5A5 /* BCCollectionViewGroup.m */,
				1DC0C97416A6F7640081F5A5 /* BCCollectionViewLayoutItem.h */,
				1DC0C97516A6F7640081F5A5 /* BCCollectionViewLayoutItem.m */,
				1DC0C97616A6F7640081F5A5 /* BCCollectionViewLayoutManager.h */,
				1DC0C97716A6F7640081F5A5 /* BCCollectionViewLayoutManager.m */,
				1DC0C97816A6F7640081F5A5 /* BCCollectionViewLayoutOperation.h */,
				1DC0C97916A6F7640081F5A5 /* BCCollectionViewLayoutOperation.m */,
				1DC0C97A16A6F7640081F5A5 /* BCGeometryExtensions.h */,
				1DC0C97B16A6F7640081F5A5 /* readme.txt */,
			);
			name = BCCollectionView;
			sourceTree = "<group>";
		};
		1DDEF81B169D2D4A00C0D303 /* CoreData */ = {
			isa = PBXGroup;
			children = (
				1DDEF81D169D2D9F00C0D303 /* PIXDataModel.xcdatamodeld */,
				1DDEF831169D301200C0D303 /* PIXAppDelegate+CoreDataUtils.h */,
				1DDEF832169D301200C0D303 /* PIXAppDelegate+CoreDataUtils.m */,
				1DDEF82F169D2FE800C0D303 /* PIXAccount.m */,
				1DDEF82C169D2FE800C0D303 /* PIXPhoto.h */,
				1DDEF82D169D2FE800C0D303 /* PIXPhoto.m */,
				1DDEF829169D2FE800C0D303 /* PIXAlbum.h */,
				1DDEF82A169D2FE800C0D303 /* PIXAlbum.m */,
				1DDEF826169D2FE800C0D303 /* PIXThumbnail.h */,
				1DDEF827169D2FE800C0D303 /* PIXThumbnail.m */,
			);
			name = CoreData;
			sourceTree = "<group>";
		};
		1DDEF834169D348E00C0D303 /* Operations */ = {
			isa = PBXGroup;
			children = (
				1DDEF841169D3CF300C0D303 /* MakeThumbnailOperation.h */,
				1DDEF842169D3CF300C0D303 /* MakeThumbnailOperation.m */,
				1DDEF835169D34A400C0D303 /* GetPathsOperation.h */,
				1DDEF836169D34A400C0D303 /* GetPathsOperation.m */,
				1DDEF837169D34A400C0D303 /* LoadOperation.h */,
				1DDEF838169D34A400C0D303 /* LoadOperation.m */,
				1D5F9D5916AEF4A2008F8C80 /* PIXLoadAlbumOperation.h */,
				1D5F9D5A16AEF4A3008F8C80 /* PIXLoadAlbumOperation.m */,
				1D5F9D5D16AEF814008F8C80 /* PIXGetAlbumPathsOperation.h */,
				1D5F9D5E16AEF814008F8C80 /* PIXGetAlbumPathsOperation.m */,
			);
			name = Operations;
			sourceTree = "<group>";
		};
		1DDEF83B169D34D100C0D303 /* LoadingWindow */ = {
			isa = PBXGroup;
			children = (
				1DDEF83C169D34F100C0D303 /* PIXLoadingWindowController.h */,
				1DDEF83D169D34F100C0D303 /* PIXLoadingWindowController.m */,
				1DDEF83E169D34F100C0D303 /* PIXLoadingWindow.xib */,
			);
			name = LoadingWindow;
			sourceTree = "<group>";
		};
		8C249E7016AB429E00CB97AF /* CNGridView */ = {
			isa = PBXGroup;
			children = (
				8C249E8716AB4CAB00CB97AF /* CNLog.h */,
				8C249E7116AB429E00CB97AF /* CNGridView.h */,
				8C249E7216AB429E00CB97AF /* CNGridView.m */,
				8C249E7316AB429E00CB97AF /* CNGridViewDefinitions.h */,
				8C249E7416AB429E00CB97AF /* CNGridViewDelegate.h */,
				8C249E7516AB429E00CB97AF /* CNGridViewItem.h */,
				8C249E7616AB429E00CB97AF /* CNGridViewItem.m */,
				8C249E7716AB429E00CB97AF /* CNGridViewItemLayout.h */,
				8C249E7816AB429E00CB97AF /* CNGridViewItemLayout.m */,
				8C249E7916AB429E00CB97AF /* NSColor+CNGridViewPalette.h */,
				8C249E7A16AB429E00CB97AF /* NSColor+CNGridViewPalette.m */,
				8C249E7B16AB429E00CB97AF /* NSView+CNGridView.h */,
				8C249E7C16AB429E00CB97AF /* NSView+CNGridView.m */,
			);
			path = CNGridView;
			sourceTree = "<group>";
		};
		8C249E9816AD094E00CB97AF /* No Longer Used */ = {
			isa = PBXGroup;
			children = (
				1D4A1E0B167C065000C9A895 /* PIXBorderedImageView.h */,
				1D4A1E0C167C065000C9A895 /* PIXBorderedImageView.m */,
				1DC0C94616A6F65F0081F5A5 /* BCCollectionView */,
				1D4A1DE1167AFC7100C9A895 /* PIXAlbumViewController.h */,
				1D4A1DE2167AFC7100C9A895 /* PIXAlbumViewController.m */,
				1D4A1DE3167AFC7100C9A895 /* PIXAlbumViewController.xib */,
				1D4A1DF5167B0CD000C9A895 /* PIXAlbumCollectionViewItem.h */,
				1D4A1DF6167B0CD000C9A895 /* PIXAlbumCollectionViewItem.m */,
				1D4A1DF7167B0CD000C9A895 /* PIXAlbumCollectionViewItem.xib */,
				1D4A1E09167C062D00C9A895 /* IconViewPrototype.xib */,
				1D4A1E04167C050F00C9A895 /* PIXAlbumCollectionView.h */,
				1D4A1E05167C050F00C9A895 /* PIXAlbumCollectionView.m */,
				1D1C179216A7017D006B1D42 /* PIXBCAlbumViewController.h */,
				1D1C179316A7017D006B1D42 /* PIXBCAlbumViewController.m */,
				1D1C179416A7017D006B1D42 /* PIXBCAlbumViewController.xib */,
			);
			name = "No Longer Used";
			sourceTree = "<group>";
		};
/* End PBXGroup section */

/* Begin PBXNativeTarget section */
		1DB2F849167ABE87008AC0F7 /* UnboundApp */ = {
			isa = PBXNativeTarget;
			buildConfigurationList = 1DB2F868167ABE87008AC0F7 /* Build configuration list for PBXNativeTarget "UnboundApp" */;
			buildPhases = (
				1DB2F846167ABE87008AC0F7 /* Sources */,
				1DB2F847167ABE87008AC0F7 /* Frameworks */,
				1DB2F848167ABE87008AC0F7 /* Resources */,
				1D4A1DC7167AE08100C9A895 /* CopyFiles */,
			);
			buildRules = (
			);
			dependencies = (
			);
			name = UnboundApp;
			productName = UnboundApp;
			productReference = 1DB2F84A167ABE87008AC0F7 /* UnboundApp.app */;
			productType = "com.apple.product-type.application";
		};
/* End PBXNativeTarget section */

/* Begin PBXProject section */
		1DB2F841167ABE87008AC0F7 /* Project object */ = {
			isa = PBXProject;
			attributes = {
				CLASSPREFIX = PIX;
				LastUpgradeCheck = 0450;
				ORGANIZATIONNAME = "Pixite Apps LLC";
			};
			buildConfigurationList = 1DB2F844167ABE87008AC0F7 /* Build configuration list for PBXProject "UnboundApp" */;
			compatibilityVersion = "Xcode 3.2";
			developmentRegion = English;
			hasScannedForEncodings = 0;
			knownRegions = (
				en,
			);
			mainGroup = 1DB2F83F167ABE87008AC0F7;
			productRefGroup = 1DB2F84B167ABE87008AC0F7 /* Products */;
			projectDirPath = "";
			projectRoot = "";
			targets = (
				1DB2F849167ABE87008AC0F7 /* UnboundApp */,
			);
		};
/* End PBXProject section */

/* Begin PBXResourcesBuildPhase section */
		1DB2F848167ABE87008AC0F7 /* Resources */ = {
			isa = PBXResourcesBuildPhase;
			buildActionMask = 2147483647;
			files = (
				1DB2F859167ABE87008AC0F7 /* InfoPlist.strings in Resources */,
				1DB2F85F167ABE87008AC0F7 /* Credits.rtf in Resources */,
				1DB2F865167ABE87008AC0F7 /* MainMenu.xib in Resources */,
				1DB2F86E167AC07F008AC0F7 /* icon.icns in Resources */,
				1DB2F86F167AC07F008AC0F7 /* unbound_icon_512x512.png in Resources */,
				1D4A1DAE167AD93400C9A895 /* dark_bg.png in Resources */,
				1D4A1DAF167AD93400C9A895 /* dark_bg@2X.png in Resources */,
				1D4A1DB0167AD93400C9A895 /* image1.jpg in Resources */,
				1D4A1DB1167AD93400C9A895 /* image10.jpg in Resources */,
				1D4A1DB2167AD93400C9A895 /* image11.jpg in Resources */,
				1D4A1DB3167AD93400C9A895 /* image12.jpg in Resources */,
				1D4A1DB4167AD93400C9A895 /* image2.jpg in Resources */,
				1D4A1DB5167AD93400C9A895 /* image3.jpg in Resources */,
				1D4A1DB6167AD93400C9A895 /* image4.jpg in Resources */,
				1D4A1DB7167AD93400C9A895 /* image5.jpg in Resources */,
				1D4A1DB8167AD93400C9A895 /* image6.jpg in Resources */,
				1D4A1DB9167AD93400C9A895 /* image7.jpg in Resources */,
				1D4A1DBA167AD93400C9A895 /* image8.jpg in Resources */,
				1D4A1DBB167AD93400C9A895 /* image9.jpg in Resources */,
				1D4A1DBC167AD93400C9A895 /* nophoto.png in Resources */,
				1D4A1DBD167AD93400C9A895 /* nophoto@2x.png in Resources */,
				1D4A1DBE167AD93400C9A895 /* temp-portrait.jpg in Resources */,
				1D4A1DBF167AD93400C9A895 /* temp-portrait@2x.jpg in Resources */,
				1D4A1DC0167AD93400C9A895 /* temp.jpg in Resources */,
				1D4A1DC1167AD93400C9A895 /* temp@2x.jpg in Resources */,
				1D4A1DC4167ADA2400C9A895 /* PIXMainWindow.xib in Resources */,
				1D4A1DD1167AE22A00C9A895 /* PIXInfoWindowController.xib in Resources */,
				1D4A1DE5167AFC7100C9A895 /* PIXAlbumViewController.xib in Resources */,
				1D4A1DF9167B0CD000C9A895 /* PIXAlbumCollectionViewItem.xib in Resources */,
				1D4A1E0A167C062D00C9A895 /* IconViewPrototype.xib in Resources */,
				1D4A1E31167D2D8F00C9A895 /* PIXSplitViewController.xib in Resources */,
				1D4A1E37167D365900C9A895 /* PIXSidebarViewController.xib in Resources */,
				1D0834FC167D6478003D557A /* PIXPageViewController.xib in Resources */,
				1D083502167D6678003D557A /* PIXImageBrowserViewController.xib in Resources */,
				1D083526167E7EEE003D557A /* imageview.xib in Resources */,
				1DDEF840169D34F100C0D303 /* PIXLoadingWindow.xib in Resources */,
				1DC0C98516A6F7640081F5A5 /* readme.txt in Resources */,
				1D1C179616A7017D006B1D42 /* PIXBCAlbumViewController.xib in Resources */,
				1D1C17B016A70CAD006B1D42 /* CellViewController.xib in Resources */,
				1DA66CB016AA2ED10060D796 /* nophoto_200x200.jpg in Resources */,
				1D8CD7F016AB6EC70072D516 /* PIXGridViewController.xib in Resources */,
				8C249E9716AB8ED700CB97AF /* PIXCNAlbumViewController.xib in Resources */,
			);
			runOnlyForDeploymentPostprocessing = 0;
		};
/* End PBXResourcesBuildPhase section */

/* Begin PBXSourcesBuildPhase section */
		1DB2F846167ABE87008AC0F7 /* Sources */ = {
			isa = PBXSourcesBuildPhase;
			buildActionMask = 2147483647;
			files = (
				1D1C179C16A70A23006B1D42 /* BCCollectionView.m in Sources */,
				1D1C179D16A70A23006B1D42 /* BCCollectionView+Dragging.m in Sources */,
				1D1C179E16A70A23006B1D42 /* BCCollectionView+Keyboard.m in Sources */,
				1D1C179F16A70A23006B1D42 /* BCCollectionView+Mouse.m in Sources */,
				1D1C17A016A70A23006B1D42 /* BCCollectionView+Zoom.m in Sources */,
				1D1C17A116A70A23006B1D42 /* BCCollectionViewGroup.m in Sources */,
				1D1C17A216A70A23006B1D42 /* BCCollectionViewLayoutItem.m in Sources */,
				1D1C17A316A70A23006B1D42 /* BCCollectionViewLayoutManager.m in Sources */,
				1D1C17A416A70A23006B1D42 /* BCCollectionViewLayoutOperation.m in Sources */,
				1DB2F85B167ABE87008AC0F7 /* main.m in Sources */,
				1DB2F862167ABE87008AC0F7 /* PIXAppDelegate.m in Sources */,
				1D4A1DCC167AE1A500C9A895 /* PIXMainWindowController.m in Sources */,
				1D4A1DD0167AE22A00C9A895 /* PIXInfoWindowController.m in Sources */,
				1D4A1DD4167AEEDE00C9A895 /* Preferences.m in Sources */,
				1D4A1DDA167AFBD000C9A895 /* PIXObject.m in Sources */,
				1D4A1DDD167AFBF100C9A895 /* Album.m in Sources */,
				1D4A1DE0167AFC0300C9A895 /* Photo.m in Sources */,
				1D4A1DE4167AFC7100C9A895 /* PIXAlbumViewController.m in Sources */,
				1D4A1DE8167B018D00C9A895 /* PIXFileSystemDataSource.m in Sources */,
				1D4A1DF8167B0CD000C9A895 /* PIXAlbumCollectionViewItem.m in Sources */,
				1D4A1E00167BEAF300C9A895 /* PIXViewController.m in Sources */,
				1D4A1E03167BEC1800C9A895 /* PIXNavigationController.m in Sources */,
				1D4A1E06167C051000C9A895 /* PIXAlbumCollectionView.m in Sources */,
				1D4A1E0D167C065100C9A895 /* PIXBorderedImageView.m in Sources */,
				1D4A1E30167D2D8F00C9A895 /* PIXSplitViewController.m in Sources */,
				1D4A1E36167D365900C9A895 /* PIXSidebarViewController.m in Sources */,
				1D4A1E3A167D36E100C9A895 /* PIXSidebarTableCellView.m in Sources */,
				1D4A1E3D167D372600C9A895 /* SquareImageView.m in Sources */,
				1D4A1E40167D3C8500C9A895 /* PIXDataSource.m in Sources */,
				1D0834FB167D6478003D557A /* PIXPageViewController.m in Sources */,
				1D083501167D6678003D557A /* PIXImageBrowserViewController.m in Sources */,
				1D083513167D785F003D557A /* PIXImageBrowserView.m in Sources */,
				1D083516167D78AD003D557A /* PIXImageBrowserCell.m in Sources */,
				1D083519167DCA71003D557A /* AutoSizingImageView.m in Sources */,
				1D083520167E7C80003D557A /* PIXPageView.m in Sources */,
				1D08352D167E8B2B003D557A /* PIXImageViewController.m in Sources */,
				8C972CB41680FE8B00358913 /* PIXModifierSwitchedEvent.m in Sources */,
				1DDEF823169D2D9F00C0D303 /* PIXDataModel.xcdatamodeld in Sources */,
				1DDEF828169D2FE800C0D303 /* PIXThumbnail.m in Sources */,
				1DDEF82B169D2FE800C0D303 /* PIXAlbum.m in Sources */,
				1DDEF82E169D2FE800C0D303 /* PIXPhoto.m in Sources */,
				1DDEF830169D2FE800C0D303 /* PIXAccount.m in Sources */,
				1DDEF833169D301200C0D303 /* PIXAppDelegate+CoreDataUtils.m in Sources */,
				1DDEF839169D34A400C0D303 /* GetPathsOperation.m in Sources */,
				1DDEF83A169D34A400C0D303 /* LoadOperation.m in Sources */,
				1DDEF83F169D34F100C0D303 /* PIXLoadingWindowController.m in Sources */,
				1DDEF843169D3CF300C0D303 /* MakeThumbnailOperation.m in Sources */,
				1D1C179516A7017D006B1D42 /* PIXBCAlbumViewController.m in Sources */,
				1D1C17AE16A70CAD006B1D42 /* Controller.m in Sources */,
				1D1C17AF16A70CAD006B1D42 /* CellViewController.m in Sources */,
				8C249E6E16AB426A00CB97AF /* PIXCNAlbumViewController.m in Sources */,
				8C249E7D16AB429E00CB97AF /* CNGridView.m in Sources */,
				8C249E7E16AB429E00CB97AF /* CNGridViewItem.m in Sources */,
				8C249E7F16AB429E00CB97AF /* CNGridViewItemLayout.m in Sources */,
				8C249E8016AB429E00CB97AF /* NSColor+CNGridViewPalette.m in Sources */,
				8C249E8116AB429E00CB97AF /* NSView+CNGridView.m in Sources */,
				8C249E8616AB467100CB97AF /* PIXAlbumGridViewItem.m in Sources */,
				1D8CD7E816AB4D220072D516 /* PIXGridViewItemLayout.m in Sources */,
				1D8CD7EF16AB6EC70072D516 /* PIXGridViewController.m in Sources */,
				1D8CD7F416AB76E20072D516 /* PIXPhotoGridViewController.m in Sources */,
				8C249E9116AB8DF600CB97AF /* PIXGridViewItem.m in Sources */,
				8C4B80E816B9D9FD00C7E8F4 /* PIXPhotoGridViewItem.m in Sources */,
				1D5F9D5B16AEF4A3008F8C80 /* PIXLoadAlbumOperation.m in Sources */,
				1D5F9D5F16AEF815008F8C80 /* PIXGetAlbumPathsOperation.m in Sources */,
			);
			runOnlyForDeploymentPostprocessing = 0;
		};
/* End PBXSourcesBuildPhase section */

/* Begin PBXVariantGroup section */
		1DB2F857167ABE87008AC0F7 /* InfoPlist.strings */ = {
			isa = PBXVariantGroup;
			children = (
				1DB2F858167ABE87008AC0F7 /* en */,
			);
			name = InfoPlist.strings;
			sourceTree = "<group>";
		};
		1DB2F85D167ABE87008AC0F7 /* Credits.rtf */ = {
			isa = PBXVariantGroup;
			children = (
				1DB2F85E167ABE87008AC0F7 /* en */,
			);
			name = Credits.rtf;
			sourceTree = "<group>";
		};
		1DB2F863167ABE87008AC0F7 /* MainMenu.xib */ = {
			isa = PBXVariantGroup;
			children = (
				1DB2F864167ABE87008AC0F7 /* en */,
			);
			name = MainMenu.xib;
			sourceTree = "<group>";
		};
/* End PBXVariantGroup section */

/* Begin XCBuildConfiguration section */
		1DB2F866167ABE87008AC0F7 /* Debug */ = {
			isa = XCBuildConfiguration;
			buildSettings = {
				ALWAYS_SEARCH_USER_PATHS = NO;
				ARCHS = "$(ARCHS_STANDARD_64_BIT)";
				CLANG_CXX_LANGUAGE_STANDARD = "gnu++0x";
				CLANG_CXX_LIBRARY = "libc++";
				CLANG_ENABLE_OBJC_ARC = YES;
				CLANG_WARN_EMPTY_BODY = YES;
				CLANG_WARN__DUPLICATE_METHOD_MATCH = YES;
				COPY_PHASE_STRIP = NO;
				GCC_C_LANGUAGE_STANDARD = gnu99;
				GCC_DYNAMIC_NO_PIC = NO;
				GCC_ENABLE_OBJC_EXCEPTIONS = YES;
				GCC_OPTIMIZATION_LEVEL = 0;
				GCC_PREPROCESSOR_DEFINITIONS = (
					"DEBUG=1",
					"$(inherited)",
				);
				GCC_SYMBOLS_PRIVATE_EXTERN = NO;
				GCC_WARN_64_TO_32_BIT_CONVERSION = YES;
				GCC_WARN_ABOUT_RETURN_TYPE = YES;
				GCC_WARN_UNINITIALIZED_AUTOS = YES;
				GCC_WARN_UNUSED_VARIABLE = YES;
				MACOSX_DEPLOYMENT_TARGET = 10.8;
				ONLY_ACTIVE_ARCH = YES;
				SDKROOT = macosx;
			};
			name = Debug;
		};
		1DB2F867167ABE87008AC0F7 /* Release */ = {
			isa = XCBuildConfiguration;
			buildSettings = {
				ALWAYS_SEARCH_USER_PATHS = NO;
				ARCHS = "$(ARCHS_STANDARD_64_BIT)";
				CLANG_CXX_LANGUAGE_STANDARD = "gnu++0x";
				CLANG_CXX_LIBRARY = "libc++";
				CLANG_ENABLE_OBJC_ARC = YES;
				CLANG_WARN_EMPTY_BODY = YES;
				CLANG_WARN__DUPLICATE_METHOD_MATCH = YES;
				COPY_PHASE_STRIP = YES;
				DEBUG_INFORMATION_FORMAT = "dwarf-with-dsym";
				GCC_C_LANGUAGE_STANDARD = gnu99;
				GCC_ENABLE_OBJC_EXCEPTIONS = YES;
				GCC_WARN_64_TO_32_BIT_CONVERSION = YES;
				GCC_WARN_ABOUT_RETURN_TYPE = YES;
				GCC_WARN_UNINITIALIZED_AUTOS = YES;
				GCC_WARN_UNUSED_VARIABLE = YES;
				MACOSX_DEPLOYMENT_TARGET = 10.8;
				SDKROOT = macosx;
			};
			name = Release;
		};
		1DB2F869167ABE87008AC0F7 /* Debug */ = {
			isa = XCBuildConfiguration;
			buildSettings = {
				CODE_SIGN_ENTITLEMENTS = UnboundApp/UnboundApp.entitlements;
				CODE_SIGN_IDENTITY = "Mac Developer";
				COMBINE_HIDPI_IMAGES = YES;
				FRAMEWORK_SEARCH_PATHS = (
					"$(inherited)",
					"\"$(SRCROOT)\"",
				);
				GCC_PRECOMPILE_PREFIX_HEADER = YES;
				GCC_PREFIX_HEADER = "UnboundApp/UnboundApp-Prefix.pch";
				INFOPLIST_FILE = "UnboundApp/UnboundApp-Info.plist";
				PRODUCT_NAME = "$(TARGET_NAME)";
				WRAPPER_EXTENSION = app;
			};
			name = Debug;
		};
		1DB2F86A167ABE87008AC0F7 /* Release */ = {
			isa = XCBuildConfiguration;
			buildSettings = {
				CODE_SIGN_ENTITLEMENTS = UnboundApp/UnboundApp.entitlements;
				CODE_SIGN_IDENTITY = "Mac Developer";
				COMBINE_HIDPI_IMAGES = YES;
				FRAMEWORK_SEARCH_PATHS = (
					"$(inherited)",
					"\"$(SRCROOT)\"",
				);
				GCC_PRECOMPILE_PREFIX_HEADER = YES;
				GCC_PREFIX_HEADER = "UnboundApp/UnboundApp-Prefix.pch";
				INFOPLIST_FILE = "UnboundApp/UnboundApp-Info.plist";
				PRODUCT_NAME = "$(TARGET_NAME)";
				WRAPPER_EXTENSION = app;
			};
			name = Release;
		};
/* End XCBuildConfiguration section */

/* Begin XCConfigurationList section */
		1DB2F844167ABE87008AC0F7 /* Build configuration list for PBXProject "UnboundApp" */ = {
			isa = XCConfigurationList;
			buildConfigurations = (
				1DB2F866167ABE87008AC0F7 /* Debug */,
				1DB2F867167ABE87008AC0F7 /* Release */,
			);
			defaultConfigurationIsVisible = 0;
			defaultConfigurationName = Release;
		};
		1DB2F868167ABE87008AC0F7 /* Build configuration list for PBXNativeTarget "UnboundApp" */ = {
			isa = XCConfigurationList;
			buildConfigurations = (
				1DB2F869167ABE87008AC0F7 /* Debug */,
				1DB2F86A167ABE87008AC0F7 /* Release */,
			);
			defaultConfigurationIsVisible = 0;
			defaultConfigurationName = Release;
		};
/* End XCConfigurationList section */

/* Begin XCVersionGroup section */
		1DDEF81D169D2D9F00C0D303 /* PIXDataModel.xcdatamodeld */ = {
			isa = XCVersionGroup;
			children = (
				1DDEF81E169D2D9F00C0D303 /* PIXDataModel.xcdatamodel */,
			);
			currentVersion = 1DDEF81E169D2D9F00C0D303 /* PIXDataModel.xcdatamodel */;
			path = PIXDataModel.xcdatamodeld;
			sourceTree = "<group>";
			versionGroupType = wrapper.xcdatamodel;
		};
/* End XCVersionGroup section */
	};
	rootObject = 1DB2F841167ABE87008AC0F7 /* Project object */;
}
