// !$*UTF8*$!
{
	archiveVersion = 1;
	classes = {
	};
	objectVersion = 46;
	objects = {

/* Begin PBXBuildFile section */
		1D13ADC4162CD37700116A44 /* SCEvent.m in Sources */ = {isa = PBXBuildFile; fileRef = 1D13ADC0162CD37700116A44 /* SCEvent.m */; };
		1D13ADC5162CD37700116A44 /* SCEvents.m in Sources */ = {isa = PBXBuildFile; fileRef = 1D13ADC3162CD37700116A44 /* SCEvents.m */; };
		1D1FB36C1620F763002CD358 /* AutoSizingIKImageView.m in Sources */ = {isa = PBXBuildFile; fileRef = 1D1FB36B1620F763002CD358 /* AutoSizingIKImageView.m */; };
		1D1FB39E162117CD002CD358 /* ImageViewController.m in Sources */ = {isa = PBXBuildFile; fileRef = 1D1FB39C162117CD002CD358 /* ImageViewController.m */; };
		1D1FB39F162117CD002CD358 /* ImageViewController.xib in Resources */ = {isa = PBXBuildFile; fileRef = 1D1FB39D162117CD002CD358 /* ImageViewController.xib */; };
		1D1FB3EB16237174002CD358 /* ImageBrowserCell.m in Sources */ = {isa = PBXBuildFile; fileRef = 1D1FB3EA16237174002CD358 /* ImageBrowserCell.m */; };
		1D1FB3EE162371F0002CD358 /* ImageBrowserView.m in Sources */ = {isa = PBXBuildFile; fileRef = 1D1FB3ED162371F0002CD358 /* ImageBrowserView.m */; };
		1D3DE757161E8FCF00805174 /* Cocoa.framework in Frameworks */ = {isa = PBXBuildFile; fileRef = 1D3DE756161E8FCF00805174 /* Cocoa.framework */; };
		1D3DE761161E8FCF00805174 /* InfoPlist.strings in Resources */ = {isa = PBXBuildFile; fileRef = 1D3DE75F161E8FCF00805174 /* InfoPlist.strings */; };
		1D3DE763161E8FCF00805174 /* main.m in Sources */ = {isa = PBXBuildFile; fileRef = 1D3DE762161E8FCF00805174 /* main.m */; };
		1D3DE767161E8FD000805174 /* Credits.rtf in Resources */ = {isa = PBXBuildFile; fileRef = 1D3DE765161E8FD000805174 /* Credits.rtf */; };
		1D3DE76A161E8FD000805174 /* AppDelegate.m in Sources */ = {isa = PBXBuildFile; fileRef = 1D3DE769161E8FD000805174 /* AppDelegate.m */; };
		1D3DE76D161E8FD000805174 /* MainMenu.xib in Resources */ = {isa = PBXBuildFile; fileRef = 1D3DE76B161E8FD000805174 /* MainMenu.xib */; };
		1D3DE770161E8FD000805174 /* Unbound5.xcdatamodeld in Sources */ = {isa = PBXBuildFile; fileRef = 1D3DE76E161E8FD000805174 /* Unbound5.xcdatamodeld */; };
		1D3DE77D161E944E00805174 /* MainWindowController.m in Sources */ = {isa = PBXBuildFile; fileRef = 1D3DE77C161E944E00805174 /* MainWindowController.m */; };
		1D3DE781161EA26200805174 /* SearchQuery.m in Sources */ = {isa = PBXBuildFile; fileRef = 1D3DE780161EA26200805174 /* SearchQuery.m */; settings = {COMPILER_FLAGS = "-fno-objc-arc"; }; };
		1D3DE784161EA34700805174 /* SearchItem.m in Sources */ = {isa = PBXBuildFile; fileRef = 1D3DE783161EA34700805174 /* SearchItem.m */; settings = {COMPILER_FLAGS = "-fno-objc-arc"; }; };
		1D3DE78D161EA79E00805174 /* Quartz.framework in Frameworks */ = {isa = PBXBuildFile; fileRef = 1D3DE78C161EA79E00805174 /* Quartz.framework */; };
		1D3DE7AD161F698000805174 /* Preferences.m in Sources */ = {isa = PBXBuildFile; fileRef = 1D3DE7AA161F697E00805174 /* Preferences.m */; };
		1D3DE7AE161F698000805174 /* PreferencesWindowController.m in Sources */ = {isa = PBXBuildFile; fileRef = 1D3DE7AC161F697F00805174 /* PreferencesWindowController.m */; };
		1D3DE7B9161F89E800805174 /* PageViewController.m in Sources */ = {isa = PBXBuildFile; fileRef = 1D3DE7B7161F89E800805174 /* PageViewController.m */; };
		1D3DE7BA161F89E800805174 /* PageViewController.xib in Resources */ = {isa = PBXBuildFile; fileRef = 1D3DE7B8161F89E800805174 /* PageViewController.xib */; };
		1D3DE7C8161F8EB000805174 /* imageview.xib in Resources */ = {isa = PBXBuildFile; fileRef = 1D3DE7C7161F8EB000805174 /* imageview.xib */; };
		1D3DE7CB161F8EE000805174 /* AutoSizingImageView.m in Sources */ = {isa = PBXBuildFile; fileRef = 1D3DE7CA161F8EE000805174 /* AutoSizingImageView.m */; };
		1D3DE7DD161F951100805174 /* image1.jpg in Resources */ = {isa = PBXBuildFile; fileRef = 1D3DE7D1161F951100805174 /* image1.jpg */; };
		1D3DE7DE161F951100805174 /* image10.jpg in Resources */ = {isa = PBXBuildFile; fileRef = 1D3DE7D2161F951100805174 /* image10.jpg */; };
		1D3DE7DF161F951100805174 /* image11.jpg in Resources */ = {isa = PBXBuildFile; fileRef = 1D3DE7D3161F951100805174 /* image11.jpg */; };
		1D3DE7E0161F951100805174 /* image12.jpg in Resources */ = {isa = PBXBuildFile; fileRef = 1D3DE7D4161F951100805174 /* image12.jpg */; };
		1D3DE7E1161F951100805174 /* image2.jpg in Resources */ = {isa = PBXBuildFile; fileRef = 1D3DE7D5161F951100805174 /* image2.jpg */; };
		1D3DE7E2161F951100805174 /* image3.jpg in Resources */ = {isa = PBXBuildFile; fileRef = 1D3DE7D6161F951100805174 /* image3.jpg */; };
		1D3DE7E3161F951100805174 /* image4.jpg in Resources */ = {isa = PBXBuildFile; fileRef = 1D3DE7D7161F951100805174 /* image4.jpg */; };
		1D3DE7E4161F951100805174 /* image5.jpg in Resources */ = {isa = PBXBuildFile; fileRef = 1D3DE7D8161F951100805174 /* image5.jpg */; };
		1D3DE7E5161F951100805174 /* image6.jpg in Resources */ = {isa = PBXBuildFile; fileRef = 1D3DE7D9161F951100805174 /* image6.jpg */; };
		1D3DE7E6161F951100805174 /* image7.jpg in Resources */ = {isa = PBXBuildFile; fileRef = 1D3DE7DA161F951100805174 /* image7.jpg */; };
		1D3DE7E7161F951100805174 /* image8.jpg in Resources */ = {isa = PBXBuildFile; fileRef = 1D3DE7DB161F951100805174 /* image8.jpg */; };
		1D3DE7E8161F951100805174 /* image9.jpg in Resources */ = {isa = PBXBuildFile; fileRef = 1D3DE7DC161F951100805174 /* image9.jpg */; };
		1D3DE7F3161FE6E500805174 /* IKImageViewController.m in Sources */ = {isa = PBXBuildFile; fileRef = 1D3DE7F1161FE6E500805174 /* IKImageViewController.m */; };
		1D3DE7F4161FE6E500805174 /* IKImageViewController.xib in Resources */ = {isa = PBXBuildFile; fileRef = 1D3DE7F2161FE6E500805174 /* IKImageViewController.xib */; };
		1D3DE7F7161FEF6200805174 /* earring.jpg in Resources */ = {isa = PBXBuildFile; fileRef = 1D3DE7F6161FEF6200805174 /* earring.jpg */; };
		1D3DE7FD16201D7A00805174 /* ScrollViewWorkaround.m in Sources */ = {isa = PBXBuildFile; fileRef = 1D3DE7FB16201D7A00805174 /* ScrollViewWorkaround.m */; };
		1D4B948E1624F95C00C7BE3F /* QTKit.framework in Frameworks */ = {isa = PBXBuildFile; fileRef = 1D4B948D1624F95C00C7BE3F /* QTKit.framework */; };
		1D4B94901624FC2700C7BE3F /* videoview.xib in Resources */ = {isa = PBXBuildFile; fileRef = 1D4B948F1624FC2700C7BE3F /* videoview.xib */; };
		1D4B9493162501ED00C7BE3F /* AutoSizingVideoView.m in Sources */ = {isa = PBXBuildFile; fileRef = 1D4B9492162501ED00C7BE3F /* AutoSizingVideoView.m */; };
		1D77E614162E077000DB3553 /* Photo.m in Sources */ = {isa = PBXBuildFile; fileRef = 1D77E613162E077000DB3553 /* Photo.m */; };
		1D77E617162E150700DB3553 /* SpotlightFetchController.m in Sources */ = {isa = PBXBuildFile; fileRef = 1D77E616162E150700DB3553 /* SpotlightFetchController.m */; };
		1D77E658162F52D800DB3553 /* ArchDirectoryObserver.framework in Frameworks */ = {isa = PBXBuildFile; fileRef = 1D77E657162F52D800DB3553 /* ArchDirectoryObserver.framework */; };
		1D77E65B162F534200DB3553 /* ArchDirectoryObserver.framework in CopyFiles */ = {isa = PBXBuildFile; fileRef = 1D77E657162F52D800DB3553 /* ArchDirectoryObserver.framework */; };
		1D77E65E162F541B00DB3553 /* FileSystemEventController.m in Sources */ = {isa = PBXBuildFile; fileRef = 1D77E65D162F541A00DB3553 /* FileSystemEventController.m */; };
		1D9EE78516276600008E7977 /* Preferences.xib in Resources */ = {isa = PBXBuildFile; fileRef = 1D9EE78416276600008E7977 /* Preferences.xib */; };
		1D9EE7891627719E008E7977 /* Utils.m in Sources */ = {isa = PBXBuildFile; fileRef = 1D9EE7881627719E008E7977 /* Utils.m */; settings = {COMPILER_FLAGS = "-fno-objc-arc"; }; };
		1DE22E2416263F4A00D5B106 /* Album.m in Sources */ = {isa = PBXBuildFile; fileRef = 1DE22E2316263F4A00D5B106 /* Album.m */; };
		1DFAC716162A596000FCF155 /* SimpleProfiler.m in Sources */ = {isa = PBXBuildFile; fileRef = 1DFAC715162A596000FCF155 /* SimpleProfiler.m */; settings = {COMPILER_FLAGS = "-fno-objc-arc"; }; };
/* End PBXBuildFile section */

/* Begin PBXCopyFilesBuildPhase section */
		1D77E65A162F533500DB3553 /* CopyFiles */ = {
			isa = PBXCopyFilesBuildPhase;
			buildActionMask = 2147483647;
			dstPath = "";
			dstSubfolderSpec = 10;
			files = (
				1D77E65B162F534200DB3553 /* ArchDirectoryObserver.framework in CopyFiles */,
			);
			runOnlyForDeploymentPostprocessing = 0;
		};
/* End PBXCopyFilesBuildPhase section */

/* Begin PBXFileReference section */
		1D13ADBE162CD37700116A44 /* SCConstants.h */ = {isa = PBXFileReference; fileEncoding = 4; lastKnownFileType = sourcecode.c.h; path = SCConstants.h; sourceTree = "<group>"; };
		1D13ADBF162CD37700116A44 /* SCEvent.h */ = {isa = PBXFileReference; fileEncoding = 4; lastKnownFileType = sourcecode.c.h; path = SCEvent.h; sourceTree = "<group>"; };
		1D13ADC0162CD37700116A44 /* SCEvent.m */ = {isa = PBXFileReference; fileEncoding = 4; lastKnownFileType = sourcecode.c.objc; path = SCEvent.m; sourceTree = "<group>"; };
		1D13ADC1162CD37700116A44 /* SCEventListenerProtocol.h */ = {isa = PBXFileReference; fileEncoding = 4; lastKnownFileType = sourcecode.c.h; path = SCEventListenerProtocol.h; sourceTree = "<group>"; };
		1D13ADC2162CD37700116A44 /* SCEvents.h */ = {isa = PBXFileReference; fileEncoding = 4; lastKnownFileType = sourcecode.c.h; path = SCEvents.h; sourceTree = "<group>"; };
		1D13ADC3162CD37700116A44 /* SCEvents.m */ = {isa = PBXFileReference; fileEncoding = 4; lastKnownFileType = sourcecode.c.objc; path = SCEvents.m; sourceTree = "<group>"; };
		1D1FB36A1620F763002CD358 /* AutoSizingIKImageView.h */ = {isa = PBXFileReference; fileEncoding = 4; lastKnownFileType = sourcecode.c.h; path = AutoSizingIKImageView.h; sourceTree = "<group>"; };
		1D1FB36B1620F763002CD358 /* AutoSizingIKImageView.m */ = {isa = PBXFileReference; fileEncoding = 4; lastKnownFileType = sourcecode.c.objc; path = AutoSizingIKImageView.m; sourceTree = "<group>"; };
		1D1FB39B162117CD002CD358 /* ImageViewController.h */ = {isa = PBXFileReference; fileEncoding = 4; lastKnownFileType = sourcecode.c.h; path = ImageViewController.h; sourceTree = "<group>"; };
		1D1FB39C162117CD002CD358 /* ImageViewController.m */ = {isa = PBXFileReference; fileEncoding = 4; lastKnownFileType = sourcecode.c.objc; path = ImageViewController.m; sourceTree = "<group>"; };
		1D1FB39D162117CD002CD358 /* ImageViewController.xib */ = {isa = PBXFileReference; fileEncoding = 4; lastKnownFileType = file.xib; path = ImageViewController.xib; sourceTree = "<group>"; };
		1D1FB3E916237174002CD358 /* ImageBrowserCell.h */ = {isa = PBXFileReference; fileEncoding = 4; lastKnownFileType = sourcecode.c.h; path = ImageBrowserCell.h; sourceTree = "<group>"; };
		1D1FB3EA16237174002CD358 /* ImageBrowserCell.m */ = {isa = PBXFileReference; fileEncoding = 4; lastKnownFileType = sourcecode.c.objc; path = ImageBrowserCell.m; sourceTree = "<group>"; };
		1D1FB3EC162371F0002CD358 /* ImageBrowserView.h */ = {isa = PBXFileReference; fileEncoding = 4; lastKnownFileType = sourcecode.c.h; path = ImageBrowserView.h; sourceTree = "<group>"; };
		1D1FB3ED162371F0002CD358 /* ImageBrowserView.m */ = {isa = PBXFileReference; fileEncoding = 4; lastKnownFileType = sourcecode.c.objc; path = ImageBrowserView.m; sourceTree = "<group>"; };
		1D3DE752161E8FCF00805174 /* Unbound5.app */ = {isa = PBXFileReference; explicitFileType = wrapper.application; includeInIndex = 0; path = Unbound5.app; sourceTree = BUILT_PRODUCTS_DIR; };
		1D3DE756161E8FCF00805174 /* Cocoa.framework */ = {isa = PBXFileReference; lastKnownFileType = wrapper.framework; name = Cocoa.framework; path = System/Library/Frameworks/Cocoa.framework; sourceTree = SDKROOT; };
		1D3DE759161E8FCF00805174 /* AppKit.framework */ = {isa = PBXFileReference; lastKnownFileType = wrapper.framework; name = AppKit.framework; path = System/Library/Frameworks/AppKit.framework; sourceTree = SDKROOT; };
		1D3DE75A161E8FCF00805174 /* CoreData.framework */ = {isa = PBXFileReference; lastKnownFileType = wrapper.framework; name = CoreData.framework; path = System/Library/Frameworks/CoreData.framework; sourceTree = SDKROOT; };
		1D3DE75B161E8FCF00805174 /* Foundation.framework */ = {isa = PBXFileReference; lastKnownFileType = wrapper.framework; name = Foundation.framework; path = System/Library/Frameworks/Foundation.framework; sourceTree = SDKROOT; };
		1D3DE75E161E8FCF00805174 /* Unbound5-Info.plist */ = {isa = PBXFileReference; lastKnownFileType = text.plist.xml; path = "Unbound5-Info.plist"; sourceTree = "<group>"; };
		1D3DE760161E8FCF00805174 /* en */ = {isa = PBXFileReference; lastKnownFileType = text.plist.strings; name = en; path = en.lproj/InfoPlist.strings; sourceTree = "<group>"; };
		1D3DE762161E8FCF00805174 /* main.m */ = {isa = PBXFileReference; lastKnownFileType = sourcecode.c.objc; path = main.m; sourceTree = "<group>"; };
		1D3DE764161E8FD000805174 /* Unbound5-Prefix.pch */ = {isa = PBXFileReference; lastKnownFileType = sourcecode.c.h; path = "Unbound5-Prefix.pch"; sourceTree = "<group>"; };
		1D3DE766161E8FD000805174 /* en */ = {isa = PBXFileReference; lastKnownFileType = text.rtf; name = en; path = en.lproj/Credits.rtf; sourceTree = "<group>"; };
		1D3DE768161E8FD000805174 /* AppDelegate.h */ = {isa = PBXFileReference; lastKnownFileType = sourcecode.c.h; path = AppDelegate.h; sourceTree = "<group>"; };
		1D3DE769161E8FD000805174 /* AppDelegate.m */ = {isa = PBXFileReference; lastKnownFileType = sourcecode.c.objc; path = AppDelegate.m; sourceTree = "<group>"; };
		1D3DE76C161E8FD000805174 /* en */ = {isa = PBXFileReference; lastKnownFileType = file.xib; name = en; path = en.lproj/MainMenu.xib; sourceTree = "<group>"; };
		1D3DE76F161E8FD000805174 /* Unbound5.xcdatamodel */ = {isa = PBXFileReference; lastKnownFileType = wrapper.xcdatamodel; path = Unbound5.xcdatamodel; sourceTree = "<group>"; };
		1D3DE77B161E944E00805174 /* MainWindowController.h */ = {isa = PBXFileReference; fileEncoding = 4; lastKnownFileType = sourcecode.c.h; path = MainWindowController.h; sourceTree = "<group>"; };
		1D3DE77C161E944E00805174 /* MainWindowController.m */ = {isa = PBXFileReference; fileEncoding = 4; lastKnownFileType = sourcecode.c.objc; path = MainWindowController.m; sourceTree = "<group>"; };
		1D3DE77E161E9BB900805174 /* Unbound5.entitlements */ = {isa = PBXFileReference; lastKnownFileType = text.xml; path = Unbound5.entitlements; sourceTree = "<group>"; };
		1D3DE77F161EA26200805174 /* SearchQuery.h */ = {isa = PBXFileReference; fileEncoding = 4; lastKnownFileType = sourcecode.c.h; path = SearchQuery.h; sourceTree = "<group>"; };
		1D3DE780161EA26200805174 /* SearchQuery.m */ = {isa = PBXFileReference; fileEncoding = 4; lastKnownFileType = sourcecode.c.objc; path = SearchQuery.m; sourceTree = "<group>"; };
		1D3DE782161EA34700805174 /* SearchItem.h */ = {isa = PBXFileReference; fileEncoding = 4; lastKnownFileType = sourcecode.c.h; path = SearchItem.h; sourceTree = "<group>"; };
		1D3DE783161EA34700805174 /* SearchItem.m */ = {isa = PBXFileReference; fileEncoding = 4; lastKnownFileType = sourcecode.c.objc; path = SearchItem.m; sourceTree = "<group>"; };
		1D3DE78C161EA79E00805174 /* Quartz.framework */ = {isa = PBXFileReference; lastKnownFileType = wrapper.framework; name = Quartz.framework; path = System/Library/Frameworks/Quartz.framework; sourceTree = SDKROOT; };
		1D3DE7A9161F697E00805174 /* Preferences.h */ = {isa = PBXFileReference; fileEncoding = 4; lastKnownFileType = sourcecode.c.h; path = Preferences.h; sourceTree = "<group>"; };
		1D3DE7AA161F697E00805174 /* Preferences.m */ = {isa = PBXFileReference; fileEncoding = 4; lastKnownFileType = sourcecode.c.objc; path = Preferences.m; sourceTree = "<group>"; };
		1D3DE7AB161F697F00805174 /* PreferencesWindowController.h */ = {isa = PBXFileReference; fileEncoding = 4; lastKnownFileType = sourcecode.c.h; path = PreferencesWindowController.h; sourceTree = "<group>"; };
		1D3DE7AC161F697F00805174 /* PreferencesWindowController.m */ = {isa = PBXFileReference; fileEncoding = 4; lastKnownFileType = sourcecode.c.objc; path = PreferencesWindowController.m; sourceTree = "<group>"; };
		1D3DE7B6161F89E800805174 /* PageViewController.h */ = {isa = PBXFileReference; fileEncoding = 4; lastKnownFileType = sourcecode.c.h; path = PageViewController.h; sourceTree = "<group>"; };
		1D3DE7B7161F89E800805174 /* PageViewController.m */ = {isa = PBXFileReference; fileEncoding = 4; lastKnownFileType = sourcecode.c.objc; path = PageViewController.m; sourceTree = "<group>"; };
		1D3DE7B8161F89E800805174 /* PageViewController.xib */ = {isa = PBXFileReference; fileEncoding = 4; lastKnownFileType = file.xib; path = PageViewController.xib; sourceTree = "<group>"; };
		1D3DE7C7161F8EB000805174 /* imageview.xib */ = {isa = PBXFileReference; fileEncoding = 4; lastKnownFileType = file.xib; path = imageview.xib; sourceTree = "<group>"; };
		1D3DE7C9161F8EDF00805174 /* AutoSizingImageView.h */ = {isa = PBXFileReference; fileEncoding = 4; lastKnownFileType = sourcecode.c.h; path = AutoSizingImageView.h; sourceTree = "<group>"; };
		1D3DE7CA161F8EE000805174 /* AutoSizingImageView.m */ = {isa = PBXFileReference; fileEncoding = 4; lastKnownFileType = sourcecode.c.objc; path = AutoSizingImageView.m; sourceTree = "<group>"; };
		1D3DE7D1161F951100805174 /* image1.jpg */ = {isa = PBXFileReference; lastKnownFileType = image.jpeg; path = image1.jpg; sourceTree = "<group>"; };
		1D3DE7D2161F951100805174 /* image10.jpg */ = {isa = PBXFileReference; lastKnownFileType = image.jpeg; path = image10.jpg; sourceTree = "<group>"; };
		1D3DE7D3161F951100805174 /* image11.jpg */ = {isa = PBXFileReference; lastKnownFileType = image.jpeg; path = image11.jpg; sourceTree = "<group>"; };
		1D3DE7D4161F951100805174 /* image12.jpg */ = {isa = PBXFileReference; lastKnownFileType = image.jpeg; path = image12.jpg; sourceTree = "<group>"; };
		1D3DE7D5161F951100805174 /* image2.jpg */ = {isa = PBXFileReference; lastKnownFileType = image.jpeg; path = image2.jpg; sourceTree = "<group>"; };
		1D3DE7D6161F951100805174 /* image3.jpg */ = {isa = PBXFileReference; lastKnownFileType = image.jpeg; path = image3.jpg; sourceTree = "<group>"; };
		1D3DE7D7161F951100805174 /* image4.jpg */ = {isa = PBXFileReference; lastKnownFileType = image.jpeg; path = image4.jpg; sourceTree = "<group>"; };
		1D3DE7D8161F951100805174 /* image5.jpg */ = {isa = PBXFileReference; lastKnownFileType = image.jpeg; path = image5.jpg; sourceTree = "<group>"; };
		1D3DE7D9161F951100805174 /* image6.jpg */ = {isa = PBXFileReference; lastKnownFileType = image.jpeg; path = image6.jpg; sourceTree = "<group>"; };
		1D3DE7DA161F951100805174 /* image7.jpg */ = {isa = PBXFileReference; lastKnownFileType = image.jpeg; path = image7.jpg; sourceTree = "<group>"; };
		1D3DE7DB161F951100805174 /* image8.jpg */ = {isa = PBXFileReference; lastKnownFileType = image.jpeg; path = image8.jpg; sourceTree = "<group>"; };
		1D3DE7DC161F951100805174 /* image9.jpg */ = {isa = PBXFileReference; lastKnownFileType = image.jpeg; path = image9.jpg; sourceTree = "<group>"; };
		1D3DE7F0161FE6E500805174 /* IKImageViewController.h */ = {isa = PBXFileReference; fileEncoding = 4; lastKnownFileType = sourcecode.c.h; path = IKImageViewController.h; sourceTree = "<group>"; };
		1D3DE7F1161FE6E500805174 /* IKImageViewController.m */ = {isa = PBXFileReference; fileEncoding = 4; lastKnownFileType = sourcecode.c.objc; path = IKImageViewController.m; sourceTree = "<group>"; };
		1D3DE7F2161FE6E500805174 /* IKImageViewController.xib */ = {isa = PBXFileReference; fileEncoding = 4; lastKnownFileType = file.xib; path = IKImageViewController.xib; sourceTree = "<group>"; };
		1D3DE7F6161FEF6200805174 /* earring.jpg */ = {isa = PBXFileReference; lastKnownFileType = image.jpeg; path = earring.jpg; sourceTree = "<group>"; };
		1D3DE7FB16201D7A00805174 /* ScrollViewWorkaround.m */ = {isa = PBXFileReference; fileEncoding = 4; lastKnownFileType = sourcecode.c.objc; path = ScrollViewWorkaround.m; sourceTree = "<group>"; };
		1D3DE7FC16201D7A00805174 /* ScrollViewWorkaround.h */ = {isa = PBXFileReference; fileEncoding = 4; lastKnownFileType = sourcecode.c.h; path = ScrollViewWorkaround.h; sourceTree = "<group>"; };
		1D4B948D1624F95C00C7BE3F /* QTKit.framework */ = {isa = PBXFileReference; lastKnownFileType = wrapper.framework; name = QTKit.framework; path = System/Library/Frameworks/QTKit.framework; sourceTree = SDKROOT; };
		1D4B948F1624FC2700C7BE3F /* videoview.xib */ = {isa = PBXFileReference; fileEncoding = 4; lastKnownFileType = file.xib; path = videoview.xib; sourceTree = "<group>"; };
		1D4B9491162501ED00C7BE3F /* AutoSizingVideoView.h */ = {isa = PBXFileReference; fileEncoding = 4; lastKnownFileType = sourcecode.c.h; path = AutoSizingVideoView.h; sourceTree = "<group>"; };
		1D4B9492162501ED00C7BE3F /* AutoSizingVideoView.m */ = {isa = PBXFileReference; fileEncoding = 4; lastKnownFileType = sourcecode.c.objc; path = AutoSizingVideoView.m; sourceTree = "<group>"; };
		1D77E612162E077000DB3553 /* Photo.h */ = {isa = PBXFileReference; fileEncoding = 4; lastKnownFileType = sourcecode.c.h; path = Photo.h; sourceTree = "<group>"; };
		1D77E613162E077000DB3553 /* Photo.m */ = {isa = PBXFileReference; fileEncoding = 4; lastKnownFileType = sourcecode.c.objc; path = Photo.m; sourceTree = "<group>"; };
		1D77E615162E150700DB3553 /* SpotlightFetchController.h */ = {isa = PBXFileReference; fileEncoding = 4; lastKnownFileType = sourcecode.c.h; path = SpotlightFetchController.h; sourceTree = "<group>"; };
		1D77E616162E150700DB3553 /* SpotlightFetchController.m */ = {isa = PBXFileReference; fileEncoding = 4; lastKnownFileType = sourcecode.c.objc; path = SpotlightFetchController.m; sourceTree = "<group>"; };
		1D77E657162F52D800DB3553 /* ArchDirectoryObserver.framework */ = {isa = PBXFileReference; lastKnownFileType = wrapper.framework; path = ArchDirectoryObserver.framework; sourceTree = "<group>"; };
		1D77E65C162F541900DB3553 /* FileSystemEventController.h */ = {isa = PBXFileReference; fileEncoding = 4; lastKnownFileType = sourcecode.c.h; path = FileSystemEventController.h; sourceTree = "<group>"; };
		1D77E65D162F541A00DB3553 /* FileSystemEventController.m */ = {isa = PBXFileReference; fileEncoding = 4; lastKnownFileType = sourcecode.c.objc; path = FileSystemEventController.m; sourceTree = "<group>"; };
		1D9EE78416276600008E7977 /* Preferences.xib */ = {isa = PBXFileReference; fileEncoding = 4; lastKnownFileType = file.xib; path = Preferences.xib; sourceTree = "<group>"; };
		1D9EE7871627719E008E7977 /* Utils.h */ = {isa = PBXFileReference; fileEncoding = 4; lastKnownFileType = sourcecode.c.h; path = Utils.h; sourceTree = "<group>"; };
		1D9EE7881627719E008E7977 /* Utils.m */ = {isa = PBXFileReference; fileEncoding = 4; lastKnownFileType = sourcecode.c.objc; path = Utils.m; sourceTree = "<group>"; };
		1DE22E2216263F4A00D5B106 /* Album.h */ = {isa = PBXFileReference; fileEncoding = 4; lastKnownFileType = sourcecode.c.h; path = Album.h; sourceTree = "<group>"; };
		1DE22E2316263F4A00D5B106 /* Album.m */ = {isa = PBXFileReference; fileEncoding = 4; lastKnownFileType = sourcecode.c.objc; path = Album.m; sourceTree = "<group>"; };
		1DEF1EE01624EA1D00F09E4E /* QuickTime.framework */ = {isa = PBXFileReference; lastKnownFileType = wrapper.framework; name = QuickTime.framework; path = System/Library/Frameworks/QuickTime.framework; sourceTree = SDKROOT; };
		1DFAC70E162A4C4B00FCF155 /* ImageBrowserDelegate.h */ = {isa = PBXFileReference; fileEncoding = 4; lastKnownFileType = sourcecode.c.h; path = ImageBrowserDelegate.h; sourceTree = "<group>"; };
		1DFAC70F162A4C4B00FCF155 /* ImageBrowserDelegate.m */ = {isa = PBXFileReference; fileEncoding = 4; lastKnownFileType = sourcecode.c.objc; path = ImageBrowserDelegate.m; sourceTree = "<group>"; };
		1DFAC714162A596000FCF155 /* SimpleProfiler.h */ = {isa = PBXFileReference; fileEncoding = 4; lastKnownFileType = sourcecode.c.h; path = SimpleProfiler.h; sourceTree = "<group>"; };
		1DFAC715162A596000FCF155 /* SimpleProfiler.m */ = {isa = PBXFileReference; fileEncoding = 4; lastKnownFileType = sourcecode.c.objc; path = SimpleProfiler.m; sourceTree = "<group>"; };
/* End PBXFileReference section */

/* Begin PBXFrameworksBuildPhase section */
		1D3DE74F161E8FCF00805174 /* Frameworks */ = {
			isa = PBXFrameworksBuildPhase;
			buildActionMask = 2147483647;
			files = (
				1D4B948E1624F95C00C7BE3F /* QTKit.framework in Frameworks */,
				1D3DE78D161EA79E00805174 /* Quartz.framework in Frameworks */,
				1D3DE757161E8FCF00805174 /* Cocoa.framework in Frameworks */,
				1D77E658162F52D800DB3553 /* ArchDirectoryObserver.framework in Frameworks */,
			);
			runOnlyForDeploymentPostprocessing = 0;
		};
/* End PBXFrameworksBuildPhase section */

/* Begin PBXGroup section */
		1D13ADC7162CD37D00116A44 /* SCEvents */ = {
			isa = PBXGroup;
			children = (
				1D13ADBE162CD37700116A44 /* SCConstants.h */,
				1D13ADBF162CD37700116A44 /* SCEvent.h */,
				1D13ADC0162CD37700116A44 /* SCEvent.m */,
				1D13ADC1162CD37700116A44 /* SCEventListenerProtocol.h */,
				1D13ADC2162CD37700116A44 /* SCEvents.h */,
				1D13ADC3162CD37700116A44 /* SCEvents.m */,
			);
			name = SCEvents;
			sourceTree = "<group>";
		};
		1D3DE747161E8FCF00805174 = {
			isa = PBXGroup;
			children = (
				1D3DE75C161E8FCF00805174 /* Unbound5 */,
				1D3DE755161E8FCF00805174 /* Frameworks */,
				1D3DE753161E8FCF00805174 /* Products */,
			);
			sourceTree = "<group>";
		};
		1D3DE753161E8FCF00805174 /* Products */ = {
			isa = PBXGroup;
			children = (
				1D3DE752161E8FCF00805174 /* Unbound5.app */,
			);
			name = Products;
			sourceTree = "<group>";
		};
		1D3DE755161E8FCF00805174 /* Frameworks */ = {
			isa = PBXGroup;
			children = (
				1D77E659162F531A00DB3553 /* 3rdParty */,
				1D4B948D1624F95C00C7BE3F /* QTKit.framework */,
				1DEF1EE01624EA1D00F09E4E /* QuickTime.framework */,
				1D3DE78C161EA79E00805174 /* Quartz.framework */,
				1D3DE756161E8FCF00805174 /* Cocoa.framework */,
				1D3DE758161E8FCF00805174 /* Other Frameworks */,
			);
			name = Frameworks;
			sourceTree = "<group>";
		};
		1D3DE758161E8FCF00805174 /* Other Frameworks */ = {
			isa = PBXGroup;
			children = (
				1D3DE759161E8FCF00805174 /* AppKit.framework */,
				1D3DE75A161E8FCF00805174 /* CoreData.framework */,
				1D3DE75B161E8FCF00805174 /* Foundation.framework */,
			);
			name = "Other Frameworks";
			sourceTree = "<group>";
		};
		1D3DE75C161E8FCF00805174 /* Unbound5 */ = {
			isa = PBXGroup;
			children = (
				1D3DE7B0161F69B400805174 /* Sources */,
				1D3DE7F5161FEF4D00805174 /* Resources */,
				1D3DE75D161E8FCF00805174 /* Supporting Files */,
				1D3DE76B161E8FD000805174 /* MainMenu.xib */,
				1D9EE78416276600008E7977 /* Preferences.xib */,
				1D3DE77E161E9BB900805174 /* Unbound5.entitlements */,
				1D3DE76E161E8FD000805174 /* Unbound5.xcdatamodeld */,
			);
			path = Unbound5;
			sourceTree = "<group>";
		};
		1D3DE75D161E8FCF00805174 /* Supporting Files */ = {
			isa = PBXGroup;
			children = (
				1D3DE75E161E8FCF00805174 /* Unbound5-Info.plist */,
				1D3DE75F161E8FCF00805174 /* InfoPlist.strings */,
				1D3DE762161E8FCF00805174 /* main.m */,
				1D3DE764161E8FD000805174 /* Unbound5-Prefix.pch */,
				1D3DE765161E8FD000805174 /* Credits.rtf */,
			);
			name = "Supporting Files";
			sourceTree = "<group>";
		};
		1D3DE7AF161F698B00805174 /* Preferences */ = {
			isa = PBXGroup;
			children = (
				1D9EE7871627719E008E7977 /* Utils.h */,
				1D9EE7881627719E008E7977 /* Utils.m */,
				1D3DE7A9161F697E00805174 /* Preferences.h */,
				1D3DE7AA161F697E00805174 /* Preferences.m */,
				1D3DE7AB161F697F00805174 /* PreferencesWindowController.h */,
				1D3DE7AC161F697F00805174 /* PreferencesWindowController.m */,
			);
			name = Preferences;
			sourceTree = "<group>";
		};
		1D3DE7B0161F69B400805174 /* Sources */ = {
			isa = PBXGroup;
			children = (
				1D13ADC7162CD37D00116A44 /* SCEvents */,
				1D3DE768161E8FD000805174 /* AppDelegate.h */,
				1D3DE769161E8FD000805174 /* AppDelegate.m */,
				1D3DE77B161E944E00805174 /* MainWindowController.h */,
				1D3DE77C161E944E00805174 /* MainWindowController.m */,
				1DFAC717162A596800FCF155 /* Utils */,
				1DFAC713162A4C5400FCF155 /* ImageBrowser */,
				1D3DE7C6161F8E4200805174 /* PageView */,
				1D3DE7B1161F724400805174 /* Model */,
				1D3DE7AF161F698B00805174 /* Preferences */,
				1D3DE7C5161F8E0E00805174 /* ImageView */,
				1D77E65C162F541900DB3553 /* FileSystemEventController.h */,
				1D77E65D162F541A00DB3553 /* FileSystemEventController.m */,
			);
			name = Sources;
			sourceTree = "<group>";
		};
		1D3DE7B1161F724400805174 /* Model */ = {
			isa = PBXGroup;
			children = (
				1D3DE77F161EA26200805174 /* SearchQuery.h */,
				1D3DE780161EA26200805174 /* SearchQuery.m */,
				1D3DE782161EA34700805174 /* SearchItem.h */,
				1D3DE783161EA34700805174 /* SearchItem.m */,
				1DE22E2216263F4A00D5B106 /* Album.h */,
				1DE22E2316263F4A00D5B106 /* Album.m */,
				1D77E612162E077000DB3553 /* Photo.h */,
				1D77E613162E077000DB3553 /* Photo.m */,
				1D77E615162E150700DB3553 /* SpotlightFetchController.h */,
				1D77E616162E150700DB3553 /* SpotlightFetchController.m */,
			);
			name = Model;
			sourceTree = "<group>";
		};
		1D3DE7C5161F8E0E00805174 /* ImageView */ = {
			isa = PBXGroup;
			children = (
				1D3DE7FB16201D7A00805174 /* ScrollViewWorkaround.m */,
				1D3DE7FC16201D7A00805174 /* ScrollViewWorkaround.h */,
				1D3DE7F0161FE6E500805174 /* IKImageViewController.h */,
				1D3DE7F1161FE6E500805174 /* IKImageViewController.m */,
				1D3DE7F2161FE6E500805174 /* IKImageViewController.xib */,
				1D1FB36A1620F763002CD358 /* AutoSizingIKImageView.h */,
				1D1FB36B1620F763002CD358 /* AutoSizingIKImageView.m */,
			);
			name = ImageView;
			sourceTree = "<group>";
		};
		1D3DE7C6161F8E4200805174 /* PageView */ = {
			isa = PBXGroup;
			children = (
				1D3DE7C9161F8EDF00805174 /* AutoSizingImageView.h */,
				1D3DE7CA161F8EE000805174 /* AutoSizingImageView.m */,
				1D3DE7C7161F8EB000805174 /* imageview.xib */,
				1D3DE7B6161F89E800805174 /* PageViewController.h */,
				1D3DE7B7161F89E800805174 /* PageViewController.m */,
				1D3DE7B8161F89E800805174 /* PageViewController.xib */,
				1D1FB39B162117CD002CD358 /* ImageViewController.h */,
				1D1FB39C162117CD002CD358 /* ImageViewController.m */,
				1D1FB39D162117CD002CD358 /* ImageViewController.xib */,
				1D4B948F1624FC2700C7BE3F /* videoview.xib */,
				1D4B9491162501ED00C7BE3F /* AutoSizingVideoView.h */,
				1D4B9492162501ED00C7BE3F /* AutoSizingVideoView.m */,
			);
			name = PageView;
			sourceTree = "<group>";
		};
		1D3DE7D0161F951100805174 /* images */ = {
			isa = PBXGroup;
			children = (
				1D3DE7D1161F951100805174 /* image1.jpg */,
				1D3DE7D2161F951100805174 /* image10.jpg */,
				1D3DE7D3161F951100805174 /* image11.jpg */,
				1D3DE7D4161F951100805174 /* image12.jpg */,
				1D3DE7D5161F951100805174 /* image2.jpg */,
				1D3DE7D6161F951100805174 /* image3.jpg */,
				1D3DE7D7161F951100805174 /* image4.jpg */,
				1D3DE7D8161F951100805174 /* image5.jpg */,
				1D3DE7D9161F951100805174 /* image6.jpg */,
				1D3DE7DA161F951100805174 /* image7.jpg */,
				1D3DE7DB161F951100805174 /* image8.jpg */,
				1D3DE7DC161F951100805174 /* image9.jpg */,
			);
			path = images;
			sourceTree = "<group>";
		};
		1D3DE7F5161FEF4D00805174 /* Resources */ = {
			isa = PBXGroup;
			children = (
				1D3DE7F6161FEF6200805174 /* earring.jpg */,
				1D3DE7D0161F951100805174 /* images */,
			);
			name = Resources;
			sourceTree = "<group>";
		};
		1D77E659162F531A00DB3553 /* 3rdParty */ = {
			isa = PBXGroup;
			children = (
				1D77E657162F52D800DB3553 /* ArchDirectoryObserver.framework */,
			);
			name = 3rdParty;
			sourceTree = "<group>";
		};
		1DFAC713162A4C5400FCF155 /* ImageBrowser */ = {
			isa = PBXGroup;
			children = (
				1D1FB3EC162371F0002CD358 /* ImageBrowserView.h */,
				1D1FB3ED162371F0002CD358 /* ImageBrowserView.m */,
				1D1FB3E916237174002CD358 /* ImageBrowserCell.h */,
				1D1FB3EA16237174002CD358 /* ImageBrowserCell.m */,
				1DFAC70E162A4C4B00FCF155 /* ImageBrowserDelegate.h */,
				1DFAC70F162A4C4B00FCF155 /* ImageBrowserDelegate.m */,
			);
			name = ImageBrowser;
			sourceTree = "<group>";
		};
		1DFAC717162A596800FCF155 /* Utils */ = {
			isa = PBXGroup;
			children = (
				1DFAC714162A596000FCF155 /* SimpleProfiler.h */,
				1DFAC715162A596000FCF155 /* SimpleProfiler.m */,
			);
			name = Utils;
			sourceTree = "<group>";
		};
/* End PBXGroup section */

/* Begin PBXNativeTarget section */
		1D3DE751161E8FCF00805174 /* Unbound5 */ = {
			isa = PBXNativeTarget;
			buildConfigurationList = 1D3DE773161E8FD000805174 /* Build configuration list for PBXNativeTarget "Unbound5" */;
			buildPhases = (
				1D3DE74E161E8FCF00805174 /* Sources */,
				1D3DE74F161E8FCF00805174 /* Frameworks */,
				1D3DE750161E8FCF00805174 /* Resources */,
				1D77E65A162F533500DB3553 /* CopyFiles */,
			);
			buildRules = (
			);
			dependencies = (
			);
			name = Unbound5;
			productName = Unbound5;
			productReference = 1D3DE752161E8FCF00805174 /* Unbound5.app */;
			productType = "com.apple.product-type.application";
		};
/* End PBXNativeTarget section */

/* Begin PBXProject section */
		1D3DE749161E8FCF00805174 /* Project object */ = {
			isa = PBXProject;
			attributes = {
				LastUpgradeCheck = 0450;
				ORGANIZATIONNAME = "Pixite Apps LLC";
			};
			buildConfigurationList = 1D3DE74C161E8FCF00805174 /* Build configuration list for PBXProject "Unbound5" */;
			compatibilityVersion = "Xcode 3.2";
			developmentRegion = English;
			hasScannedForEncodings = 0;
			knownRegions = (
				en,
			);
			mainGroup = 1D3DE747161E8FCF00805174;
			productRefGroup = 1D3DE753161E8FCF00805174 /* Products */;
			projectDirPath = "";
			projectRoot = "";
			targets = (
				1D3DE751161E8FCF00805174 /* Unbound5 */,
			);
		};
/* End PBXProject section */

/* Begin PBXResourcesBuildPhase section */
		1D3DE750161E8FCF00805174 /* Resources */ = {
			isa = PBXResourcesBuildPhase;
			buildActionMask = 2147483647;
			files = (
				1D3DE761161E8FCF00805174 /* InfoPlist.strings in Resources */,
				1D3DE767161E8FD000805174 /* Credits.rtf in Resources */,
				1D3DE76D161E8FD000805174 /* MainMenu.xib in Resources */,
				1D3DE7BA161F89E800805174 /* PageViewController.xib in Resources */,
				1D3DE7C8161F8EB000805174 /* imageview.xib in Resources */,
				1D3DE7DD161F951100805174 /* image1.jpg in Resources */,
				1D3DE7DE161F951100805174 /* image10.jpg in Resources */,
				1D3DE7DF161F951100805174 /* image11.jpg in Resources */,
				1D3DE7E0161F951100805174 /* image12.jpg in Resources */,
				1D3DE7E1161F951100805174 /* image2.jpg in Resources */,
				1D3DE7E2161F951100805174 /* image3.jpg in Resources */,
				1D3DE7E3161F951100805174 /* image4.jpg in Resources */,
				1D3DE7E4161F951100805174 /* image5.jpg in Resources */,
				1D3DE7E5161F951100805174 /* image6.jpg in Resources */,
				1D3DE7E6161F951100805174 /* image7.jpg in Resources */,
				1D3DE7E7161F951100805174 /* image8.jpg in Resources */,
				1D3DE7E8161F951100805174 /* image9.jpg in Resources */,
				1D3DE7F4161FE6E500805174 /* IKImageViewController.xib in Resources */,
				1D3DE7F7161FEF6200805174 /* earring.jpg in Resources */,
				1D1FB39F162117CD002CD358 /* ImageViewController.xib in Resources */,
				1D4B94901624FC2700C7BE3F /* videoview.xib in Resources */,
				1D9EE78516276600008E7977 /* Preferences.xib in Resources */,
			);
			runOnlyForDeploymentPostprocessing = 0;
		};
/* End PBXResourcesBuildPhase section */

/* Begin PBXSourcesBuildPhase section */
		1D3DE74E161E8FCF00805174 /* Sources */ = {
			isa = PBXSourcesBuildPhase;
			buildActionMask = 2147483647;
			files = (
				1D3DE763161E8FCF00805174 /* main.m in Sources */,
				1D3DE76A161E8FD000805174 /* AppDelegate.m in Sources */,
				1D3DE770161E8FD000805174 /* Unbound5.xcdatamodeld in Sources */,
				1D3DE77D161E944E00805174 /* MainWindowController.m in Sources */,
				1D3DE781161EA26200805174 /* SearchQuery.m in Sources */,
				1D3DE784161EA34700805174 /* SearchItem.m in Sources */,
				1D3DE7AD161F698000805174 /* Preferences.m in Sources */,
				1D3DE7AE161F698000805174 /* PreferencesWindowController.m in Sources */,
				1D3DE7B9161F89E800805174 /* PageViewController.m in Sources */,
				1D3DE7CB161F8EE000805174 /* AutoSizingImageView.m in Sources */,
				1D3DE7F3161FE6E500805174 /* IKImageViewController.m in Sources */,
				1D3DE7FD16201D7A00805174 /* ScrollViewWorkaround.m in Sources */,
				1D1FB36C1620F763002CD358 /* AutoSizingIKImageView.m in Sources */,
				1D1FB39E162117CD002CD358 /* ImageViewController.m in Sources */,
				1D1FB3EB16237174002CD358 /* ImageBrowserCell.m in Sources */,
				1D1FB3EE162371F0002CD358 /* ImageBrowserView.m in Sources */,
				1D4B9493162501ED00C7BE3F /* AutoSizingVideoView.m in Sources */,
				1DE22E2416263F4A00D5B106 /* Album.m in Sources */,
				1D9EE7891627719E008E7977 /* Utils.m in Sources */,
				1DFAC716162A596000FCF155 /* SimpleProfiler.m in Sources */,
				1D13ADC4162CD37700116A44 /* SCEvent.m in Sources */,
				1D13ADC5162CD37700116A44 /* SCEvents.m in Sources */,
				1D77E614162E077000DB3553 /* Photo.m in Sources */,
				1D77E617162E150700DB3553 /* SpotlightFetchController.m in Sources */,
				1D77E65E162F541B00DB3553 /* FileSystemEventController.m in Sources */,
			);
			runOnlyForDeploymentPostprocessing = 0;
		};
/* End PBXSourcesBuildPhase section */

/* Begin PBXVariantGroup section */
		1D3DE75F161E8FCF00805174 /* InfoPlist.strings */ = {
			isa = PBXVariantGroup;
			children = (
				1D3DE760161E8FCF00805174 /* en */,
			);
			name = InfoPlist.strings;
			sourceTree = "<group>";
		};
		1D3DE765161E8FD000805174 /* Credits.rtf */ = {
			isa = PBXVariantGroup;
			children = (
				1D3DE766161E8FD000805174 /* en */,
			);
			name = Credits.rtf;
			sourceTree = "<group>";
		};
		1D3DE76B161E8FD000805174 /* MainMenu.xib */ = {
			isa = PBXVariantGroup;
			children = (
				1D3DE76C161E8FD000805174 /* en */,
			);
			name = MainMenu.xib;
			sourceTree = "<group>";
		};
/* End PBXVariantGroup section */

/* Begin XCBuildConfiguration section */
		1D3DE771161E8FD000805174 /* Debug */ = {
			isa = XCBuildConfiguration;
			buildSettings = {
				ALWAYS_SEARCH_USER_PATHS = NO;
				ARCHS = "$(ARCHS_STANDARD_64_BIT)";
				CLANG_CXX_LANGUAGE_STANDARD = "gnu++0x";
				CLANG_CXX_LIBRARY = "libc++";
				CLANG_ENABLE_OBJC_ARC = YES;
				CLANG_WARN_EMPTY_BODY = YES;
				CLANG_WARN__DUPLICATE_METHOD_MATCH = YES;
				COPY_PHASE_STRIP = NO;
				GCC_C_LANGUAGE_STANDARD = gnu99;
				GCC_DYNAMIC_NO_PIC = NO;
				GCC_ENABLE_OBJC_EXCEPTIONS = YES;
				GCC_OPTIMIZATION_LEVEL = 0;
				GCC_PREPROCESSOR_DEFINITIONS = (
					"DEBUG=1",
					"$(inherited)",
				);
				GCC_SYMBOLS_PRIVATE_EXTERN = NO;
				GCC_WARN_64_TO_32_BIT_CONVERSION = YES;
				GCC_WARN_ABOUT_RETURN_TYPE = YES;
				GCC_WARN_UNINITIALIZED_AUTOS = YES;
				GCC_WARN_UNUSED_VARIABLE = YES;
				MACOSX_DEPLOYMENT_TARGET = 10.8;
				ONLY_ACTIVE_ARCH = YES;
				SDKROOT = macosx;
			};
			name = Debug;
		};
		1D3DE772161E8FD000805174 /* Release */ = {
			isa = XCBuildConfiguration;
			buildSettings = {
				ALWAYS_SEARCH_USER_PATHS = NO;
				ARCHS = "$(ARCHS_STANDARD_64_BIT)";
				CLANG_CXX_LANGUAGE_STANDARD = "gnu++0x";
				CLANG_CXX_LIBRARY = "libc++";
				CLANG_ENABLE_OBJC_ARC = YES;
				CLANG_WARN_EMPTY_BODY = YES;
				CLANG_WARN__DUPLICATE_METHOD_MATCH = YES;
				COPY_PHASE_STRIP = YES;
				DEBUG_INFORMATION_FORMAT = "dwarf-with-dsym";
				GCC_C_LANGUAGE_STANDARD = gnu99;
				GCC_ENABLE_OBJC_EXCEPTIONS = YES;
				GCC_PREPROCESSOR_DEFINITIONS = "NS_BLOCK_ASSERTIONS=1";
				GCC_WARN_64_TO_32_BIT_CONVERSION = YES;
				GCC_WARN_ABOUT_RETURN_TYPE = YES;
				GCC_WARN_UNINITIALIZED_AUTOS = YES;
				GCC_WARN_UNUSED_VARIABLE = YES;
				MACOSX_DEPLOYMENT_TARGET = 10.8;
				SDKROOT = macosx;
			};
			name = Release;
		};
		1D3DE774161E8FD000805174 /* Debug */ = {
			isa = XCBuildConfiguration;
			buildSettings = {
				CODE_SIGN_ENTITLEMENTS = Unbound5/Unbound5.entitlements;
				CODE_SIGN_IDENTITY = "Mac Developer";
				COMBINE_HIDPI_IMAGES = YES;
				FRAMEWORK_SEARCH_PATHS = (
					"$(inherited)",
					"\"$(SRCROOT)\"",
				);
				GCC_PRECOMPILE_PREFIX_HEADER = YES;
				GCC_PREFIX_HEADER = "Unbound5/Unbound5-Prefix.pch";
				GCC_PREPROCESSOR_DEFINITIONS = (
					"DEBUG=1",
					"$(inherited)",
					"PROFILING=1",
				);
				INFOPLIST_FILE = "Unbound5/Unbound5-Info.plist";
				PRODUCT_NAME = "$(TARGET_NAME)";
				WRAPPER_EXTENSION = app;
			};
			name = Debug;
		};
		1D3DE775161E8FD000805174 /* Release */ = {
			isa = XCBuildConfiguration;
			buildSettings = {
				CODE_SIGN_ENTITLEMENTS = Unbound5/Unbound5.entitlements;
				CODE_SIGN_IDENTITY = "Mac Developer";
				COMBINE_HIDPI_IMAGES = YES;
				FRAMEWORK_SEARCH_PATHS = (
					"$(inherited)",
					"\"$(SRCROOT)\"",
				);
				GCC_PRECOMPILE_PREFIX_HEADER = YES;
				GCC_PREFIX_HEADER = "Unbound5/Unbound5-Prefix.pch";
				GCC_PREPROCESSOR_DEFINITIONS = "NS_BLOCK_ASSERTIONS=1";
				INFOPLIST_FILE = "Unbound5/Unbound5-Info.plist";
				PRODUCT_NAME = "$(TARGET_NAME)";
				WRAPPER_EXTENSION = app;
			};
			name = Release;
		};
/* End XCBuildConfiguration section */

/* Begin XCConfigurationList section */
		1D3DE74C161E8FCF00805174 /* Build configuration list for PBXProject "Unbound5" */ = {
			isa = XCConfigurationList;
			buildConfigurations = (
				1D3DE771161E8FD000805174 /* Debug */,
				1D3DE772161E8FD000805174 /* Release */,
			);
			defaultConfigurationIsVisible = 0;
			defaultConfigurationName = Release;
		};
		1D3DE773161E8FD000805174 /* Build configuration list for PBXNativeTarget "Unbound5" */ = {
			isa = XCConfigurationList;
			buildConfigurations = (
				1D3DE774161E8FD000805174 /* Debug */,
				1D3DE775161E8FD000805174 /* Release */,
			);
			defaultConfigurationIsVisible = 0;
			defaultConfigurationName = Release;
		};
/* End XCConfigurationList section */

/* Begin XCVersionGroup section */
		1D3DE76E161E8FD000805174 /* Unbound5.xcdatamodeld */ = {
			isa = XCVersionGroup;
			children = (
				1D3DE76F161E8FD000805174 /* Unbound5.xcdatamodel */,
			);
			currentVersion = 1D3DE76F161E8FD000805174 /* Unbound5.xcdatamodel */;
			path = Unbound5.xcdatamodeld;
			sourceTree = "<group>";
			versionGroupType = wrapper.xcdatamodel;
		};
/* End XCVersionGroup section */
	};
	rootObject = 1D3DE749161E8FCF00805174 /* Project object */;
}
